// !$*UTF8*$!
{
	archiveVersion = 1;
	classes = {
	};
	objectVersion = 50;
	objects = {

/* Begin PBXBuildFile section */
		B7194EFA24BF20E7000916ED /* AppDelegate.swift in Sources */ = {isa = PBXBuildFile; fileRef = B7194EF924BF20E7000916ED /* AppDelegate.swift */; };
		B7194EFC24BF20E7000916ED /* SceneDelegate.swift in Sources */ = {isa = PBXBuildFile; fileRef = B7194EFB24BF20E7000916ED /* SceneDelegate.swift */; };
		B7194EFE24BF20E7000916ED /* ContentView.swift in Sources */ = {isa = PBXBuildFile; fileRef = B7194EFD24BF20E7000916ED /* ContentView.swift */; };
		B7194F0024BF20E9000916ED /* Assets.xcassets in Resources */ = {isa = PBXBuildFile; fileRef = B7194EFF24BF20E9000916ED /* Assets.xcassets */; };
		B7194F0324BF20E9000916ED /* Preview Assets.xcassets in Resources */ = {isa = PBXBuildFile; fileRef = B7194F0224BF20E9000916ED /* Preview Assets.xcassets */; };
		B7194F0624BF20E9000916ED /* LaunchScreen.storyboard in Resources */ = {isa = PBXBuildFile; fileRef = B7194F0424BF20E9000916ED /* LaunchScreen.storyboard */; };
		B7194F1124BF20EA000916ED /* PokeMasterTests.swift in Sources */ = {isa = PBXBuildFile; fileRef = B7194F1024BF20EA000916ED /* PokeMasterTests.swift */; };
		B7194F1C24BF20EA000916ED /* PokeMasterUITests.swift in Sources */ = {isa = PBXBuildFile; fileRef = B7194F1B24BF20EA000916ED /* PokeMasterUITests.swift */; };
/* End PBXBuildFile section */

/* Begin PBXContainerItemProxy section */
		B7194F0D24BF20EA000916ED /* PBXContainerItemProxy */ = {
			isa = PBXContainerItemProxy;
			containerPortal = B7194EEE24BF20E7000916ED /* Project object */;
			proxyType = 1;
			remoteGlobalIDString = B7194EF524BF20E7000916ED;
			remoteInfo = PokeMaster;
		};
		B7194F1824BF20EA000916ED /* PBXContainerItemProxy */ = {
			isa = PBXContainerItemProxy;
			containerPortal = B7194EEE24BF20E7000916ED /* Project object */;
			proxyType = 1;
			remoteGlobalIDString = B7194EF524BF20E7000916ED;
			remoteInfo = PokeMaster;
		};
/* End PBXContainerItemProxy section */

/* Begin PBXFileReference section */
		B7194EF624BF20E7000916ED /* PokeMaster.app */ = {isa = PBXFileReference; explicitFileType = wrapper.application; includeInIndex = 0; path = PokeMaster.app; sourceTree = BUILT_PRODUCTS_DIR; };
		B7194EF924BF20E7000916ED /* AppDelegate.swift */ = {isa = PBXFileReference; lastKnownFileType = sourcecode.swift; path = AppDelegate.swift; sourceTree = "<group>"; };
		B7194EFB24BF20E7000916ED /* SceneDelegate.swift */ = {isa = PBXFileReference; lastKnownFileType = sourcecode.swift; path = SceneDelegate.swift; sourceTree = "<group>"; };
		B7194EFD24BF20E7000916ED /* ContentView.swift */ = {isa = PBXFileReference; lastKnownFileType = sourcecode.swift; path = ContentView.swift; sourceTree = "<group>"; };
		B7194EFF24BF20E9000916ED /* Assets.xcassets */ = {isa = PBXFileReference; lastKnownFileType = folder.assetcatalog; path = Assets.xcassets; sourceTree = "<group>"; };
		B7194F0224BF20E9000916ED /* Preview Assets.xcassets */ = {isa = PBXFileReference; lastKnownFileType = folder.assetcatalog; path = "Preview Assets.xcassets"; sourceTree = "<group>"; };
		B7194F0524BF20E9000916ED /* Base */ = {isa = PBXFileReference; lastKnownFileType = file.storyboard; name = Base; path = Base.lproj/LaunchScreen.storyboard; sourceTree = "<group>"; };
		B7194F0724BF20E9000916ED /* Info.plist */ = {isa = PBXFileReference; lastKnownFileType = text.plist.xml; path = Info.plist; sourceTree = "<group>"; };
		B7194F0C24BF20EA000916ED /* PokeMasterTests.xctest */ = {isa = PBXFileReference; explicitFileType = wrapper.cfbundle; includeInIndex = 0; path = PokeMasterTests.xctest; sourceTree = BUILT_PRODUCTS_DIR; };
		B7194F1024BF20EA000916ED /* PokeMasterTests.swift */ = {isa = PBXFileReference; lastKnownFileType = sourcecode.swift; path = PokeMasterTests.swift; sourceTree = "<group>"; };
		B7194F1224BF20EA000916ED /* Info.plist */ = {isa = PBXFileReference; lastKnownFileType = text.plist.xml; path = Info.plist; sourceTree = "<group>"; };
		B7194F1724BF20EA000916ED /* PokeMasterUITests.xctest */ = {isa = PBXFileReference; explicitFileType = wrapper.cfbundle; includeInIndex = 0; path = PokeMasterUITests.xctest; sourceTree = BUILT_PRODUCTS_DIR; };
		B7194F1B24BF20EA000916ED /* PokeMasterUITests.swift */ = {isa = PBXFileReference; lastKnownFileType = sourcecode.swift; path = PokeMasterUITests.swift; sourceTree = "<group>"; };
		B7194F1D24BF20EA000916ED /* Info.plist */ = {isa = PBXFileReference; lastKnownFileType = text.plist.xml; path = Info.plist; sourceTree = "<group>"; };
/* End PBXFileReference section */

/* Begin PBXFrameworksBuildPhase section */
		B7194EF324BF20E7000916ED /* Frameworks */ = {
			isa = PBXFrameworksBuildPhase;
			buildActionMask = 2147483647;
			files = (
			);
			runOnlyForDeploymentPostprocessing = 0;
		};
		B7194F0924BF20EA000916ED /* Frameworks */ = {
			isa = PBXFrameworksBuildPhase;
			buildActionMask = 2147483647;
			files = (
			);
			runOnlyForDeploymentPostprocessing = 0;
		};
		B7194F1424BF20EA000916ED /* Frameworks */ = {
			isa = PBXFrameworksBuildPhase;
			buildActionMask = 2147483647;
			files = (
			);
			runOnlyForDeploymentPostprocessing = 0;
		};
/* End PBXFrameworksBuildPhase section */

/* Begin PBXGroup section */
		B7194EED24BF20E7000916ED = {
			isa = PBXGroup;
			children = (
				B7194EF824BF20E7000916ED /* PokeMaster */,
				B7194F0F24BF20EA000916ED /* PokeMasterTests */,
				B7194F1A24BF20EA000916ED /* PokeMasterUITests */,
				B7194EF724BF20E7000916ED /* Products */,
			);
			sourceTree = "<group>";
		};
		B7194EF724BF20E7000916ED /* Products */ = {
			isa = PBXGroup;
			children = (
				B7194EF624BF20E7000916ED /* PokeMaster.app */,
				B7194F0C24BF20EA000916ED /* PokeMasterTests.xctest */,
				B7194F1724BF20EA000916ED /* PokeMasterUITests.xctest */,
			);
			name = Products;
			sourceTree = "<group>";
		};
		B7194EF824BF20E7000916ED /* PokeMaster */ = {
			isa = PBXGroup;
			children = (
				B7194EF924BF20E7000916ED /* AppDelegate.swift */,
				B7194EFB24BF20E7000916ED /* SceneDelegate.swift */,
				B7194EFD24BF20E7000916ED /* ContentView.swift */,
				B7194EFF24BF20E9000916ED /* Assets.xcassets */,
				B7194F0424BF20E9000916ED /* LaunchScreen.storyboard */,
				B7194F0724BF20E9000916ED /* Info.plist */,
				B7194F0124BF20E9000916ED /* Preview Content */,
			);
			path = PokeMaster;
			sourceTree = "<group>";
		};
		B7194F0124BF20E9000916ED /* Preview Content */ = {
			isa = PBXGroup;
			children = (
				B7194F0224BF20E9000916ED /* Preview Assets.xcassets */,
			);
			path = "Preview Content";
			sourceTree = "<group>";
		};
		B7194F0F24BF20EA000916ED /* PokeMasterTests */ = {
			isa = PBXGroup;
			children = (
				B7194F1024BF20EA000916ED /* PokeMasterTests.swift */,
				B7194F1224BF20EA000916ED /* Info.plist */,
			);
			path = PokeMasterTests;
			sourceTree = "<group>";
		};
		B7194F1A24BF20EA000916ED /* PokeMasterUITests */ = {
			isa = PBXGroup;
			children = (
				B7194F1B24BF20EA000916ED /* PokeMasterUITests.swift */,
				B7194F1D24BF20EA000916ED /* Info.plist */,
			);
			path = PokeMasterUITests;
			sourceTree = "<group>";
		};
/* End PBXGroup section */

/* Begin PBXNativeTarget section */
		B7194EF524BF20E7000916ED /* PokeMaster */ = {
			isa = PBXNativeTarget;
			buildConfigurationList = B7194F2024BF20EA000916ED /* Build configuration list for PBXNativeTarget "PokeMaster" */;
			buildPhases = (
				B7194EF224BF20E7000916ED /* Sources */,
				B7194EF324BF20E7000916ED /* Frameworks */,
				B7194EF424BF20E7000916ED /* Resources */,
			);
			buildRules = (
			);
			dependencies = (
			);
			name = PokeMaster;
			productName = PokeMaster;
			productReference = B7194EF624BF20E7000916ED /* PokeMaster.app */;
			productType = "com.apple.product-type.application";
		};
		B7194F0B24BF20EA000916ED /* PokeMasterTests */ = {
			isa = PBXNativeTarget;
			buildConfigurationList = B7194F2324BF20EA000916ED /* Build configuration list for PBXNativeTarget "PokeMasterTests" */;
			buildPhases = (
				B7194F0824BF20EA000916ED /* Sources */,
				B7194F0924BF20EA000916ED /* Frameworks */,
				B7194F0A24BF20EA000916ED /* Resources */,
			);
			buildRules = (
			);
			dependencies = (
				B7194F0E24BF20EA000916ED /* PBXTargetDependency */,
			);
			name = PokeMasterTests;
			productName = PokeMasterTests;
			productReference = B7194F0C24BF20EA000916ED /* PokeMasterTests.xctest */;
			productType = "com.apple.product-type.bundle.unit-test";
		};
		B7194F1624BF20EA000916ED /* PokeMasterUITests */ = {
			isa = PBXNativeTarget;
			buildConfigurationList = B7194F2624BF20EA000916ED /* Build configuration list for PBXNativeTarget "PokeMasterUITests" */;
			buildPhases = (
				B7194F1324BF20EA000916ED /* Sources */,
				B7194F1424BF20EA000916ED /* Frameworks */,
				B7194F1524BF20EA000916ED /* Resources */,
			);
			buildRules = (
			);
			dependencies = (
				B7194F1924BF20EA000916ED /* PBXTargetDependency */,
			);
			name = PokeMasterUITests;
			productName = PokeMasterUITests;
			productReference = B7194F1724BF20EA000916ED /* PokeMasterUITests.xctest */;
			productType = "com.apple.product-type.bundle.ui-testing";
		};
/* End PBXNativeTarget section */

/* Begin PBXProject section */
		B7194EEE24BF20E7000916ED /* Project object */ = {
			isa = PBXProject;
			attributes = {
				LastSwiftUpdateCheck = 1200;
				LastUpgradeCheck = 1200;
				TargetAttributes = {
					B7194EF524BF20E7000916ED = {
						CreatedOnToolsVersion = 12.0;
					};
					B7194F0B24BF20EA000916ED = {
						CreatedOnToolsVersion = 12.0;
						TestTargetID = B7194EF524BF20E7000916ED;
					};
					B7194F1624BF20EA000916ED = {
						CreatedOnToolsVersion = 12.0;
						TestTargetID = B7194EF524BF20E7000916ED;
					};
				};
			};
			buildConfigurationList = B7194EF124BF20E7000916ED /* Build configuration list for PBXProject "PokeMaster" */;
			compatibilityVersion = "Xcode 9.3";
			developmentRegion = en;
			hasScannedForEncodings = 0;
			knownRegions = (
				en,
				Base,
			);
			mainGroup = B7194EED24BF20E7000916ED;
			productRefGroup = B7194EF724BF20E7000916ED /* Products */;
			projectDirPath = "";
			projectRoot = "";
			targets = (
				B7194EF524BF20E7000916ED /* PokeMaster */,
				B7194F0B24BF20EA000916ED /* PokeMasterTests */,
				B7194F1624BF20EA000916ED /* PokeMasterUITests */,
			);
		};
/* End PBXProject section */

/* Begin PBXResourcesBuildPhase section */
		B7194EF424BF20E7000916ED /* Resources */ = {
			isa = PBXResourcesBuildPhase;
			buildActionMask = 2147483647;
			files = (
				B7194F0624BF20E9000916ED /* LaunchScreen.storyboard in Resources */,
				B7194F0324BF20E9000916ED /* Preview Assets.xcassets in Resources */,
				B7194F0024BF20E9000916ED /* Assets.xcassets in Resources */,
			);
			runOnlyForDeploymentPostprocessing = 0;
		};
		B7194F0A24BF20EA000916ED /* Resources */ = {
			isa = PBXResourcesBuildPhase;
			buildActionMask = 2147483647;
			files = (
			);
			runOnlyForDeploymentPostprocessing = 0;
		};
		B7194F1524BF20EA000916ED /* Resources */ = {
			isa = PBXResourcesBuildPhase;
			buildActionMask = 2147483647;
			files = (
			);
			runOnlyForDeploymentPostprocessing = 0;
		};
/* End PBXResourcesBuildPhase section */

/* Begin PBXSourcesBuildPhase section */
		B7194EF224BF20E7000916ED /* Sources */ = {
			isa = PBXSourcesBuildPhase;
			buildActionMask = 2147483647;
			files = (
				B7194EFA24BF20E7000916ED /* AppDelegate.swift in Sources */,
				B7194EFC24BF20E7000916ED /* SceneDelegate.swift in Sources */,
				B7194EFE24BF20E7000916ED /* ContentView.swift in Sources */,
			);
			runOnlyForDeploymentPostprocessing = 0;
		};
		B7194F0824BF20EA000916ED /* Sources */ = {
			isa = PBXSourcesBuildPhase;
			buildActionMask = 2147483647;
			files = (
				B7194F1124BF20EA000916ED /* PokeMasterTests.swift in Sources */,
			);
			runOnlyForDeploymentPostprocessing = 0;
		};
		B7194F1324BF20EA000916ED /* Sources */ = {
			isa = PBXSourcesBuildPhase;
			buildActionMask = 2147483647;
			files = (
				B7194F1C24BF20EA000916ED /* PokeMasterUITests.swift in Sources */,
			);
			runOnlyForDeploymentPostprocessing = 0;
		};
/* End PBXSourcesBuildPhase section */

/* Begin PBXTargetDependency section */
		B7194F0E24BF20EA000916ED /* PBXTargetDependency */ = {
			isa = PBXTargetDependency;
			target = B7194EF524BF20E7000916ED /* PokeMaster */;
			targetProxy = B7194F0D24BF20EA000916ED /* PBXContainerItemProxy */;
		};
		B7194F1924BF20EA000916ED /* PBXTargetDependency */ = {
			isa = PBXTargetDependency;
			target = B7194EF524BF20E7000916ED /* PokeMaster */;
			targetProxy = B7194F1824BF20EA000916ED /* PBXContainerItemProxy */;
		};
/* End PBXTargetDependency section */

/* Begin PBXVariantGroup section */
		B7194F0424BF20E9000916ED /* LaunchScreen.storyboard */ = {
			isa = PBXVariantGroup;
			children = (
				B7194F0524BF20E9000916ED /* Base */,
			);
			name = LaunchScreen.storyboard;
			sourceTree = "<group>";
		};
/* End PBXVariantGroup section */

/* Begin XCBuildConfiguration section */
		B7194F1E24BF20EA000916ED /* Debug */ = {
			isa = XCBuildConfiguration;
			buildSettings = {
				ALWAYS_SEARCH_USER_PATHS = NO;
				CLANG_ANALYZER_NONNULL = YES;
				CLANG_ANALYZER_NUMBER_OBJECT_CONVERSION = YES_AGGRESSIVE;
				CLANG_CXX_LANGUAGE_STANDARD = "gnu++14";
				CLANG_CXX_LIBRARY = "libc++";
				CLANG_ENABLE_MODULES = YES;
				CLANG_ENABLE_OBJC_ARC = YES;
				CLANG_ENABLE_OBJC_WEAK = YES;
				CLANG_WARN_BLOCK_CAPTURE_AUTORELEASING = YES;
				CLANG_WARN_BOOL_CONVERSION = YES;
				CLANG_WARN_COMMA = YES;
				CLANG_WARN_CONSTANT_CONVERSION = YES;
				CLANG_WARN_DEPRECATED_OBJC_IMPLEMENTATIONS = YES;
				CLANG_WARN_DIRECT_OBJC_ISA_USAGE = YES_ERROR;
				CLANG_WARN_DOCUMENTATION_COMMENTS = YES;
				CLANG_WARN_EMPTY_BODY = YES;
				CLANG_WARN_ENUM_CONVERSION = YES;
				CLANG_WARN_INFINITE_RECURSION = YES;
				CLANG_WARN_INT_CONVERSION = YES;
				CLANG_WARN_NON_LITERAL_NULL_CONVERSION = YES;
				CLANG_WARN_OBJC_IMPLICIT_RETAIN_SELF = YES;
				CLANG_WARN_OBJC_LITERAL_CONVERSION = YES;
				CLANG_WARN_OBJC_ROOT_CLASS = YES_ERROR;
				CLANG_WARN_QUOTED_INCLUDE_IN_FRAMEWORK_HEADER = YES;
				CLANG_WARN_RANGE_LOOP_ANALYSIS = YES;
				CLANG_WARN_STRICT_PROTOTYPES = YES;
				CLANG_WARN_SUSPICIOUS_MOVE = YES;
				CLANG_WARN_UNGUARDED_AVAILABILITY = YES_AGGRESSIVE;
				CLANG_WARN_UNREACHABLE_CODE = YES;
				CLANG_WARN__DUPLICATE_METHOD_MATCH = YES;
				COPY_PHASE_STRIP = NO;
				DEBUG_INFORMATION_FORMAT = dwarf;
				ENABLE_STRICT_OBJC_MSGSEND = YES;
				ENABLE_TESTABILITY = YES;
				GCC_C_LANGUAGE_STANDARD = gnu11;
				GCC_DYNAMIC_NO_PIC = NO;
				GCC_NO_COMMON_BLOCKS = YES;
				GCC_OPTIMIZATION_LEVEL = 0;
				GCC_PREPROCESSOR_DEFINITIONS = (
					"DEBUG=1",
					"$(inherited)",
				);
				GCC_WARN_64_TO_32_BIT_CONVERSION = YES;
				GCC_WARN_ABOUT_RETURN_TYPE = YES_ERROR;
				GCC_WARN_UNDECLARED_SELECTOR = YES;
				GCC_WARN_UNINITIALIZED_AUTOS = YES_AGGRESSIVE;
				GCC_WARN_UNUSED_FUNCTION = YES;
				GCC_WARN_UNUSED_VARIABLE = YES;
				IPHONEOS_DEPLOYMENT_TARGET = 14.0;
				MTL_ENABLE_DEBUG_INFO = INCLUDE_SOURCE;
				MTL_FAST_MATH = YES;
				ONLY_ACTIVE_ARCH = YES;
				SDKROOT = iphoneos;
				SWIFT_ACTIVE_COMPILATION_CONDITIONS = DEBUG;
				SWIFT_OPTIMIZATION_LEVEL = "-Onone";
			};
			name = Debug;
		};
		B7194F1F24BF20EA000916ED /* Release */ = {
			isa = XCBuildConfiguration;
			buildSettings = {
				ALWAYS_SEARCH_USER_PATHS = NO;
				CLANG_ANALYZER_NONNULL = YES;
				CLANG_ANALYZER_NUMBER_OBJECT_CONVERSION = YES_AGGRESSIVE;
				CLANG_CXX_LANGUAGE_STANDARD = "gnu++14";
				CLANG_CXX_LIBRARY = "libc++";
				CLANG_ENABLE_MODULES = YES;
				CLANG_ENABLE_OBJC_ARC = YES;
				CLANG_ENABLE_OBJC_WEAK = YES;
				CLANG_WARN_BLOCK_CAPTURE_AUTORELEASING = YES;
				CLANG_WARN_BOOL_CONVERSION = YES;
				CLANG_WARN_COMMA = YES;
				CLANG_WARN_CONSTANT_CONVERSION = YES;
				CLANG_WARN_DEPRECATED_OBJC_IMPLEMENTATIONS = YES;
				CLANG_WARN_DIRECT_OBJC_ISA_USAGE = YES_ERROR;
				CLANG_WARN_DOCUMENTATION_COMMENTS = YES;
				CLANG_WARN_EMPTY_BODY = YES;
				CLANG_WARN_ENUM_CONVERSION = YES;
				CLANG_WARN_INFINITE_RECURSION = YES;
				CLANG_WARN_INT_CONVERSION = YES;
				CLANG_WARN_NON_LITERAL_NULL_CONVERSION = YES;
				CLANG_WARN_OBJC_IMPLICIT_RETAIN_SELF = YES;
				CLANG_WARN_OBJC_LITERAL_CONVERSION = YES;
				CLANG_WARN_OBJC_ROOT_CLASS = YES_ERROR;
				CLANG_WARN_QUOTED_INCLUDE_IN_FRAMEWORK_HEADER = YES;
				CLANG_WARN_RANGE_LOOP_ANALYSIS = YES;
				CLANG_WARN_STRICT_PROTOTYPES = YES;
				CLANG_WARN_SUSPICIOUS_MOVE = YES;
				CLANG_WARN_UNGUARDED_AVAILABILITY = YES_AGGRESSIVE;
				CLANG_WARN_UNREACHABLE_CODE = YES;
				CLANG_WARN__DUPLICATE_METHOD_MATCH = YES;
				COPY_PHASE_STRIP = NO;
				DEBUG_INFORMATION_FORMAT = "dwarf-with-dsym";
				ENABLE_NS_ASSERTIONS = NO;
				ENABLE_STRICT_OBJC_MSGSEND = YES;
				GCC_C_LANGUAGE_STANDARD = gnu11;
				GCC_NO_COMMON_BLOCKS = YES;
				GCC_WARN_64_TO_32_BIT_CONVERSION = YES;
				GCC_WARN_ABOUT_RETURN_TYPE = YES_ERROR;
				GCC_WARN_UNDECLARED_SELECTOR = YES;
				GCC_WARN_UNINITIALIZED_AUTOS = YES_AGGRESSIVE;
				GCC_WARN_UNUSED_FUNCTION = YES;
				GCC_WARN_UNUSED_VARIABLE = YES;
				IPHONEOS_DEPLOYMENT_TARGET = 14.0;
				MTL_ENABLE_DEBUG_INFO = NO;
				MTL_FAST_MATH = YES;
				SDKROOT = iphoneos;
				SWIFT_COMPILATION_MODE = wholemodule;
				SWIFT_OPTIMIZATION_LEVEL = "-O";
				VALIDATE_PRODUCT = YES;
			};
			name = Release;
		};
		B7194F2124BF20EA000916ED /* Debug */ = {
			isa = XCBuildConfiguration;
			buildSettings = {
				ASSETCATALOG_COMPILER_APPICON_NAME = AppIcon;
				ASSETCATALOG_COMPILER_GLOBAL_ACCENT_COLOR_NAME = AccentColor;
				CODE_SIGN_STYLE = Automatic;
				DEVELOPMENT_ASSET_PATHS = "\"PokeMaster/Preview Content\"";
				ENABLE_PREVIEWS = YES;
				INFOPLIST_FILE = PokeMaster/Info.plist;
				LD_RUNPATH_SEARCH_PATHS = (
					"$(inherited)",
					"@executable_path/Frameworks",
				);
				PRODUCT_BUNDLE_IDENTIFIER = com.smartech.PokeMaster;
				PRODUCT_NAME = "$(TARGET_NAME)";
				SWIFT_VERSION = 5.0;
				TARGETED_DEVICE_FAMILY = "1,2";
			};
			name = Debug;
		};
		B7194F2224BF20EA000916ED /* Release */ = {
			isa = XCBuildConfiguration;
			buildSettings = {
				ASSETCATALOG_COMPILER_APPICON_NAME = AppIcon;
				ASSETCATALOG_COMPILER_GLOBAL_ACCENT_COLOR_NAME = AccentColor;
				CODE_SIGN_STYLE = Automatic;
				DEVELOPMENT_ASSET_PATHS = "\"PokeMaster/Preview Content\"";
				ENABLE_PREVIEWS = YES;
				INFOPLIST_FILE = PokeMaster/Info.plist;
				LD_RUNPATH_SEARCH_PATHS = (
					"$(inherited)",
					"@executable_path/Frameworks",
				);
				PRODUCT_BUNDLE_IDENTIFIER = com.smartech.PokeMaster;
				PRODUCT_NAME = "$(TARGET_NAME)";
				SWIFT_VERSION = 5.0;
				TARGETED_DEVICE_FAMILY = "1,2";
			};
			name = Release;
		};
		B7194F2424BF20EA000916ED /* Debug */ = {
			isa = XCBuildConfiguration;
			buildSettings = {
				ALWAYS_EMBED_SWIFT_STANDARD_LIBRARIES = YES;
				BUNDLE_LOADER = "$(TEST_HOST)";
				CODE_SIGN_STYLE = Automatic;
				INFOPLIST_FILE = PokeMasterTests/Info.plist;
				IPHONEOS_DEPLOYMENT_TARGET = 14.0;
				LD_RUNPATH_SEARCH_PATHS = (
					"$(inherited)",
					"@executable_path/Frameworks",
					"@loader_path/Frameworks",
				);
				PRODUCT_BUNDLE_IDENTIFIER = com.smartech.PokeMasterTests;
				PRODUCT_NAME = "$(TARGET_NAME)";
				SWIFT_VERSION = 5.0;
				TARGETED_DEVICE_FAMILY = "1,2";
				TEST_HOST = "$(BUILT_PRODUCTS_DIR)/PokeMaster.app/PokeMaster";
			};
			name = Debug;
		};
		B7194F2524BF20EA000916ED /* Release */ = {
			isa = XCBuildConfiguration;
			buildSettings = {
				ALWAYS_EMBED_SWIFT_STANDARD_LIBRARIES = YES;
				BUNDLE_LOADER = "$(TEST_HOST)";
				CODE_SIGN_STYLE = Automatic;
				INFOPLIST_FILE = PokeMasterTests/Info.plist;
				IPHONEOS_DEPLOYMENT_TARGET = 14.0;
				LD_RUNPATH_SEARCH_PATHS = (
					"$(inherited)",
					"@executable_path/Frameworks",
					"@loader_path/Frameworks",
				);
				PRODUCT_BUNDLE_IDENTIFIER = com.smartech.PokeMasterTests;
				PRODUCT_NAME = "$(TARGET_NAME)";
				SWIFT_VERSION = 5.0;
				TARGETED_DEVICE_FAMILY = "1,2";
				TEST_HOST = "$(BUILT_PRODUCTS_DIR)/PokeMaster.app/PokeMaster";
			};
			name = Release;
		};
		B7194F2724BF20EA000916ED /* Debug */ = {
			isa = XCBuildConfiguration;
			buildSettings = {
				ALWAYS_EMBED_SWIFT_STANDARD_LIBRARIES = YES;
				CODE_SIGN_STYLE = Automatic;
				INFOPLIST_FILE = PokeMasterUITests/Info.plist;
				LD_RUNPATH_SEARCH_PATHS = (
					"$(inherited)",
					"@executable_path/Frameworks",
					"@loader_path/Frameworks",
				);
				PRODUCT_BUNDLE_IDENTIFIER = com.smartech.PokeMasterUITests;
				PRODUCT_NAME = "$(TARGET_NAME)";
				SWIFT_VERSION = 5.0;
				TARGETED_DEVICE_FAMILY = "1,2";
				TEST_TARGET_NAME = PokeMaster;
			};
			name = Debug;
		};
		B7194F2824BF20EA000916ED /* Release */ = {
			isa = XCBuildConfiguration;
			buildSettings = {
				ALWAYS_EMBED_SWIFT_STANDARD_LIBRARIES = YES;
				CODE_SIGN_STYLE = Automatic;
				INFOPLIST_FILE = PokeMasterUITests/Info.plist;
				LD_RUNPATH_SEARCH_PATHS = (
					"$(inherited)",
					"@executable_path/Frameworks",
					"@loader_path/Frameworks",
				);
				PRODUCT_BUNDLE_IDENTIFIER = com.smartech.PokeMasterUITests;
				PRODUCT_NAME = "$(TARGET_NAME)";
				SWIFT_VERSION = 5.0;
				TARGETED_DEVICE_FAMILY = "1,2";
				TEST_TARGET_NAME = PokeMaster;
			};
			name = Release;
		};
/* End XCBuildConfiguration section */

/* Begin XCConfigurationList section */
		B7194EF124BF20E7000916ED /* Build configuration list for PBXProject "PokeMaster" */ = {
			isa = XCConfigurationList;
			buildConfigurations = (
				B7194F1E24BF20EA000916ED /* Debug */,
				B7194F1F24BF20EA000916ED /* Release */,
			);
			defaultConfigurationIsVisible = 0;
			defaultConfigurationName = Release;
		};
		B7194F2024BF20EA000916ED /* Build configuration list for PBXNativeTarget "PokeMaster" */ = {
			isa = XCConfigurationList;
			buildConfigurations = (
				B7194F2124BF20EA000916ED /* Debug */,
				B7194F2224BF20EA000916ED /* Release */,
			);
			defaultConfigurationIsVisible = 0;
			defaultConfigurationName = Release;
		};
		B7194F2324BF20EA000916ED /* Build configuration list for PBXNativeTarget "PokeMasterTests" */ = {
			isa = XCConfigurationList;
			buildConfigurations = (
				B7194F2424BF20EA000916ED /* Debug */,
				B7194F2524BF20EA000916ED /* Release */,
			);
			defaultConfigurationIsVisible = 0;
			defaultConfigurationName = Release;
		};
		B7194F2624BF20EA000916ED /* Build configuration list for PBXNativeTarget "PokeMasterUITests" */ = {
			isa = XCConfigurationList;
			buildConfigurations = (
				B7194F2724BF20EA000916ED /* Debug */,
				B7194F2824BF20EA000916ED /* Release */,
			);
			defaultConfigurationIsVisible = 0;
			defaultConfigurationName = Release;
		};
/* End XCConfigurationList section */
	};
	rootObject = B7194EEE24BF20E7000916ED /* Project object */;
}
