// !$*UTF8*$!
{
	archiveVersion = 1;
	classes = {
	};
	objectVersion = 50;
	objects = {

/* Begin PBXBuildFile section */
		B70F2D4025313F5D004F7382 /* AppDelegate.swift in Sources */ = {isa = PBXBuildFile; fileRef = B70F2D3F25313F5D004F7382 /* AppDelegate.swift */; };
		B70F2D4225313F5D004F7382 /* ContentView.swift in Sources */ = {isa = PBXBuildFile; fileRef = B70F2D4125313F5D004F7382 /* ContentView.swift */; };
		B70F2D4425313F60004F7382 /* Assets.xcassets in Resources */ = {isa = PBXBuildFile; fileRef = B70F2D4325313F60004F7382 /* Assets.xcassets */; };
		B70F2D4725313F60004F7382 /* Preview Assets.xcassets in Resources */ = {isa = PBXBuildFile; fileRef = B70F2D4625313F60004F7382 /* Preview Assets.xcassets */; };
		B70F2D4A25313F60004F7382 /* Main.storyboard in Resources */ = {isa = PBXBuildFile; fileRef = B70F2D4825313F60004F7382 /* Main.storyboard */; };
		B70F2D5625313F60004F7382 /* MacLandmarksTests.swift in Sources */ = {isa = PBXBuildFile; fileRef = B70F2D5525313F60004F7382 /* MacLandmarksTests.swift */; };
		B70F2D6125313F60004F7382 /* MacLandmarksUITests.swift in Sources */ = {isa = PBXBuildFile; fileRef = B70F2D6025313F60004F7382 /* MacLandmarksUITests.swift */; };
		B718354F24F7A15A004B4A9E /* MapView.swift in Sources */ = {isa = PBXBuildFile; fileRef = B718354E24F7A15A004B4A9E /* MapView.swift */; };
		B718355124F7AE55004B4A9E /* Landmark.swift in Sources */ = {isa = PBXBuildFile; fileRef = B718355024F7AE54004B4A9E /* Landmark.swift */; };
		B718355424F7AF0D004B4A9E /* Data.swift in Sources */ = {isa = PBXBuildFile; fileRef = B718355324F7AF0D004B4A9E /* Data.swift */; };
		B718356A24F7AFDE004B4A9E /* landmarkData.json in Resources */ = {isa = PBXBuildFile; fileRef = B718355D24F7AFDE004B4A9E /* landmarkData.json */; };
		B718357224F7B24B004B4A9E /* LandmarkRow.swift in Sources */ = {isa = PBXBuildFile; fileRef = B718357124F7B24B004B4A9E /* LandmarkRow.swift */; };
		B71AF6D125070F7F0078C912 /* RotatedBadgeSymbol.swift in Sources */ = {isa = PBXBuildFile; fileRef = B71AF6D025070F7F0078C912 /* RotatedBadgeSymbol.swift */; };
		B71AF6D3250717300078C912 /* Hike.swift in Sources */ = {isa = PBXBuildFile; fileRef = B71AF6D2250717300078C912 /* Hike.swift */; };
		B71AF6D5250719AE0078C912 /* HikeGraph.swift in Sources */ = {isa = PBXBuildFile; fileRef = B71AF6D4250719AE0078C912 /* HikeGraph.swift */; };
		B7575A922524569E00AEA309 /* Home.swift in Sources */ = {isa = PBXBuildFile; fileRef = B7575A912524569E00AEA309 /* Home.swift */; };
		B7589749250B5E7500A12E70 /* HikeDetail.swift in Sources */ = {isa = PBXBuildFile; fileRef = B7589748250B5E7500A12E70 /* HikeDetail.swift */; };
		B758974B250B618600A12E70 /* HikeView.swift in Sources */ = {isa = PBXBuildFile; fileRef = B758974A250B618600A12E70 /* HikeView.swift */; };
		B77EC57E24FDD99500E08446 /* LandmarkList.swift in Sources */ = {isa = PBXBuildFile; fileRef = B77EC57D24FDD99400E08446 /* LandmarkList.swift */; };
		B788686025007B740069FB79 /* UserData.swift in Sources */ = {isa = PBXBuildFile; fileRef = B788685F25007B740069FB79 /* UserData.swift */; };
		B78868622500D0F70069FB79 /* Badge.swift in Sources */ = {isa = PBXBuildFile; fileRef = B78868612500D0F70069FB79 /* Badge.swift */; };
		B78868642500D2AE0069FB79 /* HexagonParameters.swift in Sources */ = {isa = PBXBuildFile; fileRef = B78868632500D2AE0069FB79 /* HexagonParameters.swift */; };
		B789784825022D2F00A61849 /* BadgeBackground.swift in Sources */ = {isa = PBXBuildFile; fileRef = B789784725022D2F00A61849 /* BadgeBackground.swift */; };
		B789784A25022F0A00A61849 /* BadgeSymbol.swift in Sources */ = {isa = PBXBuildFile; fileRef = B789784925022F0A00A61849 /* BadgeSymbol.swift */; };
		B7A69600252FF8BF00EE60A7 /* ProfileEditor.swift in Sources */ = {isa = PBXBuildFile; fileRef = B7A695FF252FF8BF00EE60A7 /* ProfileEditor.swift */; };
		B7A696052530066000EE60A7 /* PageViewController.swift in Sources */ = {isa = PBXBuildFile; fileRef = B7A696042530066000EE60A7 /* PageViewController.swift */; };
		B7A6960A253008DC00EE60A7 /* PageView.swift in Sources */ = {isa = PBXBuildFile; fileRef = B7A69609253008DC00EE60A7 /* PageView.swift */; };
		B7A6961325300AFE00EE60A7 /* FeatureCard.swift in Sources */ = {isa = PBXBuildFile; fileRef = B7A6961225300AFE00EE60A7 /* FeatureCard.swift */; };
		B7A6961B2530296100EE60A7 /* PageControl.swift in Sources */ = {isa = PBXBuildFile; fileRef = B7A6961A2530296100EE60A7 /* PageControl.swift */; };
		B7A6963B25302FA400EE60A7 /* hiddenlake.jpg in Resources */ = {isa = PBXBuildFile; fileRef = B7A6962C25302FA300EE60A7 /* hiddenlake.jpg */; };
		B7A6963C25302FA400EE60A7 /* chincoteague.jpg in Resources */ = {isa = PBXBuildFile; fileRef = B7A6962D25302FA300EE60A7 /* chincoteague.jpg */; };
		B7A6963D25302FA400EE60A7 /* lakemcdonald.jpg in Resources */ = {isa = PBXBuildFile; fileRef = B7A6962E25302FA300EE60A7 /* lakemcdonald.jpg */; };
		B7A6963E25302FA400EE60A7 /* stmarylake.jpg in Resources */ = {isa = PBXBuildFile; fileRef = B7A6962F25302FA300EE60A7 /* stmarylake.jpg */; };
		B7A6963F25302FA400EE60A7 /* turtlerock_feature.jpg in Resources */ = {isa = PBXBuildFile; fileRef = B7A6963025302FA300EE60A7 /* turtlerock_feature.jpg */; };
		B7A6964025302FA400EE60A7 /* chilkoottrail.jpg in Resources */ = {isa = PBXBuildFile; fileRef = B7A6963125302FA400EE60A7 /* chilkoottrail.jpg */; };
		B7A6964125302FA400EE60A7 /* turtlerock.jpg in Resources */ = {isa = PBXBuildFile; fileRef = B7A6963225302FA400EE60A7 /* turtlerock.jpg */; };
		B7A6964225302FA400EE60A7 /* icybay.jpg in Resources */ = {isa = PBXBuildFile; fileRef = B7A6963325302FA400EE60A7 /* icybay.jpg */; };
		B7A6964325302FA400EE60A7 /* twinlake.jpg in Resources */ = {isa = PBXBuildFile; fileRef = B7A6963425302FA400EE60A7 /* twinlake.jpg */; };
		B7A6964425302FA400EE60A7 /* silversalmoncreek.jpg in Resources */ = {isa = PBXBuildFile; fileRef = B7A6963525302FA400EE60A7 /* silversalmoncreek.jpg */; };
		B7A6964525302FA400EE60A7 /* charleyrivers.jpg in Resources */ = {isa = PBXBuildFile; fileRef = B7A6963625302FA400EE60A7 /* charleyrivers.jpg */; };
		B7A6964625302FA400EE60A7 /* rainbowlake.jpg in Resources */ = {isa = PBXBuildFile; fileRef = B7A6963725302FA400EE60A7 /* rainbowlake.jpg */; };
		B7A6964725302FA400EE60A7 /* stmarylake_feature.jpg in Resources */ = {isa = PBXBuildFile; fileRef = B7A6963825302FA400EE60A7 /* stmarylake_feature.jpg */; };
		B7A6964825302FA400EE60A7 /* charleyrivers_feature.jpg in Resources */ = {isa = PBXBuildFile; fileRef = B7A6963925302FA400EE60A7 /* charleyrivers_feature.jpg */; };
		B7A6964925302FA400EE60A7 /* umbagog.jpg in Resources */ = {isa = PBXBuildFile; fileRef = B7A6963A25302FA400EE60A7 /* umbagog.jpg */; };
		B7A696532530338000EE60A7 /* Interface.storyboard in Resources */ = {isa = PBXBuildFile; fileRef = B7A696512530338000EE60A7 /* Interface.storyboard */; };
		B7A696552530338300EE60A7 /* Assets.xcassets in Resources */ = {isa = PBXBuildFile; fileRef = B7A696542530338300EE60A7 /* Assets.xcassets */; };
		B7A6965C2530338400EE60A7 /* WatchLandmarks Extension.appex in Embed App Extensions */ = {isa = PBXBuildFile; fileRef = B7A6965B2530338400EE60A7 /* WatchLandmarks Extension.appex */; settings = {ATTRIBUTES = (RemoveHeadersOnCopy, ); }; };
		B7A696612530338400EE60A7 /* HostingController.swift in Sources */ = {isa = PBXBuildFile; fileRef = B7A696602530338400EE60A7 /* HostingController.swift */; };
		B7A696632530338400EE60A7 /* ContentView.swift in Sources */ = {isa = PBXBuildFile; fileRef = B7A696622530338400EE60A7 /* ContentView.swift */; };
		B7A696652530338400EE60A7 /* ExtensionDelegate.swift in Sources */ = {isa = PBXBuildFile; fileRef = B7A696642530338400EE60A7 /* ExtensionDelegate.swift */; };
		B7A696672530338400EE60A7 /* NotificationController.swift in Sources */ = {isa = PBXBuildFile; fileRef = B7A696662530338400EE60A7 /* NotificationController.swift */; };
		B7A696692530338400EE60A7 /* NotificationView.swift in Sources */ = {isa = PBXBuildFile; fileRef = B7A696682530338400EE60A7 /* NotificationView.swift */; };
		B7A6966B2530338400EE60A7 /* ComplicationController.swift in Sources */ = {isa = PBXBuildFile; fileRef = B7A6966A2530338400EE60A7 /* ComplicationController.swift */; };
		B7A6966D2530338700EE60A7 /* Assets.xcassets in Resources */ = {isa = PBXBuildFile; fileRef = B7A6966C2530338700EE60A7 /* Assets.xcassets */; };
		B7A696702530338700EE60A7 /* Preview Assets.xcassets in Resources */ = {isa = PBXBuildFile; fileRef = B7A6966F2530338700EE60A7 /* Preview Assets.xcassets */; };
		B7A696752530338700EE60A7 /* WatchLandmarks.app in Embed Watch Content */ = {isa = PBXBuildFile; fileRef = B7A6964F2530338000EE60A7 /* WatchLandmarks.app */; settings = {ATTRIBUTES = (RemoveHeadersOnCopy, ); }; };
		B7A69683253034A400EE60A7 /* Hike.swift in Sources */ = {isa = PBXBuildFile; fileRef = B71AF6D2250717300078C912 /* Hike.swift */; };
		B7A69684253034A400EE60A7 /* CircleImage.swift in Sources */ = {isa = PBXBuildFile; fileRef = B7DB835F24F5081E005C26EF /* CircleImage.swift */; };
		B7A69685253034A400EE60A7 /* UserData.swift in Sources */ = {isa = PBXBuildFile; fileRef = B788685F25007B740069FB79 /* UserData.swift */; };
		B7A69686253034A400EE60A7 /* Landmark.swift in Sources */ = {isa = PBXBuildFile; fileRef = B718355024F7AE54004B4A9E /* Landmark.swift */; };
		B7A69687253034A400EE60A7 /* LandmarkRow.swift in Sources */ = {isa = PBXBuildFile; fileRef = B718357124F7B24B004B4A9E /* LandmarkRow.swift */; };
		B7A69688253034A400EE60A7 /* Profile.swift in Sources */ = {isa = PBXBuildFile; fileRef = B7BE94A6252479DC005AE282 /* Profile.swift */; };
		B7A69689253034A400EE60A7 /* Data.swift in Sources */ = {isa = PBXBuildFile; fileRef = B718355324F7AF0D004B4A9E /* Data.swift */; };
		B7A696B42530379700EE60A7 /* Assets.xcassets in Resources */ = {isa = PBXBuildFile; fileRef = B7DB833524F4FFCF005C26EF /* Assets.xcassets */; };
		B7A696EA25303C0700EE60A7 /* WatchLandmarkDetail.swift in Sources */ = {isa = PBXBuildFile; fileRef = B7A696E925303C0700EE60A7 /* WatchLandmarkDetail.swift */; };
		B7A696F12530480000EE60A7 /* WatchMapView.swift in Sources */ = {isa = PBXBuildFile; fileRef = B7A696F02530480000EE60A7 /* WatchMapView.swift */; };
		B7A696FC2530500D00EE60A7 /* LandmarkList.swift in Sources */ = {isa = PBXBuildFile; fileRef = B77EC57D24FDD99400E08446 /* LandmarkList.swift */; };
		B7A697072530530100EE60A7 /* chilkoottrail.jpg in Resources */ = {isa = PBXBuildFile; fileRef = B7A6963125302FA400EE60A7 /* chilkoottrail.jpg */; };
		B7A697082530530100EE60A7 /* twinlake.jpg in Resources */ = {isa = PBXBuildFile; fileRef = B7A6963425302FA400EE60A7 /* twinlake.jpg */; };
		B7A697092530530100EE60A7 /* landmarkData.json in Resources */ = {isa = PBXBuildFile; fileRef = B718355D24F7AFDE004B4A9E /* landmarkData.json */; };
		B7A6970A2530530100EE60A7 /* stmarylake_feature.jpg in Resources */ = {isa = PBXBuildFile; fileRef = B7A6963825302FA400EE60A7 /* stmarylake_feature.jpg */; };
		B7A6970B2530530100EE60A7 /* stmarylake.jpg in Resources */ = {isa = PBXBuildFile; fileRef = B7A6962F25302FA300EE60A7 /* stmarylake.jpg */; };
		B7A6970C2530530100EE60A7 /* turtlerock_feature.jpg in Resources */ = {isa = PBXBuildFile; fileRef = B7A6963025302FA300EE60A7 /* turtlerock_feature.jpg */; };
		B7A6970D2530530100EE60A7 /* turtlerock.jpg in Resources */ = {isa = PBXBuildFile; fileRef = B7A6963225302FA400EE60A7 /* turtlerock.jpg */; };
		B7A6970E2530530100EE60A7 /* lakemcdonald.jpg in Resources */ = {isa = PBXBuildFile; fileRef = B7A6962E25302FA300EE60A7 /* lakemcdonald.jpg */; };
		B7A6970F2530530100EE60A7 /* hikeData.json in Resources */ = {isa = PBXBuildFile; fileRef = B7BC134A2507766E008491D6 /* hikeData.json */; };
		B7A697102530530100EE60A7 /* rainbowlake.jpg in Resources */ = {isa = PBXBuildFile; fileRef = B7A6963725302FA400EE60A7 /* rainbowlake.jpg */; };
		B7A697112530530100EE60A7 /* hiddenlake.jpg in Resources */ = {isa = PBXBuildFile; fileRef = B7A6962C25302FA300EE60A7 /* hiddenlake.jpg */; };
		B7A697122530530100EE60A7 /* icybay.jpg in Resources */ = {isa = PBXBuildFile; fileRef = B7A6963325302FA400EE60A7 /* icybay.jpg */; };
		B7A697132530530100EE60A7 /* silversalmoncreek.jpg in Resources */ = {isa = PBXBuildFile; fileRef = B7A6963525302FA400EE60A7 /* silversalmoncreek.jpg */; };
		B7A697142530530100EE60A7 /* charleyrivers_feature.jpg in Resources */ = {isa = PBXBuildFile; fileRef = B7A6963925302FA400EE60A7 /* charleyrivers_feature.jpg */; };
		B7A697152530530100EE60A7 /* charleyrivers.jpg in Resources */ = {isa = PBXBuildFile; fileRef = B7A6963625302FA400EE60A7 /* charleyrivers.jpg */; };
		B7A697162530530100EE60A7 /* umbagog.jpg in Resources */ = {isa = PBXBuildFile; fileRef = B7A6963A25302FA400EE60A7 /* umbagog.jpg */; };
		B7A697172530530100EE60A7 /* chincoteague.jpg in Resources */ = {isa = PBXBuildFile; fileRef = B7A6962D25302FA300EE60A7 /* chincoteague.jpg */; };
		B7BC134B2507766E008491D6 /* hikeData.json in Resources */ = {isa = PBXBuildFile; fileRef = B7BC134A2507766E008491D6 /* hikeData.json */; };
		B7BC134D250778B4008491D6 /* GraphCapsule.swift in Sources */ = {isa = PBXBuildFile; fileRef = B7BC134C250778B4008491D6 /* GraphCapsule.swift */; };
		B7BE949F252462F8005AE282 /* CategoryRow.swift in Sources */ = {isa = PBXBuildFile; fileRef = B7BE949E252462F8005AE282 /* CategoryRow.swift */; };
		B7BE94A7252479DD005AE282 /* Profile.swift in Sources */ = {isa = PBXBuildFile; fileRef = B7BE94A6252479DC005AE282 /* Profile.swift */; };
		B7BE94AF25247A70005AE282 /* ProfileHost.swift in Sources */ = {isa = PBXBuildFile; fileRef = B7BE94AE25247A70005AE282 /* ProfileHost.swift */; };
		B7BE94B425247C63005AE282 /* ProfileSummary.swift in Sources */ = {isa = PBXBuildFile; fileRef = B7BE94B325247C63005AE282 /* ProfileSummary.swift */; };
		B7BE94B925248006005AE282 /* HikeBadge.swift in Sources */ = {isa = PBXBuildFile; fileRef = B7BE94B825248006005AE282 /* HikeBadge.swift */; };
		B7DB833024F4FFC9005C26EF /* AppDelegate.swift in Sources */ = {isa = PBXBuildFile; fileRef = B7DB832F24F4FFC9005C26EF /* AppDelegate.swift */; };
		B7DB833224F4FFC9005C26EF /* SceneDelegate.swift in Sources */ = {isa = PBXBuildFile; fileRef = B7DB833124F4FFC9005C26EF /* SceneDelegate.swift */; };
		B7DB833424F4FFC9005C26EF /* LandmarkDetail.swift in Sources */ = {isa = PBXBuildFile; fileRef = B7DB833324F4FFC9005C26EF /* LandmarkDetail.swift */; };
		B7DB833624F4FFCF005C26EF /* Assets.xcassets in Resources */ = {isa = PBXBuildFile; fileRef = B7DB833524F4FFCF005C26EF /* Assets.xcassets */; };
		B7DB833924F4FFCF005C26EF /* Preview Assets.xcassets in Resources */ = {isa = PBXBuildFile; fileRef = B7DB833824F4FFCF005C26EF /* Preview Assets.xcassets */; };
		B7DB833C24F4FFCF005C26EF /* LaunchScreen.storyboard in Resources */ = {isa = PBXBuildFile; fileRef = B7DB833A24F4FFCF005C26EF /* LaunchScreen.storyboard */; };
		B7DB834724F4FFCF005C26EF /* LandmarksTests.swift in Sources */ = {isa = PBXBuildFile; fileRef = B7DB834624F4FFCF005C26EF /* LandmarksTests.swift */; };
		B7DB835224F4FFCF005C26EF /* LandmarksUITests.swift in Sources */ = {isa = PBXBuildFile; fileRef = B7DB835124F4FFCF005C26EF /* LandmarksUITests.swift */; };
		B7DB836024F5081E005C26EF /* CircleImage.swift in Sources */ = {isa = PBXBuildFile; fileRef = B7DB835F24F5081E005C26EF /* CircleImage.swift */; };
/* End PBXBuildFile section */

/* Begin PBXContainerItemProxy section */
		B70F2D5225313F60004F7382 /* PBXContainerItemProxy */ = {
			isa = PBXContainerItemProxy;
			containerPortal = B7DB832424F4FFC9005C26EF /* Project object */;
			proxyType = 1;
			remoteGlobalIDString = B70F2D3C25313F5D004F7382;
			remoteInfo = MacLandmarks;
		};
		B70F2D5D25313F60004F7382 /* PBXContainerItemProxy */ = {
			isa = PBXContainerItemProxy;
			containerPortal = B7DB832424F4FFC9005C26EF /* Project object */;
			proxyType = 1;
			remoteGlobalIDString = B70F2D3C25313F5D004F7382;
			remoteInfo = MacLandmarks;
		};
		B7A6965D2530338400EE60A7 /* PBXContainerItemProxy */ = {
			isa = PBXContainerItemProxy;
			containerPortal = B7DB832424F4FFC9005C26EF /* Project object */;
			proxyType = 1;
			remoteGlobalIDString = B7A6965A2530338400EE60A7;
			remoteInfo = "WatchLandmarks Extension";
		};
		B7A696732530338700EE60A7 /* PBXContainerItemProxy */ = {
			isa = PBXContainerItemProxy;
			containerPortal = B7DB832424F4FFC9005C26EF /* Project object */;
			proxyType = 1;
			remoteGlobalIDString = B7A6964E2530338000EE60A7;
			remoteInfo = WatchLandmarks;
		};
		B7DB834324F4FFCF005C26EF /* PBXContainerItemProxy */ = {
			isa = PBXContainerItemProxy;
			containerPortal = B7DB832424F4FFC9005C26EF /* Project object */;
			proxyType = 1;
			remoteGlobalIDString = B7DB832B24F4FFC9005C26EF;
			remoteInfo = Landmarks;
		};
		B7DB834E24F4FFCF005C26EF /* PBXContainerItemProxy */ = {
			isa = PBXContainerItemProxy;
			containerPortal = B7DB832424F4FFC9005C26EF /* Project object */;
			proxyType = 1;
			remoteGlobalIDString = B7DB832B24F4FFC9005C26EF;
			remoteInfo = Landmarks;
		};
/* End PBXContainerItemProxy section */

/* Begin PBXCopyFilesBuildPhase section */
		B7A696792530338700EE60A7 /* Embed App Extensions */ = {
			isa = PBXCopyFilesBuildPhase;
			buildActionMask = 2147483647;
			dstPath = "";
			dstSubfolderSpec = 13;
			files = (
				B7A6965C2530338400EE60A7 /* WatchLandmarks Extension.appex in Embed App Extensions */,
			);
			name = "Embed App Extensions";
			runOnlyForDeploymentPostprocessing = 0;
		};
		B7A6967D2530338700EE60A7 /* Embed Watch Content */ = {
			isa = PBXCopyFilesBuildPhase;
			buildActionMask = 2147483647;
			dstPath = "$(CONTENTS_FOLDER_PATH)/Watch";
			dstSubfolderSpec = 16;
			files = (
				B7A696752530338700EE60A7 /* WatchLandmarks.app in Embed Watch Content */,
			);
			name = "Embed Watch Content";
			runOnlyForDeploymentPostprocessing = 0;
		};
/* End PBXCopyFilesBuildPhase section */

/* Begin PBXFileReference section */
		B70F2D3D25313F5D004F7382 /* MacLandmarks.app */ = {isa = PBXFileReference; explicitFileType = wrapper.application; includeInIndex = 0; path = MacLandmarks.app; sourceTree = BUILT_PRODUCTS_DIR; };
		B70F2D3F25313F5D004F7382 /* AppDelegate.swift */ = {isa = PBXFileReference; lastKnownFileType = sourcecode.swift; path = AppDelegate.swift; sourceTree = "<group>"; };
		B70F2D4125313F5D004F7382 /* ContentView.swift */ = {isa = PBXFileReference; lastKnownFileType = sourcecode.swift; path = ContentView.swift; sourceTree = "<group>"; };
		B70F2D4325313F60004F7382 /* Assets.xcassets */ = {isa = PBXFileReference; lastKnownFileType = folder.assetcatalog; path = Assets.xcassets; sourceTree = "<group>"; };
		B70F2D4625313F60004F7382 /* Preview Assets.xcassets */ = {isa = PBXFileReference; lastKnownFileType = folder.assetcatalog; path = "Preview Assets.xcassets"; sourceTree = "<group>"; };
		B70F2D4925313F60004F7382 /* Base */ = {isa = PBXFileReference; lastKnownFileType = file.storyboard; name = Base; path = Base.lproj/Main.storyboard; sourceTree = "<group>"; };
		B70F2D4B25313F60004F7382 /* Info.plist */ = {isa = PBXFileReference; lastKnownFileType = text.plist.xml; path = Info.plist; sourceTree = "<group>"; };
		B70F2D4C25313F60004F7382 /* MacLandmarks.entitlements */ = {isa = PBXFileReference; lastKnownFileType = text.plist.entitlements; path = MacLandmarks.entitlements; sourceTree = "<group>"; };
		B70F2D5125313F60004F7382 /* MacLandmarksTests.xctest */ = {isa = PBXFileReference; explicitFileType = wrapper.cfbundle; includeInIndex = 0; path = MacLandmarksTests.xctest; sourceTree = BUILT_PRODUCTS_DIR; };
		B70F2D5525313F60004F7382 /* MacLandmarksTests.swift */ = {isa = PBXFileReference; lastKnownFileType = sourcecode.swift; path = MacLandmarksTests.swift; sourceTree = "<group>"; };
		B70F2D5725313F60004F7382 /* Info.plist */ = {isa = PBXFileReference; lastKnownFileType = text.plist.xml; path = Info.plist; sourceTree = "<group>"; };
		B70F2D5C25313F60004F7382 /* MacLandmarksUITests.xctest */ = {isa = PBXFileReference; explicitFileType = wrapper.cfbundle; includeInIndex = 0; path = MacLandmarksUITests.xctest; sourceTree = BUILT_PRODUCTS_DIR; };
		B70F2D6025313F60004F7382 /* MacLandmarksUITests.swift */ = {isa = PBXFileReference; lastKnownFileType = sourcecode.swift; path = MacLandmarksUITests.swift; sourceTree = "<group>"; };
		B70F2D6225313F60004F7382 /* Info.plist */ = {isa = PBXFileReference; lastKnownFileType = text.plist.xml; path = Info.plist; sourceTree = "<group>"; };
		B718354E24F7A15A004B4A9E /* MapView.swift */ = {isa = PBXFileReference; lastKnownFileType = sourcecode.swift; path = MapView.swift; sourceTree = "<group>"; };
		B718355024F7AE54004B4A9E /* Landmark.swift */ = {isa = PBXFileReference; lastKnownFileType = sourcecode.swift; path = Landmark.swift; sourceTree = "<group>"; };
		B718355324F7AF0D004B4A9E /* Data.swift */ = {isa = PBXFileReference; lastKnownFileType = sourcecode.swift; path = Data.swift; sourceTree = "<group>"; };
		B718355D24F7AFDE004B4A9E /* landmarkData.json */ = {isa = PBXFileReference; fileEncoding = 4; lastKnownFileType = text.json; path = landmarkData.json; sourceTree = "<group>"; };
		B718357124F7B24B004B4A9E /* LandmarkRow.swift */ = {isa = PBXFileReference; lastKnownFileType = sourcecode.swift; path = LandmarkRow.swift; sourceTree = "<group>"; };
		B71AF6D025070F7F0078C912 /* RotatedBadgeSymbol.swift */ = {isa = PBXFileReference; lastKnownFileType = sourcecode.swift; path = RotatedBadgeSymbol.swift; sourceTree = "<group>"; };
		B71AF6D2250717300078C912 /* Hike.swift */ = {isa = PBXFileReference; lastKnownFileType = sourcecode.swift; path = Hike.swift; sourceTree = "<group>"; };
		B71AF6D4250719AE0078C912 /* HikeGraph.swift */ = {isa = PBXFileReference; lastKnownFileType = sourcecode.swift; path = HikeGraph.swift; sourceTree = "<group>"; };
		B7575A912524569E00AEA309 /* Home.swift */ = {isa = PBXFileReference; lastKnownFileType = sourcecode.swift; path = Home.swift; sourceTree = "<group>"; };
		B7589748250B5E7500A12E70 /* HikeDetail.swift */ = {isa = PBXFileReference; lastKnownFileType = sourcecode.swift; path = HikeDetail.swift; sourceTree = "<group>"; };
		B758974A250B618600A12E70 /* HikeView.swift */ = {isa = PBXFileReference; lastKnownFileType = sourcecode.swift; path = HikeView.swift; sourceTree = "<group>"; };
		B77EC57D24FDD99400E08446 /* LandmarkList.swift */ = {isa = PBXFileReference; lastKnownFileType = sourcecode.swift; path = LandmarkList.swift; sourceTree = "<group>"; };
		B788685F25007B740069FB79 /* UserData.swift */ = {isa = PBXFileReference; lastKnownFileType = sourcecode.swift; path = UserData.swift; sourceTree = "<group>"; };
		B78868612500D0F70069FB79 /* Badge.swift */ = {isa = PBXFileReference; lastKnownFileType = sourcecode.swift; path = Badge.swift; sourceTree = "<group>"; };
		B78868632500D2AE0069FB79 /* HexagonParameters.swift */ = {isa = PBXFileReference; lastKnownFileType = sourcecode.swift; path = HexagonParameters.swift; sourceTree = "<group>"; };
		B789784725022D2F00A61849 /* BadgeBackground.swift */ = {isa = PBXFileReference; lastKnownFileType = sourcecode.swift; path = BadgeBackground.swift; sourceTree = "<group>"; };
		B789784925022F0A00A61849 /* BadgeSymbol.swift */ = {isa = PBXFileReference; lastKnownFileType = sourcecode.swift; path = BadgeSymbol.swift; sourceTree = "<group>"; };
		B7A695FF252FF8BF00EE60A7 /* ProfileEditor.swift */ = {isa = PBXFileReference; lastKnownFileType = sourcecode.swift; path = ProfileEditor.swift; sourceTree = "<group>"; };
		B7A696042530066000EE60A7 /* PageViewController.swift */ = {isa = PBXFileReference; lastKnownFileType = sourcecode.swift; path = PageViewController.swift; sourceTree = "<group>"; };
		B7A69609253008DC00EE60A7 /* PageView.swift */ = {isa = PBXFileReference; lastKnownFileType = sourcecode.swift; path = PageView.swift; sourceTree = "<group>"; };
		B7A6961225300AFE00EE60A7 /* FeatureCard.swift */ = {isa = PBXFileReference; lastKnownFileType = sourcecode.swift; path = FeatureCard.swift; sourceTree = "<group>"; };
		B7A6961A2530296100EE60A7 /* PageControl.swift */ = {isa = PBXFileReference; lastKnownFileType = sourcecode.swift; path = PageControl.swift; sourceTree = "<group>"; };
		B7A6962C25302FA300EE60A7 /* hiddenlake.jpg */ = {isa = PBXFileReference; lastKnownFileType = image.jpeg; path = hiddenlake.jpg; sourceTree = "<group>"; };
		B7A6962D25302FA300EE60A7 /* chincoteague.jpg */ = {isa = PBXFileReference; lastKnownFileType = image.jpeg; path = chincoteague.jpg; sourceTree = "<group>"; };
		B7A6962E25302FA300EE60A7 /* lakemcdonald.jpg */ = {isa = PBXFileReference; lastKnownFileType = image.jpeg; path = lakemcdonald.jpg; sourceTree = "<group>"; };
		B7A6962F25302FA300EE60A7 /* stmarylake.jpg */ = {isa = PBXFileReference; lastKnownFileType = image.jpeg; path = stmarylake.jpg; sourceTree = "<group>"; };
		B7A6963025302FA300EE60A7 /* turtlerock_feature.jpg */ = {isa = PBXFileReference; lastKnownFileType = image.jpeg; path = turtlerock_feature.jpg; sourceTree = "<group>"; };
		B7A6963125302FA400EE60A7 /* chilkoottrail.jpg */ = {isa = PBXFileReference; lastKnownFileType = image.jpeg; path = chilkoottrail.jpg; sourceTree = "<group>"; };
		B7A6963225302FA400EE60A7 /* turtlerock.jpg */ = {isa = PBXFileReference; lastKnownFileType = image.jpeg; path = turtlerock.jpg; sourceTree = "<group>"; };
		B7A6963325302FA400EE60A7 /* icybay.jpg */ = {isa = PBXFileReference; lastKnownFileType = image.jpeg; path = icybay.jpg; sourceTree = "<group>"; };
		B7A6963425302FA400EE60A7 /* twinlake.jpg */ = {isa = PBXFileReference; lastKnownFileType = image.jpeg; path = twinlake.jpg; sourceTree = "<group>"; };
		B7A6963525302FA400EE60A7 /* silversalmoncreek.jpg */ = {isa = PBXFileReference; lastKnownFileType = image.jpeg; path = silversalmoncreek.jpg; sourceTree = "<group>"; };
		B7A6963625302FA400EE60A7 /* charleyrivers.jpg */ = {isa = PBXFileReference; lastKnownFileType = image.jpeg; path = charleyrivers.jpg; sourceTree = "<group>"; };
		B7A6963725302FA400EE60A7 /* rainbowlake.jpg */ = {isa = PBXFileReference; lastKnownFileType = image.jpeg; path = rainbowlake.jpg; sourceTree = "<group>"; };
		B7A6963825302FA400EE60A7 /* stmarylake_feature.jpg */ = {isa = PBXFileReference; lastKnownFileType = image.jpeg; path = stmarylake_feature.jpg; sourceTree = "<group>"; };
		B7A6963925302FA400EE60A7 /* charleyrivers_feature.jpg */ = {isa = PBXFileReference; lastKnownFileType = image.jpeg; path = charleyrivers_feature.jpg; sourceTree = "<group>"; };
		B7A6963A25302FA400EE60A7 /* umbagog.jpg */ = {isa = PBXFileReference; lastKnownFileType = image.jpeg; path = umbagog.jpg; sourceTree = "<group>"; };
		B7A6964F2530338000EE60A7 /* WatchLandmarks.app */ = {isa = PBXFileReference; explicitFileType = wrapper.application; includeInIndex = 0; path = WatchLandmarks.app; sourceTree = BUILT_PRODUCTS_DIR; };
		B7A696522530338000EE60A7 /* Base */ = {isa = PBXFileReference; lastKnownFileType = file.storyboard; name = Base; path = Base.lproj/Interface.storyboard; sourceTree = "<group>"; };
		B7A696542530338300EE60A7 /* Assets.xcassets */ = {isa = PBXFileReference; lastKnownFileType = folder.assetcatalog; path = Assets.xcassets; sourceTree = "<group>"; };
		B7A696562530338300EE60A7 /* Info.plist */ = {isa = PBXFileReference; lastKnownFileType = text.plist.xml; path = Info.plist; sourceTree = "<group>"; };
		B7A6965B2530338400EE60A7 /* WatchLandmarks Extension.appex */ = {isa = PBXFileReference; explicitFileType = "wrapper.app-extension"; includeInIndex = 0; path = "WatchLandmarks Extension.appex"; sourceTree = BUILT_PRODUCTS_DIR; };
		B7A696602530338400EE60A7 /* HostingController.swift */ = {isa = PBXFileReference; lastKnownFileType = sourcecode.swift; path = HostingController.swift; sourceTree = "<group>"; };
		B7A696622530338400EE60A7 /* ContentView.swift */ = {isa = PBXFileReference; lastKnownFileType = sourcecode.swift; path = ContentView.swift; sourceTree = "<group>"; };
		B7A696642530338400EE60A7 /* ExtensionDelegate.swift */ = {isa = PBXFileReference; lastKnownFileType = sourcecode.swift; path = ExtensionDelegate.swift; sourceTree = "<group>"; };
		B7A696662530338400EE60A7 /* NotificationController.swift */ = {isa = PBXFileReference; lastKnownFileType = sourcecode.swift; path = NotificationController.swift; sourceTree = "<group>"; };
		B7A696682530338400EE60A7 /* NotificationView.swift */ = {isa = PBXFileReference; lastKnownFileType = sourcecode.swift; path = NotificationView.swift; sourceTree = "<group>"; };
		B7A6966A2530338400EE60A7 /* ComplicationController.swift */ = {isa = PBXFileReference; lastKnownFileType = sourcecode.swift; path = ComplicationController.swift; sourceTree = "<group>"; };
		B7A6966C2530338700EE60A7 /* Assets.xcassets */ = {isa = PBXFileReference; lastKnownFileType = folder.assetcatalog; path = Assets.xcassets; sourceTree = "<group>"; };
		B7A6966F2530338700EE60A7 /* Preview Assets.xcassets */ = {isa = PBXFileReference; lastKnownFileType = folder.assetcatalog; path = "Preview Assets.xcassets"; sourceTree = "<group>"; };
		B7A696712530338700EE60A7 /* Info.plist */ = {isa = PBXFileReference; lastKnownFileType = text.plist.xml; path = Info.plist; sourceTree = "<group>"; };
		B7A696722530338700EE60A7 /* PushNotificationPayload.apns */ = {isa = PBXFileReference; lastKnownFileType = text; path = PushNotificationPayload.apns; sourceTree = "<group>"; };
		B7A696E925303C0700EE60A7 /* WatchLandmarkDetail.swift */ = {isa = PBXFileReference; lastKnownFileType = sourcecode.swift; path = WatchLandmarkDetail.swift; sourceTree = "<group>"; };
		B7A696F02530480000EE60A7 /* WatchMapView.swift */ = {isa = PBXFileReference; lastKnownFileType = sourcecode.swift; path = WatchMapView.swift; sourceTree = "<group>"; };
		B7BC134A2507766E008491D6 /* hikeData.json */ = {isa = PBXFileReference; fileEncoding = 4; lastKnownFileType = text.json; path = hikeData.json; sourceTree = "<group>"; };
		B7BC134C250778B4008491D6 /* GraphCapsule.swift */ = {isa = PBXFileReference; lastKnownFileType = sourcecode.swift; path = GraphCapsule.swift; sourceTree = "<group>"; };
		B7BE949E252462F8005AE282 /* CategoryRow.swift */ = {isa = PBXFileReference; lastKnownFileType = sourcecode.swift; path = CategoryRow.swift; sourceTree = "<group>"; };
		B7BE94A6252479DC005AE282 /* Profile.swift */ = {isa = PBXFileReference; lastKnownFileType = sourcecode.swift; path = Profile.swift; sourceTree = "<group>"; };
		B7BE94AE25247A70005AE282 /* ProfileHost.swift */ = {isa = PBXFileReference; lastKnownFileType = sourcecode.swift; path = ProfileHost.swift; sourceTree = "<group>"; };
		B7BE94B325247C63005AE282 /* ProfileSummary.swift */ = {isa = PBXFileReference; lastKnownFileType = sourcecode.swift; path = ProfileSummary.swift; sourceTree = "<group>"; };
		B7BE94B825248006005AE282 /* HikeBadge.swift */ = {isa = PBXFileReference; lastKnownFileType = sourcecode.swift; path = HikeBadge.swift; sourceTree = "<group>"; };
		B7DB832C24F4FFC9005C26EF /* Landmarks.app */ = {isa = PBXFileReference; explicitFileType = wrapper.application; includeInIndex = 0; path = Landmarks.app; sourceTree = BUILT_PRODUCTS_DIR; };
		B7DB832F24F4FFC9005C26EF /* AppDelegate.swift */ = {isa = PBXFileReference; lastKnownFileType = sourcecode.swift; path = AppDelegate.swift; sourceTree = "<group>"; };
		B7DB833124F4FFC9005C26EF /* SceneDelegate.swift */ = {isa = PBXFileReference; lastKnownFileType = sourcecode.swift; path = SceneDelegate.swift; sourceTree = "<group>"; };
		B7DB833324F4FFC9005C26EF /* LandmarkDetail.swift */ = {isa = PBXFileReference; lastKnownFileType = sourcecode.swift; path = LandmarkDetail.swift; sourceTree = "<group>"; };
		B7DB833524F4FFCF005C26EF /* Assets.xcassets */ = {isa = PBXFileReference; lastKnownFileType = folder.assetcatalog; path = Assets.xcassets; sourceTree = "<group>"; };
		B7DB833824F4FFCF005C26EF /* Preview Assets.xcassets */ = {isa = PBXFileReference; lastKnownFileType = folder.assetcatalog; path = "Preview Assets.xcassets"; sourceTree = "<group>"; };
		B7DB833B24F4FFCF005C26EF /* Base */ = {isa = PBXFileReference; lastKnownFileType = file.storyboard; name = Base; path = Base.lproj/LaunchScreen.storyboard; sourceTree = "<group>"; };
		B7DB833D24F4FFCF005C26EF /* Info.plist */ = {isa = PBXFileReference; lastKnownFileType = text.plist.xml; path = Info.plist; sourceTree = "<group>"; };
		B7DB834224F4FFCF005C26EF /* LandmarksTests.xctest */ = {isa = PBXFileReference; explicitFileType = wrapper.cfbundle; includeInIndex = 0; path = LandmarksTests.xctest; sourceTree = BUILT_PRODUCTS_DIR; };
		B7DB834624F4FFCF005C26EF /* LandmarksTests.swift */ = {isa = PBXFileReference; lastKnownFileType = sourcecode.swift; path = LandmarksTests.swift; sourceTree = "<group>"; };
		B7DB834824F4FFCF005C26EF /* Info.plist */ = {isa = PBXFileReference; lastKnownFileType = text.plist.xml; path = Info.plist; sourceTree = "<group>"; };
		B7DB834D24F4FFCF005C26EF /* LandmarksUITests.xctest */ = {isa = PBXFileReference; explicitFileType = wrapper.cfbundle; includeInIndex = 0; path = LandmarksUITests.xctest; sourceTree = BUILT_PRODUCTS_DIR; };
		B7DB835124F4FFCF005C26EF /* LandmarksUITests.swift */ = {isa = PBXFileReference; lastKnownFileType = sourcecode.swift; path = LandmarksUITests.swift; sourceTree = "<group>"; };
		B7DB835324F4FFCF005C26EF /* Info.plist */ = {isa = PBXFileReference; lastKnownFileType = text.plist.xml; path = Info.plist; sourceTree = "<group>"; };
		B7DB835F24F5081E005C26EF /* CircleImage.swift */ = {isa = PBXFileReference; lastKnownFileType = sourcecode.swift; path = CircleImage.swift; sourceTree = "<group>"; };
/* End PBXFileReference section */

/* Begin PBXFrameworksBuildPhase section */
		B70F2D3A25313F5D004F7382 /* Frameworks */ = {
			isa = PBXFrameworksBuildPhase;
			buildActionMask = 2147483647;
			files = (
			);
			runOnlyForDeploymentPostprocessing = 0;
		};
		B70F2D4E25313F60004F7382 /* Frameworks */ = {
			isa = PBXFrameworksBuildPhase;
			buildActionMask = 2147483647;
			files = (
			);
			runOnlyForDeploymentPostprocessing = 0;
		};
		B70F2D5925313F60004F7382 /* Frameworks */ = {
			isa = PBXFrameworksBuildPhase;
			buildActionMask = 2147483647;
			files = (
			);
			runOnlyForDeploymentPostprocessing = 0;
		};
		B7A696582530338400EE60A7 /* Frameworks */ = {
			isa = PBXFrameworksBuildPhase;
			buildActionMask = 2147483647;
			files = (
			);
			runOnlyForDeploymentPostprocessing = 0;
		};
		B7DB832924F4FFC9005C26EF /* Frameworks */ = {
			isa = PBXFrameworksBuildPhase;
			buildActionMask = 2147483647;
			files = (
			);
			runOnlyForDeploymentPostprocessing = 0;
		};
		B7DB833F24F4FFCF005C26EF /* Frameworks */ = {
			isa = PBXFrameworksBuildPhase;
			buildActionMask = 2147483647;
			files = (
			);
			runOnlyForDeploymentPostprocessing = 0;
		};
		B7DB834A24F4FFCF005C26EF /* Frameworks */ = {
			isa = PBXFrameworksBuildPhase;
			buildActionMask = 2147483647;
			files = (
			);
			runOnlyForDeploymentPostprocessing = 0;
		};
/* End PBXFrameworksBuildPhase section */

/* Begin PBXGroup section */
		B70F2D3E25313F5D004F7382 /* MacLandmarks */ = {
			isa = PBXGroup;
			children = (
				B70F2D3F25313F5D004F7382 /* AppDelegate.swift */,
				B70F2D4125313F5D004F7382 /* ContentView.swift */,
				B70F2D4325313F60004F7382 /* Assets.xcassets */,
				B70F2D4825313F60004F7382 /* Main.storyboard */,
				B70F2D4B25313F60004F7382 /* Info.plist */,
				B70F2D4C25313F60004F7382 /* MacLandmarks.entitlements */,
				B70F2D4525313F60004F7382 /* Preview Content */,
			);
			path = MacLandmarks;
			sourceTree = "<group>";
		};
		B70F2D4525313F60004F7382 /* Preview Content */ = {
			isa = PBXGroup;
			children = (
				B70F2D4625313F60004F7382 /* Preview Assets.xcassets */,
			);
			path = "Preview Content";
			sourceTree = "<group>";
		};
		B70F2D5425313F60004F7382 /* MacLandmarksTests */ = {
			isa = PBXGroup;
			children = (
				B70F2D5525313F60004F7382 /* MacLandmarksTests.swift */,
				B70F2D5725313F60004F7382 /* Info.plist */,
			);
			path = MacLandmarksTests;
			sourceTree = "<group>";
		};
		B70F2D5F25313F60004F7382 /* MacLandmarksUITests */ = {
			isa = PBXGroup;
			children = (
				B70F2D6025313F60004F7382 /* MacLandmarksUITests.swift */,
				B70F2D6225313F60004F7382 /* Info.plist */,
			);
			path = MacLandmarksUITests;
			sourceTree = "<group>";
		};
		B718355224F7AE60004B4A9E /* Models */ = {
			isa = PBXGroup;
			children = (
				B718355024F7AE54004B4A9E /* Landmark.swift */,
				B788685F25007B740069FB79 /* UserData.swift */,
				B718355324F7AF0D004B4A9E /* Data.swift */,
				B7BE94A6252479DC005AE282 /* Profile.swift */,
				B71AF6D2250717300078C912 /* Hike.swift */,
			);
			path = Models;
			sourceTree = "<group>";
		};
		B718355524F7AFDE004B4A9E /* Resources */ = {
			isa = PBXGroup;
			children = (
				B718355D24F7AFDE004B4A9E /* landmarkData.json */,
				B7BC134A2507766E008491D6 /* hikeData.json */,
				B7A6963925302FA400EE60A7 /* charleyrivers_feature.jpg */,
				B7A6963625302FA400EE60A7 /* charleyrivers.jpg */,
				B7A6963125302FA400EE60A7 /* chilkoottrail.jpg */,
				B7A6962D25302FA300EE60A7 /* chincoteague.jpg */,
				B7A6962C25302FA300EE60A7 /* hiddenlake.jpg */,
				B7A6963325302FA400EE60A7 /* icybay.jpg */,
				B7A6962E25302FA300EE60A7 /* lakemcdonald.jpg */,
				B7A6963725302FA400EE60A7 /* rainbowlake.jpg */,
				B7A6963525302FA400EE60A7 /* silversalmoncreek.jpg */,
				B7A6963825302FA400EE60A7 /* stmarylake_feature.jpg */,
				B7A6962F25302FA300EE60A7 /* stmarylake.jpg */,
				B7A6963025302FA300EE60A7 /* turtlerock_feature.jpg */,
				B7A6963225302FA400EE60A7 /* turtlerock.jpg */,
				B7A6963425302FA400EE60A7 /* twinlake.jpg */,
				B7A6963A25302FA400EE60A7 /* umbagog.jpg */,
			);
			path = Resources;
			sourceTree = "<group>";
		};
		B718357024F7B1C8004B4A9E /* Views */ = {
			isa = PBXGroup;
			children = (
				B7A6961225300AFE00EE60A7 /* FeatureCard.swift */,
				B7DB835F24F5081E005C26EF /* CircleImage.swift */,
				B718354E24F7A15A004B4A9E /* MapView.swift */,
				B78868612500D0F70069FB79 /* Badge.swift */,
				B789784925022F0A00A61849 /* BadgeSymbol.swift */,
				B71AF6D025070F7F0078C912 /* RotatedBadgeSymbol.swift */,
				B789784725022D2F00A61849 /* BadgeBackground.swift */,
			);
			path = Views;
			sourceTree = "<group>";
		};
		B7A6962025302DD000EE60A7 /* Home */ = {
			isa = PBXGroup;
			children = (
				B7575A912524569E00AEA309 /* Home.swift */,
				B7BE949E252462F8005AE282 /* CategoryRow.swift */,
				B7A696042530066000EE60A7 /* PageViewController.swift */,
				B7A69609253008DC00EE60A7 /* PageView.swift */,
				B7A6961A2530296100EE60A7 /* PageControl.swift */,
			);
			path = Home;
			sourceTree = "<group>";
		};
		B7A6962425302E4900EE60A7 /* Hike */ = {
			isa = PBXGroup;
			children = (
				B7BE94B825248006005AE282 /* HikeBadge.swift */,
				B78868632500D2AE0069FB79 /* HexagonParameters.swift */,
				B758974A250B618600A12E70 /* HikeView.swift */,
				B7589748250B5E7500A12E70 /* HikeDetail.swift */,
				B71AF6D4250719AE0078C912 /* HikeGraph.swift */,
				B7BC134C250778B4008491D6 /* GraphCapsule.swift */,
			);
			path = Hike;
			sourceTree = "<group>";
		};
		B7A6962825302EE000EE60A7 /* Landmark Views */ = {
			isa = PBXGroup;
			children = (
				B77EC57D24FDD99400E08446 /* LandmarkList.swift */,
				B718357124F7B24B004B4A9E /* LandmarkRow.swift */,
				B7DB833324F4FFC9005C26EF /* LandmarkDetail.swift */,
			);
			path = "Landmark Views";
			sourceTree = "<group>";
		};
		B7A696502530338000EE60A7 /* WatchLandmarks */ = {
			isa = PBXGroup;
			children = (
				B7A696512530338000EE60A7 /* Interface.storyboard */,
				B7A696542530338300EE60A7 /* Assets.xcassets */,
				B7A696562530338300EE60A7 /* Info.plist */,
			);
			path = WatchLandmarks;
			sourceTree = "<group>";
		};
		B7A6965F2530338400EE60A7 /* WatchLandmarks Extension */ = {
			isa = PBXGroup;
			children = (
				B7A696E925303C0700EE60A7 /* WatchLandmarkDetail.swift */,
				B7A696F02530480000EE60A7 /* WatchMapView.swift */,
				B7A696622530338400EE60A7 /* ContentView.swift */,
				B7A696602530338400EE60A7 /* HostingController.swift */,
				B7A696642530338400EE60A7 /* ExtensionDelegate.swift */,
				B7A696662530338400EE60A7 /* NotificationController.swift */,
				B7A696682530338400EE60A7 /* NotificationView.swift */,
				B7A6966A2530338400EE60A7 /* ComplicationController.swift */,
				B7A6966C2530338700EE60A7 /* Assets.xcassets */,
				B7A696712530338700EE60A7 /* Info.plist */,
				B7A696722530338700EE60A7 /* PushNotificationPayload.apns */,
				B7A6966E2530338700EE60A7 /* Preview Content */,
			);
			path = "WatchLandmarks Extension";
			sourceTree = "<group>";
		};
		B7A6966E2530338700EE60A7 /* Preview Content */ = {
			isa = PBXGroup;
			children = (
				B7A6966F2530338700EE60A7 /* Preview Assets.xcassets */,
			);
			path = "Preview Content";
			sourceTree = "<group>";
		};
		B7BE94A52524796C005AE282 /* Profile */ = {
			isa = PBXGroup;
			children = (
				B7BE94AE25247A70005AE282 /* ProfileHost.swift */,
				B7BE94B325247C63005AE282 /* ProfileSummary.swift */,
				B7A695FF252FF8BF00EE60A7 /* ProfileEditor.swift */,
			);
			path = Profile;
			sourceTree = "<group>";
		};
		B7DB832324F4FFC9005C26EF = {
			isa = PBXGroup;
			children = (
				B7DB832E24F4FFC9005C26EF /* Landmarks */,
				B7DB834524F4FFCF005C26EF /* LandmarksTests */,
				B7DB835024F4FFCF005C26EF /* LandmarksUITests */,
				B7A696502530338000EE60A7 /* WatchLandmarks */,
				B7A6965F2530338400EE60A7 /* WatchLandmarks Extension */,
				B70F2D3E25313F5D004F7382 /* MacLandmarks */,
				B70F2D5425313F60004F7382 /* MacLandmarksTests */,
				B70F2D5F25313F60004F7382 /* MacLandmarksUITests */,
				B7DB832D24F4FFC9005C26EF /* Products */,
			);
			sourceTree = "<group>";
		};
		B7DB832D24F4FFC9005C26EF /* Products */ = {
			isa = PBXGroup;
			children = (
				B7DB832C24F4FFC9005C26EF /* Landmarks.app */,
				B7DB834224F4FFCF005C26EF /* LandmarksTests.xctest */,
				B7DB834D24F4FFCF005C26EF /* LandmarksUITests.xctest */,
				B7A6964F2530338000EE60A7 /* WatchLandmarks.app */,
				B7A6965B2530338400EE60A7 /* WatchLandmarks Extension.appex */,
				B70F2D3D25313F5D004F7382 /* MacLandmarks.app */,
				B70F2D5125313F60004F7382 /* MacLandmarksTests.xctest */,
				B70F2D5C25313F60004F7382 /* MacLandmarksUITests.xctest */,
			);
			name = Products;
			sourceTree = "<group>";
		};
		B7DB832E24F4FFC9005C26EF /* Landmarks */ = {
			isa = PBXGroup;
			children = (
				B7DB832F24F4FFC9005C26EF /* AppDelegate.swift */,
				B7DB833124F4FFC9005C26EF /* SceneDelegate.swift */,
				B7A6962025302DD000EE60A7 /* Home */,
				B7A6962825302EE000EE60A7 /* Landmark Views */,
				B718355224F7AE60004B4A9E /* Models */,
				B7BE94A52524796C005AE282 /* Profile */,
				B7A6962425302E4900EE60A7 /* Hike */,
				B718357024F7B1C8004B4A9E /* Views */,
				B718355524F7AFDE004B4A9E /* Resources */,
				B7DB833524F4FFCF005C26EF /* Assets.xcassets */,
				B7DB833A24F4FFCF005C26EF /* LaunchScreen.storyboard */,
				B7DB833D24F4FFCF005C26EF /* Info.plist */,
				B7DB833724F4FFCF005C26EF /* Preview Content */,
			);
			path = Landmarks;
			sourceTree = "<group>";
		};
		B7DB833724F4FFCF005C26EF /* Preview Content */ = {
			isa = PBXGroup;
			children = (
				B7DB833824F4FFCF005C26EF /* Preview Assets.xcassets */,
			);
			path = "Preview Content";
			sourceTree = "<group>";
		};
		B7DB834524F4FFCF005C26EF /* LandmarksTests */ = {
			isa = PBXGroup;
			children = (
				B7DB834624F4FFCF005C26EF /* LandmarksTests.swift */,
				B7DB834824F4FFCF005C26EF /* Info.plist */,
			);
			path = LandmarksTests;
			sourceTree = "<group>";
		};
		B7DB835024F4FFCF005C26EF /* LandmarksUITests */ = {
			isa = PBXGroup;
			children = (
				B7DB835124F4FFCF005C26EF /* LandmarksUITests.swift */,
				B7DB835324F4FFCF005C26EF /* Info.plist */,
			);
			path = LandmarksUITests;
			sourceTree = "<group>";
		};
/* End PBXGroup section */

/* Begin PBXNativeTarget section */
		B70F2D3C25313F5D004F7382 /* MacLandmarks */ = {
			isa = PBXNativeTarget;
			buildConfigurationList = B70F2D6925313F60004F7382 /* Build configuration list for PBXNativeTarget "MacLandmarks" */;
			buildPhases = (
				B70F2D3925313F5D004F7382 /* Sources */,
				B70F2D3A25313F5D004F7382 /* Frameworks */,
				B70F2D3B25313F5D004F7382 /* Resources */,
			);
			buildRules = (
			);
			dependencies = (
			);
			name = MacLandmarks;
			productName = MacLandmarks;
			productReference = B70F2D3D25313F5D004F7382 /* MacLandmarks.app */;
			productType = "com.apple.product-type.application";
		};
		B70F2D5025313F60004F7382 /* MacLandmarksTests */ = {
			isa = PBXNativeTarget;
			buildConfigurationList = B70F2D6A25313F60004F7382 /* Build configuration list for PBXNativeTarget "MacLandmarksTests" */;
			buildPhases = (
				B70F2D4D25313F60004F7382 /* Sources */,
				B70F2D4E25313F60004F7382 /* Frameworks */,
				B70F2D4F25313F60004F7382 /* Resources */,
			);
			buildRules = (
			);
			dependencies = (
				B70F2D5325313F60004F7382 /* PBXTargetDependency */,
			);
			name = MacLandmarksTests;
			productName = MacLandmarksTests;
			productReference = B70F2D5125313F60004F7382 /* MacLandmarksTests.xctest */;
			productType = "com.apple.product-type.bundle.unit-test";
		};
		B70F2D5B25313F60004F7382 /* MacLandmarksUITests */ = {
			isa = PBXNativeTarget;
			buildConfigurationList = B70F2D6B25313F60004F7382 /* Build configuration list for PBXNativeTarget "MacLandmarksUITests" */;
			buildPhases = (
				B70F2D5825313F60004F7382 /* Sources */,
				B70F2D5925313F60004F7382 /* Frameworks */,
				B70F2D5A25313F60004F7382 /* Resources */,
			);
			buildRules = (
			);
			dependencies = (
				B70F2D5E25313F60004F7382 /* PBXTargetDependency */,
			);
			name = MacLandmarksUITests;
			productName = MacLandmarksUITests;
			productReference = B70F2D5C25313F60004F7382 /* MacLandmarksUITests.xctest */;
			productType = "com.apple.product-type.bundle.ui-testing";
		};
		B7A6964E2530338000EE60A7 /* WatchLandmarks */ = {
			isa = PBXNativeTarget;
			buildConfigurationList = B7A6967A2530338700EE60A7 /* Build configuration list for PBXNativeTarget "WatchLandmarks" */;
			buildPhases = (
				B7A6964D2530338000EE60A7 /* Resources */,
				B7A696792530338700EE60A7 /* Embed App Extensions */,
			);
			buildRules = (
			);
			dependencies = (
				B7A6965E2530338400EE60A7 /* PBXTargetDependency */,
			);
			name = WatchLandmarks;
			productName = WatchLandmarks;
			productReference = B7A6964F2530338000EE60A7 /* WatchLandmarks.app */;
			productType = "com.apple.product-type.application.watchapp2";
		};
		B7A6965A2530338400EE60A7 /* WatchLandmarks Extension */ = {
			isa = PBXNativeTarget;
			buildConfigurationList = B7A696762530338700EE60A7 /* Build configuration list for PBXNativeTarget "WatchLandmarks Extension" */;
			buildPhases = (
				B7A696572530338400EE60A7 /* Sources */,
				B7A696582530338400EE60A7 /* Frameworks */,
				B7A696592530338400EE60A7 /* Resources */,
			);
			buildRules = (
			);
			dependencies = (
			);
			name = "WatchLandmarks Extension";
			productName = "WatchLandmarks Extension";
			productReference = B7A6965B2530338400EE60A7 /* WatchLandmarks Extension.appex */;
			productType = "com.apple.product-type.watchkit2-extension";
		};
		B7DB832B24F4FFC9005C26EF /* Landmarks */ = {
			isa = PBXNativeTarget;
			buildConfigurationList = B7DB835624F4FFCF005C26EF /* Build configuration list for PBXNativeTarget "Landmarks" */;
			buildPhases = (
				B7DB832824F4FFC9005C26EF /* Sources */,
				B7DB832924F4FFC9005C26EF /* Frameworks */,
				B7DB832A24F4FFC9005C26EF /* Resources */,
				B7A6967D2530338700EE60A7 /* Embed Watch Content */,
			);
			buildRules = (
			);
			dependencies = (
				B7A696742530338700EE60A7 /* PBXTargetDependency */,
			);
			name = Landmarks;
			productName = Landmarks;
			productReference = B7DB832C24F4FFC9005C26EF /* Landmarks.app */;
			productType = "com.apple.product-type.application";
		};
		B7DB834124F4FFCF005C26EF /* LandmarksTests */ = {
			isa = PBXNativeTarget;
			buildConfigurationList = B7DB835924F4FFCF005C26EF /* Build configuration list for PBXNativeTarget "LandmarksTests" */;
			buildPhases = (
				B7DB833E24F4FFCF005C26EF /* Sources */,
				B7DB833F24F4FFCF005C26EF /* Frameworks */,
				B7DB834024F4FFCF005C26EF /* Resources */,
			);
			buildRules = (
			);
			dependencies = (
				B7DB834424F4FFCF005C26EF /* PBXTargetDependency */,
			);
			name = LandmarksTests;
			productName = LandmarksTests;
			productReference = B7DB834224F4FFCF005C26EF /* LandmarksTests.xctest */;
			productType = "com.apple.product-type.bundle.unit-test";
		};
		B7DB834C24F4FFCF005C26EF /* LandmarksUITests */ = {
			isa = PBXNativeTarget;
			buildConfigurationList = B7DB835C24F4FFCF005C26EF /* Build configuration list for PBXNativeTarget "LandmarksUITests" */;
			buildPhases = (
				B7DB834924F4FFCF005C26EF /* Sources */,
				B7DB834A24F4FFCF005C26EF /* Frameworks */,
				B7DB834B24F4FFCF005C26EF /* Resources */,
			);
			buildRules = (
			);
			dependencies = (
				B7DB834F24F4FFCF005C26EF /* PBXTargetDependency */,
			);
			name = LandmarksUITests;
			productName = LandmarksUITests;
			productReference = B7DB834D24F4FFCF005C26EF /* LandmarksUITests.xctest */;
			productType = "com.apple.product-type.bundle.ui-testing";
		};
/* End PBXNativeTarget section */

/* Begin PBXProject section */
		B7DB832424F4FFC9005C26EF /* Project object */ = {
			isa = PBXProject;
			attributes = {
				LastSwiftUpdateCheck = 1200;
				LastUpgradeCheck = 1160;
				ORGANIZATIONNAME = Smartech;
				TargetAttributes = {
					B70F2D3C25313F5D004F7382 = {
						CreatedOnToolsVersion = 12.0.1;
					};
					B70F2D5025313F60004F7382 = {
						CreatedOnToolsVersion = 12.0.1;
						TestTargetID = B70F2D3C25313F5D004F7382;
					};
					B70F2D5B25313F60004F7382 = {
						CreatedOnToolsVersion = 12.0.1;
						TestTargetID = B70F2D3C25313F5D004F7382;
					};
					B7A6964E2530338000EE60A7 = {
						CreatedOnToolsVersion = 12.0.1;
					};
					B7A6965A2530338400EE60A7 = {
						CreatedOnToolsVersion = 12.0.1;
					};
					B7DB832B24F4FFC9005C26EF = {
						CreatedOnToolsVersion = 11.6;
					};
					B7DB834124F4FFCF005C26EF = {
						CreatedOnToolsVersion = 11.6;
						TestTargetID = B7DB832B24F4FFC9005C26EF;
					};
					B7DB834C24F4FFCF005C26EF = {
						CreatedOnToolsVersion = 11.6;
						TestTargetID = B7DB832B24F4FFC9005C26EF;
					};
				};
			};
			buildConfigurationList = B7DB832724F4FFC9005C26EF /* Build configuration list for PBXProject "Landmarks" */;
			compatibilityVersion = "Xcode 9.3";
			developmentRegion = en;
			hasScannedForEncodings = 0;
			knownRegions = (
				en,
				Base,
			);
			mainGroup = B7DB832324F4FFC9005C26EF;
			productRefGroup = B7DB832D24F4FFC9005C26EF /* Products */;
			projectDirPath = "";
			projectRoot = "";
			targets = (
				B7DB832B24F4FFC9005C26EF /* Landmarks */,
				B7DB834124F4FFCF005C26EF /* LandmarksTests */,
				B7DB834C24F4FFCF005C26EF /* LandmarksUITests */,
				B7A6964E2530338000EE60A7 /* WatchLandmarks */,
				B7A6965A2530338400EE60A7 /* WatchLandmarks Extension */,
				B70F2D3C25313F5D004F7382 /* MacLandmarks */,
				B70F2D5025313F60004F7382 /* MacLandmarksTests */,
				B70F2D5B25313F60004F7382 /* MacLandmarksUITests */,
			);
		};
/* End PBXProject section */

/* Begin PBXResourcesBuildPhase section */
		B70F2D3B25313F5D004F7382 /* Resources */ = {
			isa = PBXResourcesBuildPhase;
			buildActionMask = 2147483647;
			files = (
				B70F2D4A25313F60004F7382 /* Main.storyboard in Resources */,
				B70F2D4725313F60004F7382 /* Preview Assets.xcassets in Resources */,
				B70F2D4425313F60004F7382 /* Assets.xcassets in Resources */,
			);
			runOnlyForDeploymentPostprocessing = 0;
		};
		B70F2D4F25313F60004F7382 /* Resources */ = {
			isa = PBXResourcesBuildPhase;
			buildActionMask = 2147483647;
			files = (
			);
			runOnlyForDeploymentPostprocessing = 0;
		};
		B70F2D5A25313F60004F7382 /* Resources */ = {
			isa = PBXResourcesBuildPhase;
			buildActionMask = 2147483647;
			files = (
			);
			runOnlyForDeploymentPostprocessing = 0;
		};
		B7A6964D2530338000EE60A7 /* Resources */ = {
			isa = PBXResourcesBuildPhase;
			buildActionMask = 2147483647;
			files = (
				B7A696552530338300EE60A7 /* Assets.xcassets in Resources */,
				B7A696B42530379700EE60A7 /* Assets.xcassets in Resources */,
				B7A696532530338000EE60A7 /* Interface.storyboard in Resources */,
			);
			runOnlyForDeploymentPostprocessing = 0;
		};
		B7A696592530338400EE60A7 /* Resources */ = {
			isa = PBXResourcesBuildPhase;
			buildActionMask = 2147483647;
			files = (
				B7A697132530530100EE60A7 /* silversalmoncreek.jpg in Resources */,
				B7A696702530338700EE60A7 /* Preview Assets.xcassets in Resources */,
				B7A697112530530100EE60A7 /* hiddenlake.jpg in Resources */,
				B7A697102530530100EE60A7 /* rainbowlake.jpg in Resources */,
				B7A697072530530100EE60A7 /* chilkoottrail.jpg in Resources */,
				B7A6970D2530530100EE60A7 /* turtlerock.jpg in Resources */,
				B7A697162530530100EE60A7 /* umbagog.jpg in Resources */,
				B7A697142530530100EE60A7 /* charleyrivers_feature.jpg in Resources */,
				B7A697152530530100EE60A7 /* charleyrivers.jpg in Resources */,
				B7A697082530530100EE60A7 /* twinlake.jpg in Resources */,
				B7A6970A2530530100EE60A7 /* stmarylake_feature.jpg in Resources */,
				B7A697092530530100EE60A7 /* landmarkData.json in Resources */,
				B7A6970F2530530100EE60A7 /* hikeData.json in Resources */,
				B7A6970E2530530100EE60A7 /* lakemcdonald.jpg in Resources */,
				B7A6966D2530338700EE60A7 /* Assets.xcassets in Resources */,
				B7A6970B2530530100EE60A7 /* stmarylake.jpg in Resources */,
				B7A697172530530100EE60A7 /* chincoteague.jpg in Resources */,
				B7A697122530530100EE60A7 /* icybay.jpg in Resources */,
				B7A6970C2530530100EE60A7 /* turtlerock_feature.jpg in Resources */,
			);
			runOnlyForDeploymentPostprocessing = 0;
		};
		B7DB832A24F4FFC9005C26EF /* Resources */ = {
			isa = PBXResourcesBuildPhase;
			buildActionMask = 2147483647;
			files = (
				B7A6964425302FA400EE60A7 /* silversalmoncreek.jpg in Resources */,
				B7A6963E25302FA400EE60A7 /* stmarylake.jpg in Resources */,
				B7BC134B2507766E008491D6 /* hikeData.json in Resources */,
				B7A6964725302FA400EE60A7 /* stmarylake_feature.jpg in Resources */,
				B7A6964925302FA400EE60A7 /* umbagog.jpg in Resources */,
				B7A6964525302FA400EE60A7 /* charleyrivers.jpg in Resources */,
				B7A6964225302FA400EE60A7 /* icybay.jpg in Resources */,
				B718356A24F7AFDE004B4A9E /* landmarkData.json in Resources */,
				B7A6964325302FA400EE60A7 /* twinlake.jpg in Resources */,
				B7DB833C24F4FFCF005C26EF /* LaunchScreen.storyboard in Resources */,
				B7A6963C25302FA400EE60A7 /* chincoteague.jpg in Resources */,
				B7A6964825302FA400EE60A7 /* charleyrivers_feature.jpg in Resources */,
				B7DB833924F4FFCF005C26EF /* Preview Assets.xcassets in Resources */,
				B7A6964025302FA400EE60A7 /* chilkoottrail.jpg in Resources */,
				B7A6963B25302FA400EE60A7 /* hiddenlake.jpg in Resources */,
				B7A6964125302FA400EE60A7 /* turtlerock.jpg in Resources */,
				B7A6963D25302FA400EE60A7 /* lakemcdonald.jpg in Resources */,
				B7DB833624F4FFCF005C26EF /* Assets.xcassets in Resources */,
				B7A6963F25302FA400EE60A7 /* turtlerock_feature.jpg in Resources */,
				B7A6964625302FA400EE60A7 /* rainbowlake.jpg in Resources */,
			);
			runOnlyForDeploymentPostprocessing = 0;
		};
		B7DB834024F4FFCF005C26EF /* Resources */ = {
			isa = PBXResourcesBuildPhase;
			buildActionMask = 2147483647;
			files = (
			);
			runOnlyForDeploymentPostprocessing = 0;
		};
		B7DB834B24F4FFCF005C26EF /* Resources */ = {
			isa = PBXResourcesBuildPhase;
			buildActionMask = 2147483647;
			files = (
			);
			runOnlyForDeploymentPostprocessing = 0;
		};
/* End PBXResourcesBuildPhase section */

/* Begin PBXSourcesBuildPhase section */
		B70F2D3925313F5D004F7382 /* Sources */ = {
			isa = PBXSourcesBuildPhase;
			buildActionMask = 2147483647;
			files = (
				B70F2D4225313F5D004F7382 /* ContentView.swift in Sources */,
				B70F2D4025313F5D004F7382 /* AppDelegate.swift in Sources */,
			);
			runOnlyForDeploymentPostprocessing = 0;
		};
		B70F2D4D25313F60004F7382 /* Sources */ = {
			isa = PBXSourcesBuildPhase;
			buildActionMask = 2147483647;
			files = (
				B70F2D5625313F60004F7382 /* MacLandmarksTests.swift in Sources */,
			);
			runOnlyForDeploymentPostprocessing = 0;
		};
		B70F2D5825313F60004F7382 /* Sources */ = {
			isa = PBXSourcesBuildPhase;
			buildActionMask = 2147483647;
			files = (
				B70F2D6125313F60004F7382 /* MacLandmarksUITests.swift in Sources */,
			);
			runOnlyForDeploymentPostprocessing = 0;
		};
		B7A696572530338400EE60A7 /* Sources */ = {
			isa = PBXSourcesBuildPhase;
			buildActionMask = 2147483647;
			files = (
				B7A696EA25303C0700EE60A7 /* WatchLandmarkDetail.swift in Sources */,
				B7A696632530338400EE60A7 /* ContentView.swift in Sources */,
				B7A69688253034A400EE60A7 /* Profile.swift in Sources */,
				B7A696FC2530500D00EE60A7 /* LandmarkList.swift in Sources */,
				B7A69684253034A400EE60A7 /* CircleImage.swift in Sources */,
				B7A696612530338400EE60A7 /* HostingController.swift in Sources */,
				B7A69685253034A400EE60A7 /* UserData.swift in Sources */,
				B7A696672530338400EE60A7 /* NotificationController.swift in Sources */,
				B7A69683253034A400EE60A7 /* Hike.swift in Sources */,
				B7A696652530338400EE60A7 /* ExtensionDelegate.swift in Sources */,
				B7A69689253034A400EE60A7 /* Data.swift in Sources */,
				B7A696692530338400EE60A7 /* NotificationView.swift in Sources */,
				B7A696F12530480000EE60A7 /* WatchMapView.swift in Sources */,
				B7A69687253034A400EE60A7 /* LandmarkRow.swift in Sources */,
				B7A6966B2530338400EE60A7 /* ComplicationController.swift in Sources */,
				B7A69686253034A400EE60A7 /* Landmark.swift in Sources */,
			);
			runOnlyForDeploymentPostprocessing = 0;
		};
		B7DB832824F4FFC9005C26EF /* Sources */ = {
			isa = PBXSourcesBuildPhase;
			buildActionMask = 2147483647;
			files = (
				B7BE949F252462F8005AE282 /* CategoryRow.swift in Sources */,
				B78868642500D2AE0069FB79 /* HexagonParameters.swift in Sources */,
				B718355424F7AF0D004B4A9E /* Data.swift in Sources */,
				B7BE94AF25247A70005AE282 /* ProfileHost.swift in Sources */,
				B7A6961325300AFE00EE60A7 /* FeatureCard.swift in Sources */,
				B7BE94A7252479DD005AE282 /* Profile.swift in Sources */,
				B7DB833024F4FFC9005C26EF /* AppDelegate.swift in Sources */,
				B7A6960A253008DC00EE60A7 /* PageView.swift in Sources */,
				B78868622500D0F70069FB79 /* Badge.swift in Sources */,
				B7DB836024F5081E005C26EF /* CircleImage.swift in Sources */,
				B718354F24F7A15A004B4A9E /* MapView.swift in Sources */,
				B71AF6D3250717300078C912 /* Hike.swift in Sources */,
				B7589749250B5E7500A12E70 /* HikeDetail.swift in Sources */,
				B77EC57E24FDD99500E08446 /* LandmarkList.swift in Sources */,
				B789784A25022F0A00A61849 /* BadgeSymbol.swift in Sources */,
				B71AF6D125070F7F0078C912 /* RotatedBadgeSymbol.swift in Sources */,
				B7DB833224F4FFC9005C26EF /* SceneDelegate.swift in Sources */,
				B7A696052530066000EE60A7 /* PageViewController.swift in Sources */,
				B789784825022D2F00A61849 /* BadgeBackground.swift in Sources */,
				B7BE94B925248006005AE282 /* HikeBadge.swift in Sources */,
				B7575A922524569E00AEA309 /* Home.swift in Sources */,
				B758974B250B618600A12E70 /* HikeView.swift in Sources */,
				B7DB833424F4FFC9005C26EF /* LandmarkDetail.swift in Sources */,
				B718357224F7B24B004B4A9E /* LandmarkRow.swift in Sources */,
				B7BC134D250778B4008491D6 /* GraphCapsule.swift in Sources */,
				B718355124F7AE55004B4A9E /* Landmark.swift in Sources */,
				B7BE94B425247C63005AE282 /* ProfileSummary.swift in Sources */,
				B7A6961B2530296100EE60A7 /* PageControl.swift in Sources */,
				B788686025007B740069FB79 /* UserData.swift in Sources */,
				B71AF6D5250719AE0078C912 /* HikeGraph.swift in Sources */,
				B7A69600252FF8BF00EE60A7 /* ProfileEditor.swift in Sources */,
			);
			runOnlyForDeploymentPostprocessing = 0;
		};
		B7DB833E24F4FFCF005C26EF /* Sources */ = {
			isa = PBXSourcesBuildPhase;
			buildActionMask = 2147483647;
			files = (
				B7DB834724F4FFCF005C26EF /* LandmarksTests.swift in Sources */,
			);
			runOnlyForDeploymentPostprocessing = 0;
		};
		B7DB834924F4FFCF005C26EF /* Sources */ = {
			isa = PBXSourcesBuildPhase;
			buildActionMask = 2147483647;
			files = (
				B7DB835224F4FFCF005C26EF /* LandmarksUITests.swift in Sources */,
			);
			runOnlyForDeploymentPostprocessing = 0;
		};
/* End PBXSourcesBuildPhase section */

/* Begin PBXTargetDependency section */
		B70F2D5325313F60004F7382 /* PBXTargetDependency */ = {
			isa = PBXTargetDependency;
			target = B70F2D3C25313F5D004F7382 /* MacLandmarks */;
			targetProxy = B70F2D5225313F60004F7382 /* PBXContainerItemProxy */;
		};
		B70F2D5E25313F60004F7382 /* PBXTargetDependency */ = {
			isa = PBXTargetDependency;
			target = B70F2D3C25313F5D004F7382 /* MacLandmarks */;
			targetProxy = B70F2D5D25313F60004F7382 /* PBXContainerItemProxy */;
		};
		B7A6965E2530338400EE60A7 /* PBXTargetDependency */ = {
			isa = PBXTargetDependency;
			target = B7A6965A2530338400EE60A7 /* WatchLandmarks Extension */;
			targetProxy = B7A6965D2530338400EE60A7 /* PBXContainerItemProxy */;
		};
		B7A696742530338700EE60A7 /* PBXTargetDependency */ = {
			isa = PBXTargetDependency;
			target = B7A6964E2530338000EE60A7 /* WatchLandmarks */;
			targetProxy = B7A696732530338700EE60A7 /* PBXContainerItemProxy */;
		};
		B7DB834424F4FFCF005C26EF /* PBXTargetDependency */ = {
			isa = PBXTargetDependency;
			target = B7DB832B24F4FFC9005C26EF /* Landmarks */;
			targetProxy = B7DB834324F4FFCF005C26EF /* PBXContainerItemProxy */;
		};
		B7DB834F24F4FFCF005C26EF /* PBXTargetDependency */ = {
			isa = PBXTargetDependency;
			target = B7DB832B24F4FFC9005C26EF /* Landmarks */;
			targetProxy = B7DB834E24F4FFCF005C26EF /* PBXContainerItemProxy */;
		};
/* End PBXTargetDependency section */

/* Begin PBXVariantGroup section */
		B70F2D4825313F60004F7382 /* Main.storyboard */ = {
			isa = PBXVariantGroup;
			children = (
				B70F2D4925313F60004F7382 /* Base */,
			);
			name = Main.storyboard;
			sourceTree = "<group>";
		};
		B7A696512530338000EE60A7 /* Interface.storyboard */ = {
			isa = PBXVariantGroup;
			children = (
				B7A696522530338000EE60A7 /* Base */,
			);
			name = Interface.storyboard;
			sourceTree = "<group>";
		};
		B7DB833A24F4FFCF005C26EF /* LaunchScreen.storyboard */ = {
			isa = PBXVariantGroup;
			children = (
				B7DB833B24F4FFCF005C26EF /* Base */,
			);
			name = LaunchScreen.storyboard;
			sourceTree = "<group>";
		};
/* End PBXVariantGroup section */

/* Begin XCBuildConfiguration section */
		B70F2D6325313F60004F7382 /* Debug */ = {
			isa = XCBuildConfiguration;
			buildSettings = {
				ASSETCATALOG_COMPILER_APPICON_NAME = AppIcon;
				ASSETCATALOG_COMPILER_GLOBAL_ACCENT_COLOR_NAME = AccentColor;
				CLANG_WARN_QUOTED_INCLUDE_IN_FRAMEWORK_HEADER = YES;
				CODE_SIGN_ENTITLEMENTS = MacLandmarks/MacLandmarks.entitlements;
				CODE_SIGN_STYLE = Automatic;
				COMBINE_HIDPI_IMAGES = YES;
				DEVELOPMENT_ASSET_PATHS = "\"MacLandmarks/Preview Content\"";
				ENABLE_PREVIEWS = YES;
				INFOPLIST_FILE = MacLandmarks/Info.plist;
				LD_RUNPATH_SEARCH_PATHS = (
					"$(inherited)",
					"@executable_path/../Frameworks",
				);
				MACOSX_DEPLOYMENT_TARGET = 10.15;
				PRODUCT_BUNDLE_IDENTIFIER = com.smartech.MacLandmarks;
				PRODUCT_NAME = "$(TARGET_NAME)";
				SDKROOT = macosx;
				SWIFT_VERSION = 5.0;
			};
			name = Debug;
		};
		B70F2D6425313F60004F7382 /* Release */ = {
			isa = XCBuildConfiguration;
			buildSettings = {
				ASSETCATALOG_COMPILER_APPICON_NAME = AppIcon;
				ASSETCATALOG_COMPILER_GLOBAL_ACCENT_COLOR_NAME = AccentColor;
				CLANG_WARN_QUOTED_INCLUDE_IN_FRAMEWORK_HEADER = YES;
				CODE_SIGN_ENTITLEMENTS = MacLandmarks/MacLandmarks.entitlements;
				CODE_SIGN_STYLE = Automatic;
				COMBINE_HIDPI_IMAGES = YES;
				DEVELOPMENT_ASSET_PATHS = "\"MacLandmarks/Preview Content\"";
				ENABLE_PREVIEWS = YES;
				INFOPLIST_FILE = MacLandmarks/Info.plist;
				LD_RUNPATH_SEARCH_PATHS = (
					"$(inherited)",
					"@executable_path/../Frameworks",
				);
				MACOSX_DEPLOYMENT_TARGET = 10.15;
				PRODUCT_BUNDLE_IDENTIFIER = com.smartech.MacLandmarks;
				PRODUCT_NAME = "$(TARGET_NAME)";
				SDKROOT = macosx;
				SWIFT_VERSION = 5.0;
			};
			name = Release;
		};
		B70F2D6525313F60004F7382 /* Debug */ = {
			isa = XCBuildConfiguration;
			buildSettings = {
				ALWAYS_EMBED_SWIFT_STANDARD_LIBRARIES = YES;
				BUNDLE_LOADER = "$(TEST_HOST)";
				CLANG_WARN_QUOTED_INCLUDE_IN_FRAMEWORK_HEADER = YES;
				CODE_SIGN_STYLE = Automatic;
				COMBINE_HIDPI_IMAGES = YES;
				INFOPLIST_FILE = MacLandmarksTests/Info.plist;
				LD_RUNPATH_SEARCH_PATHS = (
					"$(inherited)",
					"@executable_path/../Frameworks",
					"@loader_path/../Frameworks",
				);
				MACOSX_DEPLOYMENT_TARGET = 10.15;
				PRODUCT_BUNDLE_IDENTIFIER = com.smartech.MacLandmarksTests;
				PRODUCT_NAME = "$(TARGET_NAME)";
				SDKROOT = macosx;
				SWIFT_VERSION = 5.0;
				TEST_HOST = "$(BUILT_PRODUCTS_DIR)/MacLandmarks.app/Contents/MacOS/MacLandmarks";
			};
			name = Debug;
		};
		B70F2D6625313F60004F7382 /* Release */ = {
			isa = XCBuildConfiguration;
			buildSettings = {
				ALWAYS_EMBED_SWIFT_STANDARD_LIBRARIES = YES;
				BUNDLE_LOADER = "$(TEST_HOST)";
				CLANG_WARN_QUOTED_INCLUDE_IN_FRAMEWORK_HEADER = YES;
				CODE_SIGN_STYLE = Automatic;
				COMBINE_HIDPI_IMAGES = YES;
				INFOPLIST_FILE = MacLandmarksTests/Info.plist;
				LD_RUNPATH_SEARCH_PATHS = (
					"$(inherited)",
					"@executable_path/../Frameworks",
					"@loader_path/../Frameworks",
				);
				MACOSX_DEPLOYMENT_TARGET = 10.15;
				PRODUCT_BUNDLE_IDENTIFIER = com.smartech.MacLandmarksTests;
				PRODUCT_NAME = "$(TARGET_NAME)";
				SDKROOT = macosx;
				SWIFT_VERSION = 5.0;
				TEST_HOST = "$(BUILT_PRODUCTS_DIR)/MacLandmarks.app/Contents/MacOS/MacLandmarks";
			};
			name = Release;
		};
		B70F2D6725313F60004F7382 /* Debug */ = {
			isa = XCBuildConfiguration;
			buildSettings = {
				ALWAYS_EMBED_SWIFT_STANDARD_LIBRARIES = YES;
				CLANG_WARN_QUOTED_INCLUDE_IN_FRAMEWORK_HEADER = YES;
				CODE_SIGN_STYLE = Automatic;
				COMBINE_HIDPI_IMAGES = YES;
				INFOPLIST_FILE = MacLandmarksUITests/Info.plist;
				LD_RUNPATH_SEARCH_PATHS = (
					"$(inherited)",
					"@executable_path/../Frameworks",
					"@loader_path/../Frameworks",
				);
				MACOSX_DEPLOYMENT_TARGET = 10.15;
				PRODUCT_BUNDLE_IDENTIFIER = com.smartech.MacLandmarksUITests;
				PRODUCT_NAME = "$(TARGET_NAME)";
				SDKROOT = macosx;
				SWIFT_VERSION = 5.0;
				TEST_TARGET_NAME = MacLandmarks;
			};
			name = Debug;
		};
		B70F2D6825313F60004F7382 /* Release */ = {
			isa = XCBuildConfiguration;
			buildSettings = {
				ALWAYS_EMBED_SWIFT_STANDARD_LIBRARIES = YES;
				CLANG_WARN_QUOTED_INCLUDE_IN_FRAMEWORK_HEADER = YES;
				CODE_SIGN_STYLE = Automatic;
				COMBINE_HIDPI_IMAGES = YES;
				INFOPLIST_FILE = MacLandmarksUITests/Info.plist;
				LD_RUNPATH_SEARCH_PATHS = (
					"$(inherited)",
					"@executable_path/../Frameworks",
					"@loader_path/../Frameworks",
				);
				MACOSX_DEPLOYMENT_TARGET = 10.15;
				PRODUCT_BUNDLE_IDENTIFIER = com.smartech.MacLandmarksUITests;
				PRODUCT_NAME = "$(TARGET_NAME)";
				SDKROOT = macosx;
				SWIFT_VERSION = 5.0;
				TEST_TARGET_NAME = MacLandmarks;
			};
			name = Release;
		};
		B7A696772530338700EE60A7 /* Debug */ = {
			isa = XCBuildConfiguration;
			buildSettings = {
				ASSETCATALOG_COMPILER_COMPLICATION_NAME = Complication;
				CLANG_WARN_QUOTED_INCLUDE_IN_FRAMEWORK_HEADER = YES;
				CODE_SIGN_STYLE = Automatic;
				DEVELOPMENT_ASSET_PATHS = "\"WatchLandmarks Extension/Preview Content\"";
				ENABLE_PREVIEWS = YES;
				INFOPLIST_FILE = "WatchLandmarks Extension/Info.plist";
				LD_RUNPATH_SEARCH_PATHS = (
					"$(inherited)",
					"@executable_path/Frameworks",
					"@executable_path/../../Frameworks",
				);
				PRODUCT_BUNDLE_IDENTIFIER = com.smartech.Landmarks.watchkitapp.watchkitextension;
				PRODUCT_NAME = "${TARGET_NAME}";
				SDKROOT = watchos;
				SKIP_INSTALL = YES;
				SWIFT_VERSION = 5.0;
				TARGETED_DEVICE_FAMILY = 4;
				WATCHOS_DEPLOYMENT_TARGET = 7.0;
			};
			name = Debug;
		};
		B7A696782530338700EE60A7 /* Release */ = {
			isa = XCBuildConfiguration;
			buildSettings = {
				ASSETCATALOG_COMPILER_COMPLICATION_NAME = Complication;
				CLANG_WARN_QUOTED_INCLUDE_IN_FRAMEWORK_HEADER = YES;
				CODE_SIGN_STYLE = Automatic;
				DEVELOPMENT_ASSET_PATHS = "\"WatchLandmarks Extension/Preview Content\"";
				ENABLE_PREVIEWS = YES;
				INFOPLIST_FILE = "WatchLandmarks Extension/Info.plist";
				LD_RUNPATH_SEARCH_PATHS = (
					"$(inherited)",
					"@executable_path/Frameworks",
					"@executable_path/../../Frameworks",
				);
				PRODUCT_BUNDLE_IDENTIFIER = com.smartech.Landmarks.watchkitapp.watchkitextension;
				PRODUCT_NAME = "${TARGET_NAME}";
				SDKROOT = watchos;
				SKIP_INSTALL = YES;
				SWIFT_VERSION = 5.0;
				TARGETED_DEVICE_FAMILY = 4;
				WATCHOS_DEPLOYMENT_TARGET = 7.0;
			};
			name = Release;
		};
		B7A6967B2530338700EE60A7 /* Debug */ = {
			isa = XCBuildConfiguration;
			buildSettings = {
				ALWAYS_EMBED_SWIFT_STANDARD_LIBRARIES = YES;
				ASSETCATALOG_COMPILER_APPICON_NAME = AppIcon;
				ASSETCATALOG_COMPILER_GLOBAL_ACCENT_COLOR_NAME = AccentColor;
				CLANG_WARN_QUOTED_INCLUDE_IN_FRAMEWORK_HEADER = YES;
				CODE_SIGN_STYLE = Automatic;
				IBSC_MODULE = WatchLandmarks_Extension;
				INFOPLIST_FILE = WatchLandmarks/Info.plist;
				PRODUCT_BUNDLE_IDENTIFIER = com.smartech.Landmarks.watchkitapp;
				PRODUCT_NAME = "$(TARGET_NAME)";
				SDKROOT = watchos;
				SKIP_INSTALL = YES;
				SWIFT_VERSION = 5.0;
				TARGETED_DEVICE_FAMILY = 4;
				WATCHOS_DEPLOYMENT_TARGET = 7.0;
			};
			name = Debug;
		};
		B7A6967C2530338700EE60A7 /* Release */ = {
			isa = XCBuildConfiguration;
			buildSettings = {
				ALWAYS_EMBED_SWIFT_STANDARD_LIBRARIES = YES;
				ASSETCATALOG_COMPILER_APPICON_NAME = AppIcon;
				ASSETCATALOG_COMPILER_GLOBAL_ACCENT_COLOR_NAME = AccentColor;
				CLANG_WARN_QUOTED_INCLUDE_IN_FRAMEWORK_HEADER = YES;
				CODE_SIGN_STYLE = Automatic;
				IBSC_MODULE = WatchLandmarks_Extension;
				INFOPLIST_FILE = WatchLandmarks/Info.plist;
				PRODUCT_BUNDLE_IDENTIFIER = com.smartech.Landmarks.watchkitapp;
				PRODUCT_NAME = "$(TARGET_NAME)";
				SDKROOT = watchos;
				SKIP_INSTALL = YES;
				SWIFT_VERSION = 5.0;
				TARGETED_DEVICE_FAMILY = 4;
				WATCHOS_DEPLOYMENT_TARGET = 7.0;
			};
			name = Release;
		};
		B7DB835424F4FFCF005C26EF /* Debug */ = {
			isa = XCBuildConfiguration;
			buildSettings = {
				ALWAYS_SEARCH_USER_PATHS = NO;
				CLANG_ANALYZER_NONNULL = YES;
				CLANG_ANALYZER_NUMBER_OBJECT_CONVERSION = YES_AGGRESSIVE;
				CLANG_CXX_LANGUAGE_STANDARD = "gnu++14";
				CLANG_CXX_LIBRARY = "libc++";
				CLANG_ENABLE_MODULES = YES;
				CLANG_ENABLE_OBJC_ARC = YES;
				CLANG_ENABLE_OBJC_WEAK = YES;
				CLANG_WARN_BLOCK_CAPTURE_AUTORELEASING = YES;
				CLANG_WARN_BOOL_CONVERSION = YES;
				CLANG_WARN_COMMA = YES;
				CLANG_WARN_CONSTANT_CONVERSION = YES;
				CLANG_WARN_DEPRECATED_OBJC_IMPLEMENTATIONS = YES;
				CLANG_WARN_DIRECT_OBJC_ISA_USAGE = YES_ERROR;
				CLANG_WARN_DOCUMENTATION_COMMENTS = YES;
				CLANG_WARN_EMPTY_BODY = YES;
				CLANG_WARN_ENUM_CONVERSION = YES;
				CLANG_WARN_INFINITE_RECURSION = YES;
				CLANG_WARN_INT_CONVERSION = YES;
				CLANG_WARN_NON_LITERAL_NULL_CONVERSION = YES;
				CLANG_WARN_OBJC_IMPLICIT_RETAIN_SELF = YES;
				CLANG_WARN_OBJC_LITERAL_CONVERSION = YES;
				CLANG_WARN_OBJC_ROOT_CLASS = YES_ERROR;
				CLANG_WARN_RANGE_LOOP_ANALYSIS = YES;
				CLANG_WARN_STRICT_PROTOTYPES = YES;
				CLANG_WARN_SUSPICIOUS_MOVE = YES;
				CLANG_WARN_UNGUARDED_AVAILABILITY = YES_AGGRESSIVE;
				CLANG_WARN_UNREACHABLE_CODE = YES;
				CLANG_WARN__DUPLICATE_METHOD_MATCH = YES;
				COPY_PHASE_STRIP = NO;
				DEBUG_INFORMATION_FORMAT = dwarf;
				ENABLE_STRICT_OBJC_MSGSEND = YES;
				ENABLE_TESTABILITY = YES;
				GCC_C_LANGUAGE_STANDARD = gnu11;
				GCC_DYNAMIC_NO_PIC = NO;
				GCC_NO_COMMON_BLOCKS = YES;
				GCC_OPTIMIZATION_LEVEL = 0;
				GCC_PREPROCESSOR_DEFINITIONS = (
					"DEBUG=1",
					"$(inherited)",
				);
				GCC_WARN_64_TO_32_BIT_CONVERSION = YES;
				GCC_WARN_ABOUT_RETURN_TYPE = YES_ERROR;
				GCC_WARN_UNDECLARED_SELECTOR = YES;
				GCC_WARN_UNINITIALIZED_AUTOS = YES_AGGRESSIVE;
				GCC_WARN_UNUSED_FUNCTION = YES;
				GCC_WARN_UNUSED_VARIABLE = YES;
				IPHONEOS_DEPLOYMENT_TARGET = 13.6;
				MTL_ENABLE_DEBUG_INFO = INCLUDE_SOURCE;
				MTL_FAST_MATH = YES;
				ONLY_ACTIVE_ARCH = YES;
				SDKROOT = iphoneos;
				SWIFT_ACTIVE_COMPILATION_CONDITIONS = DEBUG;
				SWIFT_OPTIMIZATION_LEVEL = "-Onone";
			};
			name = Debug;
		};
		B7DB835524F4FFCF005C26EF /* Release */ = {
			isa = XCBuildConfiguration;
			buildSettings = {
				ALWAYS_SEARCH_USER_PATHS = NO;
				CLANG_ANALYZER_NONNULL = YES;
				CLANG_ANALYZER_NUMBER_OBJECT_CONVERSION = YES_AGGRESSIVE;
				CLANG_CXX_LANGUAGE_STANDARD = "gnu++14";
				CLANG_CXX_LIBRARY = "libc++";
				CLANG_ENABLE_MODULES = YES;
				CLANG_ENABLE_OBJC_ARC = YES;
				CLANG_ENABLE_OBJC_WEAK = YES;
				CLANG_WARN_BLOCK_CAPTURE_AUTORELEASING = YES;
				CLANG_WARN_BOOL_CONVERSION = YES;
				CLANG_WARN_COMMA = YES;
				CLANG_WARN_CONSTANT_CONVERSION = YES;
				CLANG_WARN_DEPRECATED_OBJC_IMPLEMENTATIONS = YES;
				CLANG_WARN_DIRECT_OBJC_ISA_USAGE = YES_ERROR;
				CLANG_WARN_DOCUMENTATION_COMMENTS = YES;
				CLANG_WARN_EMPTY_BODY = YES;
				CLANG_WARN_ENUM_CONVERSION = YES;
				CLANG_WARN_INFINITE_RECURSION = YES;
				CLANG_WARN_INT_CONVERSION = YES;
				CLANG_WARN_NON_LITERAL_NULL_CONVERSION = YES;
				CLANG_WARN_OBJC_IMPLICIT_RETAIN_SELF = YES;
				CLANG_WARN_OBJC_LITERAL_CONVERSION = YES;
				CLANG_WARN_OBJC_ROOT_CLASS = YES_ERROR;
				CLANG_WARN_RANGE_LOOP_ANALYSIS = YES;
				CLANG_WARN_STRICT_PROTOTYPES = YES;
				CLANG_WARN_SUSPICIOUS_MOVE = YES;
				CLANG_WARN_UNGUARDED_AVAILABILITY = YES_AGGRESSIVE;
				CLANG_WARN_UNREACHABLE_CODE = YES;
				CLANG_WARN__DUPLICATE_METHOD_MATCH = YES;
				COPY_PHASE_STRIP = NO;
				DEBUG_INFORMATION_FORMAT = "dwarf-with-dsym";
				ENABLE_NS_ASSERTIONS = NO;
				ENABLE_STRICT_OBJC_MSGSEND = YES;
				GCC_C_LANGUAGE_STANDARD = gnu11;
				GCC_NO_COMMON_BLOCKS = YES;
				GCC_WARN_64_TO_32_BIT_CONVERSION = YES;
				GCC_WARN_ABOUT_RETURN_TYPE = YES_ERROR;
				GCC_WARN_UNDECLARED_SELECTOR = YES;
				GCC_WARN_UNINITIALIZED_AUTOS = YES_AGGRESSIVE;
				GCC_WARN_UNUSED_FUNCTION = YES;
				GCC_WARN_UNUSED_VARIABLE = YES;
				IPHONEOS_DEPLOYMENT_TARGET = 13.6;
				MTL_ENABLE_DEBUG_INFO = NO;
				MTL_FAST_MATH = YES;
				SDKROOT = iphoneos;
				SWIFT_COMPILATION_MODE = wholemodule;
				SWIFT_OPTIMIZATION_LEVEL = "-O";
				VALIDATE_PRODUCT = YES;
			};
			name = Release;
		};
		B7DB835724F4FFCF005C26EF /* Debug */ = {
			isa = XCBuildConfiguration;
			buildSettings = {
				ASSETCATALOG_COMPILER_APPICON_NAME = AppIcon;
				CODE_SIGN_STYLE = Automatic;
				DEVELOPMENT_ASSET_PATHS = "\"Landmarks/Preview Content\"";
				ENABLE_PREVIEWS = YES;
				INFOPLIST_FILE = Landmarks/Info.plist;
				LD_RUNPATH_SEARCH_PATHS = (
					"$(inherited)",
					"@executable_path/Frameworks",
				);
				PRODUCT_BUNDLE_IDENTIFIER = com.smartech.Landmarks;
				PRODUCT_NAME = "$(TARGET_NAME)";
				SWIFT_VERSION = 5.0;
				TARGETED_DEVICE_FAMILY = "1,2";
			};
			name = Debug;
		};
		B7DB835824F4FFCF005C26EF /* Release */ = {
			isa = XCBuildConfiguration;
			buildSettings = {
				ASSETCATALOG_COMPILER_APPICON_NAME = AppIcon;
				CODE_SIGN_STYLE = Automatic;
				DEVELOPMENT_ASSET_PATHS = "\"Landmarks/Preview Content\"";
				ENABLE_PREVIEWS = YES;
				INFOPLIST_FILE = Landmarks/Info.plist;
				LD_RUNPATH_SEARCH_PATHS = (
					"$(inherited)",
					"@executable_path/Frameworks",
				);
				PRODUCT_BUNDLE_IDENTIFIER = com.smartech.Landmarks;
				PRODUCT_NAME = "$(TARGET_NAME)";
				SWIFT_VERSION = 5.0;
				TARGETED_DEVICE_FAMILY = "1,2";
			};
			name = Release;
		};
		B7DB835A24F4FFCF005C26EF /* Debug */ = {
			isa = XCBuildConfiguration;
			buildSettings = {
				ALWAYS_EMBED_SWIFT_STANDARD_LIBRARIES = YES;
				BUNDLE_LOADER = "$(TEST_HOST)";
				CODE_SIGN_STYLE = Automatic;
				INFOPLIST_FILE = LandmarksTests/Info.plist;
				IPHONEOS_DEPLOYMENT_TARGET = 13.6;
				LD_RUNPATH_SEARCH_PATHS = (
					"$(inherited)",
					"@executable_path/Frameworks",
					"@loader_path/Frameworks",
				);
				PRODUCT_BUNDLE_IDENTIFIER = com.smartech.LandmarksTests;
				PRODUCT_NAME = "$(TARGET_NAME)";
				SWIFT_VERSION = 5.0;
				TARGETED_DEVICE_FAMILY = "1,2";
				TEST_HOST = "$(BUILT_PRODUCTS_DIR)/Landmarks.app/Landmarks";
			};
			name = Debug;
		};
		B7DB835B24F4FFCF005C26EF /* Release */ = {
			isa = XCBuildConfiguration;
			buildSettings = {
				ALWAYS_EMBED_SWIFT_STANDARD_LIBRARIES = YES;
				BUNDLE_LOADER = "$(TEST_HOST)";
				CODE_SIGN_STYLE = Automatic;
				INFOPLIST_FILE = LandmarksTests/Info.plist;
				IPHONEOS_DEPLOYMENT_TARGET = 13.6;
				LD_RUNPATH_SEARCH_PATHS = (
					"$(inherited)",
					"@executable_path/Frameworks",
					"@loader_path/Frameworks",
				);
				PRODUCT_BUNDLE_IDENTIFIER = com.smartech.LandmarksTests;
				PRODUCT_NAME = "$(TARGET_NAME)";
				SWIFT_VERSION = 5.0;
				TARGETED_DEVICE_FAMILY = "1,2";
				TEST_HOST = "$(BUILT_PRODUCTS_DIR)/Landmarks.app/Landmarks";
			};
			name = Release;
		};
		B7DB835D24F4FFCF005C26EF /* Debug */ = {
			isa = XCBuildConfiguration;
			buildSettings = {
				ALWAYS_EMBED_SWIFT_STANDARD_LIBRARIES = YES;
				CODE_SIGN_STYLE = Automatic;
				INFOPLIST_FILE = LandmarksUITests/Info.plist;
				LD_RUNPATH_SEARCH_PATHS = (
					"$(inherited)",
					"@executable_path/Frameworks",
					"@loader_path/Frameworks",
				);
				PRODUCT_BUNDLE_IDENTIFIER = com.smartech.LandmarksUITests;
				PRODUCT_NAME = "$(TARGET_NAME)";
				SWIFT_VERSION = 5.0;
				TARGETED_DEVICE_FAMILY = "1,2";
				TEST_TARGET_NAME = Landmarks;
			};
			name = Debug;
		};
		B7DB835E24F4FFCF005C26EF /* Release */ = {
			isa = XCBuildConfiguration;
			buildSettings = {
				ALWAYS_EMBED_SWIFT_STANDARD_LIBRARIES = YES;
				CODE_SIGN_STYLE = Automatic;
				INFOPLIST_FILE = LandmarksUITests/Info.plist;
				LD_RUNPATH_SEARCH_PATHS = (
					"$(inherited)",
					"@executable_path/Frameworks",
					"@loader_path/Frameworks",
				);
				PRODUCT_BUNDLE_IDENTIFIER = com.smartech.LandmarksUITests;
				PRODUCT_NAME = "$(TARGET_NAME)";
				SWIFT_VERSION = 5.0;
				TARGETED_DEVICE_FAMILY = "1,2";
				TEST_TARGET_NAME = Landmarks;
			};
			name = Release;
		};
/* End XCBuildConfiguration section */

/* Begin XCConfigurationList section */
		B70F2D6925313F60004F7382 /* Build configuration list for PBXNativeTarget "MacLandmarks" */ = {
			isa = XCConfigurationList;
			buildConfigurations = (
				B70F2D6325313F60004F7382 /* Debug */,
				B70F2D6425313F60004F7382 /* Release */,
			);
			defaultConfigurationIsVisible = 0;
			defaultConfigurationName = Release;
		};
		B70F2D6A25313F60004F7382 /* Build configuration list for PBXNativeTarget "MacLandmarksTests" */ = {
			isa = XCConfigurationList;
			buildConfigurations = (
				B70F2D6525313F60004F7382 /* Debug */,
				B70F2D6625313F60004F7382 /* Release */,
			);
			defaultConfigurationIsVisible = 0;
			defaultConfigurationName = Release;
		};
		B70F2D6B25313F60004F7382 /* Build configuration list for PBXNativeTarget "MacLandmarksUITests" */ = {
			isa = XCConfigurationList;
			buildConfigurations = (
				B70F2D6725313F60004F7382 /* Debug */,
				B70F2D6825313F60004F7382 /* Release */,
			);
			defaultConfigurationIsVisible = 0;
			defaultConfigurationName = Release;
		};
		B7A696762530338700EE60A7 /* Build configuration list for PBXNativeTarget "WatchLandmarks Extension" */ = {
			isa = XCConfigurationList;
			buildConfigurations = (
				B7A696772530338700EE60A7 /* Debug */,
				B7A696782530338700EE60A7 /* Release */,
			);
			defaultConfigurationIsVisible = 0;
			defaultConfigurationName = Release;
		};
		B7A6967A2530338700EE60A7 /* Build configuration list for PBXNativeTarget "WatchLandmarks" */ = {
			isa = XCConfigurationList;
			buildConfigurations = (
				B7A6967B2530338700EE60A7 /* Debug */,
				B7A6967C2530338700EE60A7 /* Release */,
			);
			defaultConfigurationIsVisible = 0;
			defaultConfigurationName = Release;
		};
		B7DB832724F4FFC9005C26EF /* Build configuration list for PBXProject "Landmarks" */ = {
			isa = XCConfigurationList;
			buildConfigurations = (
				B7DB835424F4FFCF005C26EF /* Debug */,
				B7DB835524F4FFCF005C26EF /* Release */,
			);
			defaultConfigurationIsVisible = 0;
			defaultConfigurationName = Release;
		};
		B7DB835624F4FFCF005C26EF /* Build configuration list for PBXNativeTarget "Landmarks" */ = {
			isa = XCConfigurationList;
			buildConfigurations = (
				B7DB835724F4FFCF005C26EF /* Debug */,
				B7DB835824F4FFCF005C26EF /* Release */,
			);
			defaultConfigurationIsVisible = 0;
			defaultConfigurationName = Release;
		};
		B7DB835924F4FFCF005C26EF /* Build configuration list for PBXNativeTarget "LandmarksTests" */ = {
			isa = XCConfigurationList;
			buildConfigurations = (
				B7DB835A24F4FFCF005C26EF /* Debug */,
				B7DB835B24F4FFCF005C26EF /* Release */,
			);
			defaultConfigurationIsVisible = 0;
			defaultConfigurationName = Release;
		};
		B7DB835C24F4FFCF005C26EF /* Build configuration list for PBXNativeTarget "LandmarksUITests" */ = {
			isa = XCConfigurationList;
			buildConfigurations = (
				B7DB835D24F4FFCF005C26EF /* Debug */,
				B7DB835E24F4FFCF005C26EF /* Release */,
			);
			defaultConfigurationIsVisible = 0;
			defaultConfigurationName = Release;
		};
/* End XCConfigurationList section */
	};
	rootObject = B7DB832424F4FFC9005C26EF /* Project object */;
}
