// !$*UTF8*$!
{
	archiveVersion = 1;
	classes = {
	};
	objectVersion = 50;
	objects = {

/* Begin PBXBuildFile section */
		B726E96324B7A52200668730 /* AppDelegate.swift in Sources */ = {isa = PBXBuildFile; fileRef = B726E96224B7A52200668730 /* AppDelegate.swift */; };
		B726E96524B7A52200668730 /* SceneDelegate.swift in Sources */ = {isa = PBXBuildFile; fileRef = B726E96424B7A52200668730 /* SceneDelegate.swift */; };
		B726E96724B7A52200668730 /* ContentView.swift in Sources */ = {isa = PBXBuildFile; fileRef = B726E96624B7A52200668730 /* ContentView.swift */; };
		B726E96924B7A52500668730 /* Assets.xcassets in Resources */ = {isa = PBXBuildFile; fileRef = B726E96824B7A52500668730 /* Assets.xcassets */; };
		B726E96C24B7A52500668730 /* Preview Assets.xcassets in Resources */ = {isa = PBXBuildFile; fileRef = B726E96B24B7A52500668730 /* Preview Assets.xcassets */; };
		B726E96F24B7A52500668730 /* LaunchScreen.storyboard in Resources */ = {isa = PBXBuildFile; fileRef = B726E96D24B7A52500668730 /* LaunchScreen.storyboard */; };
		B726E97A24B7A52500668730 /* ToDoListTests.swift in Sources */ = {isa = PBXBuildFile; fileRef = B726E97924B7A52500668730 /* ToDoListTests.swift */; };
		B726E98524B7A52500668730 /* ToDoListUITests.swift in Sources */ = {isa = PBXBuildFile; fileRef = B726E98424B7A52500668730 /* ToDoListUITests.swift */; };
		B726E99924B7A78C00668730 /* Date+Timepiece.swift in Sources */ = {isa = PBXBuildFile; fileRef = B726E99324B7A78C00668730 /* Date+Timepiece.swift */; };
		B726E99A24B7A78C00668730 /* Date.swift in Sources */ = {isa = PBXBuildFile; fileRef = B726E99424B7A78C00668730 /* Date.swift */; };
		B726E99B24B7A78C00668730 /* DateComponents+Timepiece.swift in Sources */ = {isa = PBXBuildFile; fileRef = B726E99524B7A78C00668730 /* DateComponents+Timepiece.swift */; };
		B726E99C24B7A78C00668730 /* Int+Timepiece.swift in Sources */ = {isa = PBXBuildFile; fileRef = B726E99624B7A78C00668730 /* Int+Timepiece.swift */; };
		B726E99D24B7A78C00668730 /* String+Timepiece.swift in Sources */ = {isa = PBXBuildFile; fileRef = B726E99724B7A78C00668730 /* String+Timepiece.swift */; };
		B726E99E24B7A78C00668730 /* SATextField.swift in Sources */ = {isa = PBXBuildFile; fileRef = B726E99824B7A78C00668730 /* SATextField.swift */; };
		B726E9A024B7A80500668730 /* TodoItem.swift in Sources */ = {isa = PBXBuildFile; fileRef = B726E99F24B7A80500668730 /* TodoItem.swift */; };
		B726E9A224B7AAE400668730 /* Home.swift in Sources */ = {isa = PBXBuildFile; fileRef = B726E9A124B7AAE400668730 /* Home.swift */; };
/* End PBXBuildFile section */

/* Begin PBXContainerItemProxy section */
		B726E97624B7A52500668730 /* PBXContainerItemProxy */ = {
			isa = PBXContainerItemProxy;
			containerPortal = B726E95724B7A52200668730 /* Project object */;
			proxyType = 1;
			remoteGlobalIDString = B726E95E24B7A52200668730;
			remoteInfo = ToDoList;
		};
		B726E98124B7A52500668730 /* PBXContainerItemProxy */ = {
			isa = PBXContainerItemProxy;
			containerPortal = B726E95724B7A52200668730 /* Project object */;
			proxyType = 1;
			remoteGlobalIDString = B726E95E24B7A52200668730;
			remoteInfo = ToDoList;
		};
/* End PBXContainerItemProxy section */

/* Begin PBXFileReference section */
		B726E95F24B7A52200668730 /* ToDoList.app */ = {isa = PBXFileReference; explicitFileType = wrapper.application; includeInIndex = 0; path = ToDoList.app; sourceTree = BUILT_PRODUCTS_DIR; };
		B726E96224B7A52200668730 /* AppDelegate.swift */ = {isa = PBXFileReference; lastKnownFileType = sourcecode.swift; path = AppDelegate.swift; sourceTree = "<group>"; };
		B726E96424B7A52200668730 /* SceneDelegate.swift */ = {isa = PBXFileReference; lastKnownFileType = sourcecode.swift; path = SceneDelegate.swift; sourceTree = "<group>"; };
		B726E96624B7A52200668730 /* ContentView.swift */ = {isa = PBXFileReference; lastKnownFileType = sourcecode.swift; path = ContentView.swift; sourceTree = "<group>"; };
		B726E96824B7A52500668730 /* Assets.xcassets */ = {isa = PBXFileReference; lastKnownFileType = folder.assetcatalog; path = Assets.xcassets; sourceTree = "<group>"; };
		B726E96B24B7A52500668730 /* Preview Assets.xcassets */ = {isa = PBXFileReference; lastKnownFileType = folder.assetcatalog; path = "Preview Assets.xcassets"; sourceTree = "<group>"; };
		B726E96E24B7A52500668730 /* Base */ = {isa = PBXFileReference; lastKnownFileType = file.storyboard; name = Base; path = Base.lproj/LaunchScreen.storyboard; sourceTree = "<group>"; };
		B726E97024B7A52500668730 /* Info.plist */ = {isa = PBXFileReference; lastKnownFileType = text.plist.xml; path = Info.plist; sourceTree = "<group>"; };
		B726E97524B7A52500668730 /* ToDoListTests.xctest */ = {isa = PBXFileReference; explicitFileType = wrapper.cfbundle; includeInIndex = 0; path = ToDoListTests.xctest; sourceTree = BUILT_PRODUCTS_DIR; };
		B726E97924B7A52500668730 /* ToDoListTests.swift */ = {isa = PBXFileReference; lastKnownFileType = sourcecode.swift; path = ToDoListTests.swift; sourceTree = "<group>"; };
		B726E97B24B7A52500668730 /* Info.plist */ = {isa = PBXFileReference; lastKnownFileType = text.plist.xml; path = Info.plist; sourceTree = "<group>"; };
		B726E98024B7A52500668730 /* ToDoListUITests.xctest */ = {isa = PBXFileReference; explicitFileType = wrapper.cfbundle; includeInIndex = 0; path = ToDoListUITests.xctest; sourceTree = BUILT_PRODUCTS_DIR; };
		B726E98424B7A52500668730 /* ToDoListUITests.swift */ = {isa = PBXFileReference; lastKnownFileType = sourcecode.swift; path = ToDoListUITests.swift; sourceTree = "<group>"; };
		B726E98624B7A52500668730 /* Info.plist */ = {isa = PBXFileReference; lastKnownFileType = text.plist.xml; path = Info.plist; sourceTree = "<group>"; };
		B726E99324B7A78C00668730 /* Date+Timepiece.swift */ = {isa = PBXFileReference; fileEncoding = 4; lastKnownFileType = sourcecode.swift; path = "Date+Timepiece.swift"; sourceTree = "<group>"; };
		B726E99424B7A78C00668730 /* Date.swift */ = {isa = PBXFileReference; fileEncoding = 4; lastKnownFileType = sourcecode.swift; path = Date.swift; sourceTree = "<group>"; };
		B726E99524B7A78C00668730 /* DateComponents+Timepiece.swift */ = {isa = PBXFileReference; fileEncoding = 4; lastKnownFileType = sourcecode.swift; path = "DateComponents+Timepiece.swift"; sourceTree = "<group>"; };
		B726E99624B7A78C00668730 /* Int+Timepiece.swift */ = {isa = PBXFileReference; fileEncoding = 4; lastKnownFileType = sourcecode.swift; path = "Int+Timepiece.swift"; sourceTree = "<group>"; };
		B726E99724B7A78C00668730 /* String+Timepiece.swift */ = {isa = PBXFileReference; fileEncoding = 4; lastKnownFileType = sourcecode.swift; path = "String+Timepiece.swift"; sourceTree = "<group>"; };
		B726E99824B7A78C00668730 /* SATextField.swift */ = {isa = PBXFileReference; fileEncoding = 4; lastKnownFileType = sourcecode.swift; path = SATextField.swift; sourceTree = "<group>"; };
		B726E99F24B7A80500668730 /* TodoItem.swift */ = {isa = PBXFileReference; lastKnownFileType = sourcecode.swift; path = TodoItem.swift; sourceTree = "<group>"; };
		B726E9A124B7AAE400668730 /* Home.swift */ = {isa = PBXFileReference; lastKnownFileType = sourcecode.swift; path = Home.swift; sourceTree = "<group>"; };
/* End PBXFileReference section */

/* Begin PBXFrameworksBuildPhase section */
		B726E95C24B7A52200668730 /* Frameworks */ = {
			isa = PBXFrameworksBuildPhase;
			buildActionMask = 2147483647;
			files = (
			);
			runOnlyForDeploymentPostprocessing = 0;
		};
		B726E97224B7A52500668730 /* Frameworks */ = {
			isa = PBXFrameworksBuildPhase;
			buildActionMask = 2147483647;
			files = (
			);
			runOnlyForDeploymentPostprocessing = 0;
		};
		B726E97D24B7A52500668730 /* Frameworks */ = {
			isa = PBXFrameworksBuildPhase;
			buildActionMask = 2147483647;
			files = (
			);
			runOnlyForDeploymentPostprocessing = 0;
		};
/* End PBXFrameworksBuildPhase section */

/* Begin PBXGroup section */
		B726E95624B7A52200668730 = {
			isa = PBXGroup;
			children = (
				B726E96124B7A52200668730 /* ToDoList */,
				B726E97824B7A52500668730 /* ToDoListTests */,
				B726E98324B7A52500668730 /* ToDoListUITests */,
				B726E96024B7A52200668730 /* Products */,
			);
			sourceTree = "<group>";
		};
		B726E96024B7A52200668730 /* Products */ = {
			isa = PBXGroup;
			children = (
				B726E95F24B7A52200668730 /* ToDoList.app */,
				B726E97524B7A52500668730 /* ToDoListTests.xctest */,
				B726E98024B7A52500668730 /* ToDoListUITests.xctest */,
			);
			name = Products;
			sourceTree = "<group>";
		};
		B726E96124B7A52200668730 /* ToDoList */ = {
			isa = PBXGroup;
			children = (
				B726E96224B7A52200668730 /* AppDelegate.swift */,
				B726E96424B7A52200668730 /* SceneDelegate.swift */,
				B726E96624B7A52200668730 /* ContentView.swift */,
				B726E99F24B7A80500668730 /* TodoItem.swift */,
				B726E9A124B7AAE400668730 /* Home.swift */,
				B726E99224B7A78C00668730 /* Third-Parties */,
				B726E96824B7A52500668730 /* Assets.xcassets */,
				B726E96D24B7A52500668730 /* LaunchScreen.storyboard */,
				B726E97024B7A52500668730 /* Info.plist */,
				B726E96A24B7A52500668730 /* Preview Content */,
			);
			path = ToDoList;
			sourceTree = "<group>";
		};
		B726E96A24B7A52500668730 /* Preview Content */ = {
			isa = PBXGroup;
			children = (
				B726E96B24B7A52500668730 /* Preview Assets.xcassets */,
			);
			path = "Preview Content";
			sourceTree = "<group>";
		};
		B726E97824B7A52500668730 /* ToDoListTests */ = {
			isa = PBXGroup;
			children = (
				B726E97924B7A52500668730 /* ToDoListTests.swift */,
				B726E97B24B7A52500668730 /* Info.plist */,
			);
			path = ToDoListTests;
			sourceTree = "<group>";
		};
		B726E98324B7A52500668730 /* ToDoListUITests */ = {
			isa = PBXGroup;
			children = (
				B726E98424B7A52500668730 /* ToDoListUITests.swift */,
				B726E98624B7A52500668730 /* Info.plist */,
			);
			path = ToDoListUITests;
			sourceTree = "<group>";
		};
		B726E99224B7A78C00668730 /* Third-Parties */ = {
			isa = PBXGroup;
			children = (
				B726E99324B7A78C00668730 /* Date+Timepiece.swift */,
				B726E99424B7A78C00668730 /* Date.swift */,
				B726E99524B7A78C00668730 /* DateComponents+Timepiece.swift */,
				B726E99624B7A78C00668730 /* Int+Timepiece.swift */,
				B726E99724B7A78C00668730 /* String+Timepiece.swift */,
				B726E99824B7A78C00668730 /* SATextField.swift */,
			);
			path = "Third-Parties";
			sourceTree = "<group>";
		};
/* End PBXGroup section */

/* Begin PBXNativeTarget section */
		B726E95E24B7A52200668730 /* ToDoList */ = {
			isa = PBXNativeTarget;
			buildConfigurationList = B726E98924B7A52500668730 /* Build configuration list for PBXNativeTarget "ToDoList" */;
			buildPhases = (
				B726E95B24B7A52200668730 /* Sources */,
				B726E95C24B7A52200668730 /* Frameworks */,
				B726E95D24B7A52200668730 /* Resources */,
			);
			buildRules = (
			);
			dependencies = (
			);
			name = ToDoList;
			productName = ToDoList;
			productReference = B726E95F24B7A52200668730 /* ToDoList.app */;
			productType = "com.apple.product-type.application";
		};
		B726E97424B7A52500668730 /* ToDoListTests */ = {
			isa = PBXNativeTarget;
			buildConfigurationList = B726E98C24B7A52500668730 /* Build configuration list for PBXNativeTarget "ToDoListTests" */;
			buildPhases = (
				B726E97124B7A52500668730 /* Sources */,
				B726E97224B7A52500668730 /* Frameworks */,
				B726E97324B7A52500668730 /* Resources */,
			);
			buildRules = (
			);
			dependencies = (
				B726E97724B7A52500668730 /* PBXTargetDependency */,
			);
			name = ToDoListTests;
			productName = ToDoListTests;
			productReference = B726E97524B7A52500668730 /* ToDoListTests.xctest */;
			productType = "com.apple.product-type.bundle.unit-test";
		};
		B726E97F24B7A52500668730 /* ToDoListUITests */ = {
			isa = PBXNativeTarget;
			buildConfigurationList = B726E98F24B7A52500668730 /* Build configuration list for PBXNativeTarget "ToDoListUITests" */;
			buildPhases = (
				B726E97C24B7A52500668730 /* Sources */,
				B726E97D24B7A52500668730 /* Frameworks */,
				B726E97E24B7A52500668730 /* Resources */,
			);
			buildRules = (
			);
			dependencies = (
				B726E98224B7A52500668730 /* PBXTargetDependency */,
			);
			name = ToDoListUITests;
			productName = ToDoListUITests;
			productReference = B726E98024B7A52500668730 /* ToDoListUITests.xctest */;
			productType = "com.apple.product-type.bundle.ui-testing";
		};
/* End PBXNativeTarget section */

/* Begin PBXProject section */
		B726E95724B7A52200668730 /* Project object */ = {
			isa = PBXProject;
			attributes = {
				LastSwiftUpdateCheck = 1200;
				LastUpgradeCheck = 1200;
				TargetAttributes = {
					B726E95E24B7A52200668730 = {
						CreatedOnToolsVersion = 12.0;
					};
					B726E97424B7A52500668730 = {
						CreatedOnToolsVersion = 12.0;
						TestTargetID = B726E95E24B7A52200668730;
					};
					B726E97F24B7A52500668730 = {
						CreatedOnToolsVersion = 12.0;
						TestTargetID = B726E95E24B7A52200668730;
					};
				};
			};
			buildConfigurationList = B726E95A24B7A52200668730 /* Build configuration list for PBXProject "ToDoList" */;
			compatibilityVersion = "Xcode 9.3";
			developmentRegion = en;
			hasScannedForEncodings = 0;
			knownRegions = (
				en,
				Base,
			);
			mainGroup = B726E95624B7A52200668730;
			productRefGroup = B726E96024B7A52200668730 /* Products */;
			projectDirPath = "";
			projectRoot = "";
			targets = (
				B726E95E24B7A52200668730 /* ToDoList */,
				B726E97424B7A52500668730 /* ToDoListTests */,
				B726E97F24B7A52500668730 /* ToDoListUITests */,
			);
		};
/* End PBXProject section */

/* Begin PBXResourcesBuildPhase section */
		B726E95D24B7A52200668730 /* Resources */ = {
			isa = PBXResourcesBuildPhase;
			buildActionMask = 2147483647;
			files = (
				B726E96F24B7A52500668730 /* LaunchScreen.storyboard in Resources */,
				B726E96C24B7A52500668730 /* Preview Assets.xcassets in Resources */,
				B726E96924B7A52500668730 /* Assets.xcassets in Resources */,
			);
			runOnlyForDeploymentPostprocessing = 0;
		};
		B726E97324B7A52500668730 /* Resources */ = {
			isa = PBXResourcesBuildPhase;
			buildActionMask = 2147483647;
			files = (
			);
			runOnlyForDeploymentPostprocessing = 0;
		};
		B726E97E24B7A52500668730 /* Resources */ = {
			isa = PBXResourcesBuildPhase;
			buildActionMask = 2147483647;
			files = (
			);
			runOnlyForDeploymentPostprocessing = 0;
		};
/* End PBXResourcesBuildPhase section */

/* Begin PBXSourcesBuildPhase section */
		B726E95B24B7A52200668730 /* Sources */ = {
			isa = PBXSourcesBuildPhase;
			buildActionMask = 2147483647;
			files = (
				B726E99D24B7A78C00668730 /* String+Timepiece.swift in Sources */,
				B726E99C24B7A78C00668730 /* Int+Timepiece.swift in Sources */,
				B726E9A024B7A80500668730 /* TodoItem.swift in Sources */,
				B726E9A224B7AAE400668730 /* Home.swift in Sources */,
				B726E96324B7A52200668730 /* AppDelegate.swift in Sources */,
				B726E99A24B7A78C00668730 /* Date.swift in Sources */,
				B726E99924B7A78C00668730 /* Date+Timepiece.swift in Sources */,
				B726E99E24B7A78C00668730 /* SATextField.swift in Sources */,
				B726E96524B7A52200668730 /* SceneDelegate.swift in Sources */,
				B726E96724B7A52200668730 /* ContentView.swift in Sources */,
				B726E99B24B7A78C00668730 /* DateComponents+Timepiece.swift in Sources */,
			);
			runOnlyForDeploymentPostprocessing = 0;
		};
		B726E97124B7A52500668730 /* Sources */ = {
			isa = PBXSourcesBuildPhase;
			buildActionMask = 2147483647;
			files = (
				B726E97A24B7A52500668730 /* ToDoListTests.swift in Sources */,
			);
			runOnlyForDeploymentPostprocessing = 0;
		};
		B726E97C24B7A52500668730 /* Sources */ = {
			isa = PBXSourcesBuildPhase;
			buildActionMask = 2147483647;
			files = (
				B726E98524B7A52500668730 /* ToDoListUITests.swift in Sources */,
			);
			runOnlyForDeploymentPostprocessing = 0;
		};
/* End PBXSourcesBuildPhase section */

/* Begin PBXTargetDependency section */
		B726E97724B7A52500668730 /* PBXTargetDependency */ = {
			isa = PBXTargetDependency;
			target = B726E95E24B7A52200668730 /* ToDoList */;
			targetProxy = B726E97624B7A52500668730 /* PBXContainerItemProxy */;
		};
		B726E98224B7A52500668730 /* PBXTargetDependency */ = {
			isa = PBXTargetDependency;
			target = B726E95E24B7A52200668730 /* ToDoList */;
			targetProxy = B726E98124B7A52500668730 /* PBXContainerItemProxy */;
		};
/* End PBXTargetDependency section */

/* Begin PBXVariantGroup section */
		B726E96D24B7A52500668730 /* LaunchScreen.storyboard */ = {
			isa = PBXVariantGroup;
			children = (
				B726E96E24B7A52500668730 /* Base */,
			);
			name = LaunchScreen.storyboard;
			sourceTree = "<group>";
		};
/* End PBXVariantGroup section */

/* Begin XCBuildConfiguration section */
		B726E98724B7A52500668730 /* Debug */ = {
			isa = XCBuildConfiguration;
			buildSettings = {
				ALWAYS_SEARCH_USER_PATHS = NO;
				CLANG_ANALYZER_NONNULL = YES;
				CLANG_ANALYZER_NUMBER_OBJECT_CONVERSION = YES_AGGRESSIVE;
				CLANG_CXX_LANGUAGE_STANDARD = "gnu++14";
				CLANG_CXX_LIBRARY = "libc++";
				CLANG_ENABLE_MODULES = YES;
				CLANG_ENABLE_OBJC_ARC = YES;
				CLANG_ENABLE_OBJC_WEAK = YES;
				CLANG_WARN_BLOCK_CAPTURE_AUTORELEASING = YES;
				CLANG_WARN_BOOL_CONVERSION = YES;
				CLANG_WARN_COMMA = YES;
				CLANG_WARN_CONSTANT_CONVERSION = YES;
				CLANG_WARN_DEPRECATED_OBJC_IMPLEMENTATIONS = YES;
				CLANG_WARN_DIRECT_OBJC_ISA_USAGE = YES_ERROR;
				CLANG_WARN_DOCUMENTATION_COMMENTS = YES;
				CLANG_WARN_EMPTY_BODY = YES;
				CLANG_WARN_ENUM_CONVERSION = YES;
				CLANG_WARN_INFINITE_RECURSION = YES;
				CLANG_WARN_INT_CONVERSION = YES;
				CLANG_WARN_NON_LITERAL_NULL_CONVERSION = YES;
				CLANG_WARN_OBJC_IMPLICIT_RETAIN_SELF = YES;
				CLANG_WARN_OBJC_LITERAL_CONVERSION = YES;
				CLANG_WARN_OBJC_ROOT_CLASS = YES_ERROR;
				CLANG_WARN_QUOTED_INCLUDE_IN_FRAMEWORK_HEADER = YES;
				CLANG_WARN_RANGE_LOOP_ANALYSIS = YES;
				CLANG_WARN_STRICT_PROTOTYPES = YES;
				CLANG_WARN_SUSPICIOUS_MOVE = YES;
				CLANG_WARN_UNGUARDED_AVAILABILITY = YES_AGGRESSIVE;
				CLANG_WARN_UNREACHABLE_CODE = YES;
				CLANG_WARN__DUPLICATE_METHOD_MATCH = YES;
				COPY_PHASE_STRIP = NO;
				DEBUG_INFORMATION_FORMAT = dwarf;
				ENABLE_STRICT_OBJC_MSGSEND = YES;
				ENABLE_TESTABILITY = YES;
				GCC_C_LANGUAGE_STANDARD = gnu11;
				GCC_DYNAMIC_NO_PIC = NO;
				GCC_NO_COMMON_BLOCKS = YES;
				GCC_OPTIMIZATION_LEVEL = 0;
				GCC_PREPROCESSOR_DEFINITIONS = (
					"DEBUG=1",
					"$(inherited)",
				);
				GCC_WARN_64_TO_32_BIT_CONVERSION = YES;
				GCC_WARN_ABOUT_RETURN_TYPE = YES_ERROR;
				GCC_WARN_UNDECLARED_SELECTOR = YES;
				GCC_WARN_UNINITIALIZED_AUTOS = YES_AGGRESSIVE;
				GCC_WARN_UNUSED_FUNCTION = YES;
				GCC_WARN_UNUSED_VARIABLE = YES;
				IPHONEOS_DEPLOYMENT_TARGET = 14.0;
				MTL_ENABLE_DEBUG_INFO = INCLUDE_SOURCE;
				MTL_FAST_MATH = YES;
				ONLY_ACTIVE_ARCH = YES;
				SDKROOT = iphoneos;
				SWIFT_ACTIVE_COMPILATION_CONDITIONS = DEBUG;
				SWIFT_OPTIMIZATION_LEVEL = "-Onone";
			};
			name = Debug;
		};
		B726E98824B7A52500668730 /* Release */ = {
			isa = XCBuildConfiguration;
			buildSettings = {
				ALWAYS_SEARCH_USER_PATHS = NO;
				CLANG_ANALYZER_NONNULL = YES;
				CLANG_ANALYZER_NUMBER_OBJECT_CONVERSION = YES_AGGRESSIVE;
				CLANG_CXX_LANGUAGE_STANDARD = "gnu++14";
				CLANG_CXX_LIBRARY = "libc++";
				CLANG_ENABLE_MODULES = YES;
				CLANG_ENABLE_OBJC_ARC = YES;
				CLANG_ENABLE_OBJC_WEAK = YES;
				CLANG_WARN_BLOCK_CAPTURE_AUTORELEASING = YES;
				CLANG_WARN_BOOL_CONVERSION = YES;
				CLANG_WARN_COMMA = YES;
				CLANG_WARN_CONSTANT_CONVERSION = YES;
				CLANG_WARN_DEPRECATED_OBJC_IMPLEMENTATIONS = YES;
				CLANG_WARN_DIRECT_OBJC_ISA_USAGE = YES_ERROR;
				CLANG_WARN_DOCUMENTATION_COMMENTS = YES;
				CLANG_WARN_EMPTY_BODY = YES;
				CLANG_WARN_ENUM_CONVERSION = YES;
				CLANG_WARN_INFINITE_RECURSION = YES;
				CLANG_WARN_INT_CONVERSION = YES;
				CLANG_WARN_NON_LITERAL_NULL_CONVERSION = YES;
				CLANG_WARN_OBJC_IMPLICIT_RETAIN_SELF = YES;
				CLANG_WARN_OBJC_LITERAL_CONVERSION = YES;
				CLANG_WARN_OBJC_ROOT_CLASS = YES_ERROR;
				CLANG_WARN_QUOTED_INCLUDE_IN_FRAMEWORK_HEADER = YES;
				CLANG_WARN_RANGE_LOOP_ANALYSIS = YES;
				CLANG_WARN_STRICT_PROTOTYPES = YES;
				CLANG_WARN_SUSPICIOUS_MOVE = YES;
				CLANG_WARN_UNGUARDED_AVAILABILITY = YES_AGGRESSIVE;
				CLANG_WARN_UNREACHABLE_CODE = YES;
				CLANG_WARN__DUPLICATE_METHOD_MATCH = YES;
				COPY_PHASE_STRIP = NO;
				DEBUG_INFORMATION_FORMAT = "dwarf-with-dsym";
				ENABLE_NS_ASSERTIONS = NO;
				ENABLE_STRICT_OBJC_MSGSEND = YES;
				GCC_C_LANGUAGE_STANDARD = gnu11;
				GCC_NO_COMMON_BLOCKS = YES;
				GCC_WARN_64_TO_32_BIT_CONVERSION = YES;
				GCC_WARN_ABOUT_RETURN_TYPE = YES_ERROR;
				GCC_WARN_UNDECLARED_SELECTOR = YES;
				GCC_WARN_UNINITIALIZED_AUTOS = YES_AGGRESSIVE;
				GCC_WARN_UNUSED_FUNCTION = YES;
				GCC_WARN_UNUSED_VARIABLE = YES;
				IPHONEOS_DEPLOYMENT_TARGET = 14.0;
				MTL_ENABLE_DEBUG_INFO = NO;
				MTL_FAST_MATH = YES;
				SDKROOT = iphoneos;
				SWIFT_COMPILATION_MODE = wholemodule;
				SWIFT_OPTIMIZATION_LEVEL = "-O";
				VALIDATE_PRODUCT = YES;
			};
			name = Release;
		};
		B726E98A24B7A52500668730 /* Debug */ = {
			isa = XCBuildConfiguration;
			buildSettings = {
				ASSETCATALOG_COMPILER_APPICON_NAME = AppIcon;
				ASSETCATALOG_COMPILER_GLOBAL_ACCENT_COLOR_NAME = AccentColor;
				CODE_SIGN_STYLE = Automatic;
				DEVELOPMENT_ASSET_PATHS = "\"ToDoList/Preview Content\"";
				ENABLE_PREVIEWS = YES;
				INFOPLIST_FILE = ToDoList/Info.plist;
				LD_RUNPATH_SEARCH_PATHS = (
					"$(inherited)",
					"@executable_path/Frameworks",
				);
				PRODUCT_BUNDLE_IDENTIFIER = com.smartech.ToDoList;
				PRODUCT_NAME = "$(TARGET_NAME)";
				SWIFT_VERSION = 5.0;
				TARGETED_DEVICE_FAMILY = "1,2";
			};
			name = Debug;
		};
		B726E98B24B7A52500668730 /* Release */ = {
			isa = XCBuildConfiguration;
			buildSettings = {
				ASSETCATALOG_COMPILER_APPICON_NAME = AppIcon;
				ASSETCATALOG_COMPILER_GLOBAL_ACCENT_COLOR_NAME = AccentColor;
				CODE_SIGN_STYLE = Automatic;
				DEVELOPMENT_ASSET_PATHS = "\"ToDoList/Preview Content\"";
				ENABLE_PREVIEWS = YES;
				INFOPLIST_FILE = ToDoList/Info.plist;
				LD_RUNPATH_SEARCH_PATHS = (
					"$(inherited)",
					"@executable_path/Frameworks",
				);
				PRODUCT_BUNDLE_IDENTIFIER = com.smartech.ToDoList;
				PRODUCT_NAME = "$(TARGET_NAME)";
				SWIFT_VERSION = 5.0;
				TARGETED_DEVICE_FAMILY = "1,2";
			};
			name = Release;
		};
		B726E98D24B7A52500668730 /* Debug */ = {
			isa = XCBuildConfiguration;
			buildSettings = {
				ALWAYS_EMBED_SWIFT_STANDARD_LIBRARIES = YES;
				BUNDLE_LOADER = "$(TEST_HOST)";
				CODE_SIGN_STYLE = Automatic;
				INFOPLIST_FILE = ToDoListTests/Info.plist;
				IPHONEOS_DEPLOYMENT_TARGET = 14.0;
				LD_RUNPATH_SEARCH_PATHS = (
					"$(inherited)",
					"@executable_path/Frameworks",
					"@loader_path/Frameworks",
				);
				PRODUCT_BUNDLE_IDENTIFIER = com.smartech.ToDoListTests;
				PRODUCT_NAME = "$(TARGET_NAME)";
				SWIFT_VERSION = 5.0;
				TARGETED_DEVICE_FAMILY = "1,2";
				TEST_HOST = "$(BUILT_PRODUCTS_DIR)/ToDoList.app/ToDoList";
			};
			name = Debug;
		};
		B726E98E24B7A52500668730 /* Release */ = {
			isa = XCBuildConfiguration;
			buildSettings = {
				ALWAYS_EMBED_SWIFT_STANDARD_LIBRARIES = YES;
				BUNDLE_LOADER = "$(TEST_HOST)";
				CODE_SIGN_STYLE = Automatic;
				INFOPLIST_FILE = ToDoListTests/Info.plist;
				IPHONEOS_DEPLOYMENT_TARGET = 14.0;
				LD_RUNPATH_SEARCH_PATHS = (
					"$(inherited)",
					"@executable_path/Frameworks",
					"@loader_path/Frameworks",
				);
				PRODUCT_BUNDLE_IDENTIFIER = com.smartech.ToDoListTests;
				PRODUCT_NAME = "$(TARGET_NAME)";
				SWIFT_VERSION = 5.0;
				TARGETED_DEVICE_FAMILY = "1,2";
				TEST_HOST = "$(BUILT_PRODUCTS_DIR)/ToDoList.app/ToDoList";
			};
			name = Release;
		};
		B726E99024B7A52500668730 /* Debug */ = {
			isa = XCBuildConfiguration;
			buildSettings = {
				ALWAYS_EMBED_SWIFT_STANDARD_LIBRARIES = YES;
				CODE_SIGN_STYLE = Automatic;
				INFOPLIST_FILE = ToDoListUITests/Info.plist;
				LD_RUNPATH_SEARCH_PATHS = (
					"$(inherited)",
					"@executable_path/Frameworks",
					"@loader_path/Frameworks",
				);
				PRODUCT_BUNDLE_IDENTIFIER = com.smartech.ToDoListUITests;
				PRODUCT_NAME = "$(TARGET_NAME)";
				SWIFT_VERSION = 5.0;
				TARGETED_DEVICE_FAMILY = "1,2";
				TEST_TARGET_NAME = ToDoList;
			};
			name = Debug;
		};
		B726E99124B7A52500668730 /* Release */ = {
			isa = XCBuildConfiguration;
			buildSettings = {
				ALWAYS_EMBED_SWIFT_STANDARD_LIBRARIES = YES;
				CODE_SIGN_STYLE = Automatic;
				INFOPLIST_FILE = ToDoListUITests/Info.plist;
				LD_RUNPATH_SEARCH_PATHS = (
					"$(inherited)",
					"@executable_path/Frameworks",
					"@loader_path/Frameworks",
				);
				PRODUCT_BUNDLE_IDENTIFIER = com.smartech.ToDoListUITests;
				PRODUCT_NAME = "$(TARGET_NAME)";
				SWIFT_VERSION = 5.0;
				TARGETED_DEVICE_FAMILY = "1,2";
				TEST_TARGET_NAME = ToDoList;
			};
			name = Release;
		};
/* End XCBuildConfiguration section */

/* Begin XCConfigurationList section */
		B726E95A24B7A52200668730 /* Build configuration list for PBXProject "ToDoList" */ = {
			isa = XCConfigurationList;
			buildConfigurations = (
				B726E98724B7A52500668730 /* Debug */,
				B726E98824B7A52500668730 /* Release */,
			);
			defaultConfigurationIsVisible = 0;
			defaultConfigurationName = Release;
		};
		B726E98924B7A52500668730 /* Build configuration list for PBXNativeTarget "ToDoList" */ = {
			isa = XCConfigurationList;
			buildConfigurations = (
				B726E98A24B7A52500668730 /* Debug */,
				B726E98B24B7A52500668730 /* Release */,
			);
			defaultConfigurationIsVisible = 0;
			defaultConfigurationName = Release;
		};
		B726E98C24B7A52500668730 /* Build configuration list for PBXNativeTarget "ToDoListTests" */ = {
			isa = XCConfigurationList;
			buildConfigurations = (
				B726E98D24B7A52500668730 /* Debug */,
				B726E98E24B7A52500668730 /* Release */,
			);
			defaultConfigurationIsVisible = 0;
			defaultConfigurationName = Release;
		};
		B726E98F24B7A52500668730 /* Build configuration list for PBXNativeTarget "ToDoListUITests" */ = {
			isa = XCConfigurationList;
			buildConfigurations = (
				B726E99024B7A52500668730 /* Debug */,
				B726E99124B7A52500668730 /* Release */,
			);
			defaultConfigurationIsVisible = 0;
			defaultConfigurationName = Release;
		};
/* End XCConfigurationList section */
	};
	rootObject = B726E95724B7A52200668730 /* Project object */;
}
