// !$*UTF8*$!
{
	archiveVersion = 1;
	classes = {
	};
	objectVersion = 50;
	objects = {

/* Begin PBXBuildFile section */
		B7B74862239F828C00C908B8 /* AppDelegate.swift in Sources */ = {isa = PBXBuildFile; fileRef = B7B74861239F828C00C908B8 /* AppDelegate.swift */; };
		B7B74864239F828C00C908B8 /* SceneDelegate.swift in Sources */ = {isa = PBXBuildFile; fileRef = B7B74863239F828C00C908B8 /* SceneDelegate.swift */; };
		B7B74866239F828C00C908B8 /* ContentView.swift in Sources */ = {isa = PBXBuildFile; fileRef = B7B74865239F828C00C908B8 /* ContentView.swift */; };
		B7B74868239F828D00C908B8 /* Assets.xcassets in Resources */ = {isa = PBXBuildFile; fileRef = B7B74867239F828D00C908B8 /* Assets.xcassets */; };
		B7B7486B239F828D00C908B8 /* Preview Assets.xcassets in Resources */ = {isa = PBXBuildFile; fileRef = B7B7486A239F828D00C908B8 /* Preview Assets.xcassets */; };
		B7B7486E239F828D00C908B8 /* LaunchScreen.storyboard in Resources */ = {isa = PBXBuildFile; fileRef = B7B7486C239F828D00C908B8 /* LaunchScreen.storyboard */; };
		B7B74879239F828D00C908B8 /* L001_ListTests.swift in Sources */ = {isa = PBXBuildFile; fileRef = B7B74878239F828D00C908B8 /* L001_ListTests.swift */; };
		B7B74884239F828E00C908B8 /* L001_ListUITests.swift in Sources */ = {isa = PBXBuildFile; fileRef = B7B74883239F828E00C908B8 /* L001_ListUITests.swift */; };
		B7B74892239F832800C908B8 /* ListExampleView.swift in Sources */ = {isa = PBXBuildFile; fileRef = B7B74891239F832800C908B8 /* ListExampleView.swift */; };
		B7B74894239F835500C908B8 /* FormExampleView.swift in Sources */ = {isa = PBXBuildFile; fileRef = B7B74893239F835500C908B8 /* FormExampleView.swift */; };
/* End PBXBuildFile section */

/* Begin PBXContainerItemProxy section */
		B7B74875239F828D00C908B8 /* PBXContainerItemProxy */ = {
			isa = PBXContainerItemProxy;
			containerPortal = B7B74856239F828C00C908B8 /* Project object */;
			proxyType = 1;
			remoteGlobalIDString = B7B7485D239F828C00C908B8;
			remoteInfo = "L001-List";
		};
		B7B74880239F828E00C908B8 /* PBXContainerItemProxy */ = {
			isa = PBXContainerItemProxy;
			containerPortal = B7B74856239F828C00C908B8 /* Project object */;
			proxyType = 1;
			remoteGlobalIDString = B7B7485D239F828C00C908B8;
			remoteInfo = "L001-List";
		};
/* End PBXContainerItemProxy section */

/* Begin PBXFileReference section */
		B7B7485E239F828C00C908B8 /* L001-List.app */ = {isa = PBXFileReference; explicitFileType = wrapper.application; includeInIndex = 0; path = "L001-List.app"; sourceTree = BUILT_PRODUCTS_DIR; };
		B7B74861239F828C00C908B8 /* AppDelegate.swift */ = {isa = PBXFileReference; lastKnownFileType = sourcecode.swift; path = AppDelegate.swift; sourceTree = "<group>"; };
		B7B74863239F828C00C908B8 /* SceneDelegate.swift */ = {isa = PBXFileReference; lastKnownFileType = sourcecode.swift; path = SceneDelegate.swift; sourceTree = "<group>"; };
		B7B74865239F828C00C908B8 /* ContentView.swift */ = {isa = PBXFileReference; indentWidth = 2; lastKnownFileType = sourcecode.swift; path = ContentView.swift; sourceTree = "<group>"; tabWidth = 2; };
		B7B74867239F828D00C908B8 /* Assets.xcassets */ = {isa = PBXFileReference; lastKnownFileType = folder.assetcatalog; path = Assets.xcassets; sourceTree = "<group>"; };
		B7B7486A239F828D00C908B8 /* Preview Assets.xcassets */ = {isa = PBXFileReference; lastKnownFileType = folder.assetcatalog; path = "Preview Assets.xcassets"; sourceTree = "<group>"; };
		B7B7486D239F828D00C908B8 /* Base */ = {isa = PBXFileReference; lastKnownFileType = file.storyboard; name = Base; path = Base.lproj/LaunchScreen.storyboard; sourceTree = "<group>"; };
		B7B7486F239F828D00C908B8 /* Info.plist */ = {isa = PBXFileReference; lastKnownFileType = text.plist.xml; path = Info.plist; sourceTree = "<group>"; };
		B7B74874239F828D00C908B8 /* L001-ListTests.xctest */ = {isa = PBXFileReference; explicitFileType = wrapper.cfbundle; includeInIndex = 0; path = "L001-ListTests.xctest"; sourceTree = BUILT_PRODUCTS_DIR; };
		B7B74878239F828D00C908B8 /* L001_ListTests.swift */ = {isa = PBXFileReference; lastKnownFileType = sourcecode.swift; path = L001_ListTests.swift; sourceTree = "<group>"; };
		B7B7487A239F828E00C908B8 /* Info.plist */ = {isa = PBXFileReference; lastKnownFileType = text.plist.xml; path = Info.plist; sourceTree = "<group>"; };
		B7B7487F239F828E00C908B8 /* L001-ListUITests.xctest */ = {isa = PBXFileReference; explicitFileType = wrapper.cfbundle; includeInIndex = 0; path = "L001-ListUITests.xctest"; sourceTree = BUILT_PRODUCTS_DIR; };
		B7B74883239F828E00C908B8 /* L001_ListUITests.swift */ = {isa = PBXFileReference; lastKnownFileType = sourcecode.swift; path = L001_ListUITests.swift; sourceTree = "<group>"; };
		B7B74885239F828E00C908B8 /* Info.plist */ = {isa = PBXFileReference; lastKnownFileType = text.plist.xml; path = Info.plist; sourceTree = "<group>"; };
		B7B74891239F832800C908B8 /* ListExampleView.swift */ = {isa = PBXFileReference; indentWidth = 2; lastKnownFileType = sourcecode.swift; path = ListExampleView.swift; sourceTree = "<group>"; tabWidth = 2; };
		B7B74893239F835500C908B8 /* FormExampleView.swift */ = {isa = PBXFileReference; indentWidth = 2; lastKnownFileType = sourcecode.swift; path = FormExampleView.swift; sourceTree = "<group>"; tabWidth = 2; };
/* End PBXFileReference section */

/* Begin PBXFrameworksBuildPhase section */
		B7B7485B239F828C00C908B8 /* Frameworks */ = {
			isa = PBXFrameworksBuildPhase;
			buildActionMask = 2147483647;
			files = (
			);
			runOnlyForDeploymentPostprocessing = 0;
		};
		B7B74871239F828D00C908B8 /* Frameworks */ = {
			isa = PBXFrameworksBuildPhase;
			buildActionMask = 2147483647;
			files = (
			);
			runOnlyForDeploymentPostprocessing = 0;
		};
		B7B7487C239F828E00C908B8 /* Frameworks */ = {
			isa = PBXFrameworksBuildPhase;
			buildActionMask = 2147483647;
			files = (
			);
			runOnlyForDeploymentPostprocessing = 0;
		};
/* End PBXFrameworksBuildPhase section */

/* Begin PBXGroup section */
		B7B74855239F828C00C908B8 = {
			isa = PBXGroup;
			children = (
				B7B74860239F828C00C908B8 /* L001-List */,
				B7B74877239F828D00C908B8 /* L001-ListTests */,
				B7B74882239F828E00C908B8 /* L001-ListUITests */,
				B7B7485F239F828C00C908B8 /* Products */,
			);
			sourceTree = "<group>";
		};
		B7B7485F239F828C00C908B8 /* Products */ = {
			isa = PBXGroup;
			children = (
				B7B7485E239F828C00C908B8 /* L001-List.app */,
				B7B74874239F828D00C908B8 /* L001-ListTests.xctest */,
				B7B7487F239F828E00C908B8 /* L001-ListUITests.xctest */,
			);
			name = Products;
			sourceTree = "<group>";
		};
		B7B74860239F828C00C908B8 /* L001-List */ = {
			isa = PBXGroup;
			children = (
				B7B74861239F828C00C908B8 /* AppDelegate.swift */,
				B7B74863239F828C00C908B8 /* SceneDelegate.swift */,
				B7B74865239F828C00C908B8 /* ContentView.swift */,
				B7B74891239F832800C908B8 /* ListExampleView.swift */,
				B7B74893239F835500C908B8 /* FormExampleView.swift */,
				B7B74867239F828D00C908B8 /* Assets.xcassets */,
				B7B7486C239F828D00C908B8 /* LaunchScreen.storyboard */,
				B7B7486F239F828D00C908B8 /* Info.plist */,
				B7B74869239F828D00C908B8 /* Preview Content */,
			);
			path = "L001-List";
			sourceTree = "<group>";
		};
		B7B74869239F828D00C908B8 /* Preview Content */ = {
			isa = PBXGroup;
			children = (
				B7B7486A239F828D00C908B8 /* Preview Assets.xcassets */,
			);
			path = "Preview Content";
			sourceTree = "<group>";
		};
		B7B74877239F828D00C908B8 /* L001-ListTests */ = {
			isa = PBXGroup;
			children = (
				B7B74878239F828D00C908B8 /* L001_ListTests.swift */,
				B7B7487A239F828E00C908B8 /* Info.plist */,
			);
			path = "L001-ListTests";
			sourceTree = "<group>";
		};
		B7B74882239F828E00C908B8 /* L001-ListUITests */ = {
			isa = PBXGroup;
			children = (
				B7B74883239F828E00C908B8 /* L001_ListUITests.swift */,
				B7B74885239F828E00C908B8 /* Info.plist */,
			);
			path = "L001-ListUITests";
			sourceTree = "<group>";
		};
/* End PBXGroup section */

/* Begin PBXNativeTarget section */
		B7B7485D239F828C00C908B8 /* L001-List */ = {
			isa = PBXNativeTarget;
			buildConfigurationList = B7B74888239F828E00C908B8 /* Build configuration list for PBXNativeTarget "L001-List" */;
			buildPhases = (
				B7B7485A239F828C00C908B8 /* Sources */,
				B7B7485B239F828C00C908B8 /* Frameworks */,
				B7B7485C239F828C00C908B8 /* Resources */,
			);
			buildRules = (
			);
			dependencies = (
			);
			name = "L001-List";
			productName = "L001-List";
			productReference = B7B7485E239F828C00C908B8 /* L001-List.app */;
			productType = "com.apple.product-type.application";
		};
		B7B74873239F828D00C908B8 /* L001-ListTests */ = {
			isa = PBXNativeTarget;
			buildConfigurationList = B7B7488B239F828E00C908B8 /* Build configuration list for PBXNativeTarget "L001-ListTests" */;
			buildPhases = (
				B7B74870239F828D00C908B8 /* Sources */,
				B7B74871239F828D00C908B8 /* Frameworks */,
				B7B74872239F828D00C908B8 /* Resources */,
			);
			buildRules = (
			);
			dependencies = (
				B7B74876239F828D00C908B8 /* PBXTargetDependency */,
			);
			name = "L001-ListTests";
			productName = "L001-ListTests";
			productReference = B7B74874239F828D00C908B8 /* L001-ListTests.xctest */;
			productType = "com.apple.product-type.bundle.unit-test";
		};
		B7B7487E239F828E00C908B8 /* L001-ListUITests */ = {
			isa = PBXNativeTarget;
			buildConfigurationList = B7B7488E239F828E00C908B8 /* Build configuration list for PBXNativeTarget "L001-ListUITests" */;
			buildPhases = (
				B7B7487B239F828E00C908B8 /* Sources */,
				B7B7487C239F828E00C908B8 /* Frameworks */,
				B7B7487D239F828E00C908B8 /* Resources */,
			);
			buildRules = (
			);
			dependencies = (
				B7B74881239F828E00C908B8 /* PBXTargetDependency */,
			);
			name = "L001-ListUITests";
			productName = "L001-ListUITests";
			productReference = B7B7487F239F828E00C908B8 /* L001-ListUITests.xctest */;
			productType = "com.apple.product-type.bundle.ui-testing";
		};
/* End PBXNativeTarget section */

/* Begin PBXProject section */
		B7B74856239F828C00C908B8 /* Project object */ = {
			isa = PBXProject;
			attributes = {
				LastSwiftUpdateCheck = 1120;
				LastUpgradeCheck = 1120;
				ORGANIZATIONNAME = Smartech;
				TargetAttributes = {
					B7B7485D239F828C00C908B8 = {
						CreatedOnToolsVersion = 11.2.1;
					};
					B7B74873239F828D00C908B8 = {
						CreatedOnToolsVersion = 11.2.1;
						TestTargetID = B7B7485D239F828C00C908B8;
					};
					B7B7487E239F828E00C908B8 = {
						CreatedOnToolsVersion = 11.2.1;
						TestTargetID = B7B7485D239F828C00C908B8;
					};
				};
			};
			buildConfigurationList = B7B74859239F828C00C908B8 /* Build configuration list for PBXProject "L001-List" */;
			compatibilityVersion = "Xcode 9.3";
			developmentRegion = en;
			hasScannedForEncodings = 0;
			knownRegions = (
				en,
				Base,
			);
			mainGroup = B7B74855239F828C00C908B8;
			productRefGroup = B7B7485F239F828C00C908B8 /* Products */;
			projectDirPath = "";
			projectRoot = "";
			targets = (
				B7B7485D239F828C00C908B8 /* L001-List */,
				B7B74873239F828D00C908B8 /* L001-ListTests */,
				B7B7487E239F828E00C908B8 /* L001-ListUITests */,
			);
		};
/* End PBXProject section */

/* Begin PBXResourcesBuildPhase section */
		B7B7485C239F828C00C908B8 /* Resources */ = {
			isa = PBXResourcesBuildPhase;
			buildActionMask = 2147483647;
			files = (
				B7B7486E239F828D00C908B8 /* LaunchScreen.storyboard in Resources */,
				B7B7486B239F828D00C908B8 /* Preview Assets.xcassets in Resources */,
				B7B74868239F828D00C908B8 /* Assets.xcassets in Resources */,
			);
			runOnlyForDeploymentPostprocessing = 0;
		};
		B7B74872239F828D00C908B8 /* Resources */ = {
			isa = PBXResourcesBuildPhase;
			buildActionMask = 2147483647;
			files = (
			);
			runOnlyForDeploymentPostprocessing = 0;
		};
		B7B7487D239F828E00C908B8 /* Resources */ = {
			isa = PBXResourcesBuildPhase;
			buildActionMask = 2147483647;
			files = (
			);
			runOnlyForDeploymentPostprocessing = 0;
		};
/* End PBXResourcesBuildPhase section */

/* Begin PBXSourcesBuildPhase section */
		B7B7485A239F828C00C908B8 /* Sources */ = {
			isa = PBXSourcesBuildPhase;
			buildActionMask = 2147483647;
			files = (
				B7B74862239F828C00C908B8 /* AppDelegate.swift in Sources */,
				B7B74864239F828C00C908B8 /* SceneDelegate.swift in Sources */,
				B7B74866239F828C00C908B8 /* ContentView.swift in Sources */,
				B7B74894239F835500C908B8 /* FormExampleView.swift in Sources */,
				B7B74892239F832800C908B8 /* ListExampleView.swift in Sources */,
			);
			runOnlyForDeploymentPostprocessing = 0;
		};
		B7B74870239F828D00C908B8 /* Sources */ = {
			isa = PBXSourcesBuildPhase;
			buildActionMask = 2147483647;
			files = (
				B7B74879239F828D00C908B8 /* L001_ListTests.swift in Sources */,
			);
			runOnlyForDeploymentPostprocessing = 0;
		};
		B7B7487B239F828E00C908B8 /* Sources */ = {
			isa = PBXSourcesBuildPhase;
			buildActionMask = 2147483647;
			files = (
				B7B74884239F828E00C908B8 /* L001_ListUITests.swift in Sources */,
			);
			runOnlyForDeploymentPostprocessing = 0;
		};
/* End PBXSourcesBuildPhase section */

/* Begin PBXTargetDependency section */
		B7B74876239F828D00C908B8 /* PBXTargetDependency */ = {
			isa = PBXTargetDependency;
			target = B7B7485D239F828C00C908B8 /* L001-List */;
			targetProxy = B7B74875239F828D00C908B8 /* PBXContainerItemProxy */;
		};
		B7B74881239F828E00C908B8 /* PBXTargetDependency */ = {
			isa = PBXTargetDependency;
			target = B7B7485D239F828C00C908B8 /* L001-List */;
			targetProxy = B7B74880239F828E00C908B8 /* PBXContainerItemProxy */;
		};
/* End PBXTargetDependency section */

/* Begin PBXVariantGroup section */
		B7B7486C239F828D00C908B8 /* LaunchScreen.storyboard */ = {
			isa = PBXVariantGroup;
			children = (
				B7B7486D239F828D00C908B8 /* Base */,
			);
			name = LaunchScreen.storyboard;
			sourceTree = "<group>";
		};
/* End PBXVariantGroup section */

/* Begin XCBuildConfiguration section */
		B7B74886239F828E00C908B8 /* Debug */ = {
			isa = XCBuildConfiguration;
			buildSettings = {
				ALWAYS_SEARCH_USER_PATHS = NO;
				CLANG_ANALYZER_NONNULL = YES;
				CLANG_ANALYZER_NUMBER_OBJECT_CONVERSION = YES_AGGRESSIVE;
				CLANG_CXX_LANGUAGE_STANDARD = "gnu++14";
				CLANG_CXX_LIBRARY = "libc++";
				CLANG_ENABLE_MODULES = YES;
				CLANG_ENABLE_OBJC_ARC = YES;
				CLANG_ENABLE_OBJC_WEAK = YES;
				CLANG_WARN_BLOCK_CAPTURE_AUTORELEASING = YES;
				CLANG_WARN_BOOL_CONVERSION = YES;
				CLANG_WARN_COMMA = YES;
				CLANG_WARN_CONSTANT_CONVERSION = YES;
				CLANG_WARN_DEPRECATED_OBJC_IMPLEMENTATIONS = YES;
				CLANG_WARN_DIRECT_OBJC_ISA_USAGE = YES_ERROR;
				CLANG_WARN_DOCUMENTATION_COMMENTS = YES;
				CLANG_WARN_EMPTY_BODY = YES;
				CLANG_WARN_ENUM_CONVERSION = YES;
				CLANG_WARN_INFINITE_RECURSION = YES;
				CLANG_WARN_INT_CONVERSION = YES;
				CLANG_WARN_NON_LITERAL_NULL_CONVERSION = YES;
				CLANG_WARN_OBJC_IMPLICIT_RETAIN_SELF = YES;
				CLANG_WARN_OBJC_LITERAL_CONVERSION = YES;
				CLANG_WARN_OBJC_ROOT_CLASS = YES_ERROR;
				CLANG_WARN_RANGE_LOOP_ANALYSIS = YES;
				CLANG_WARN_STRICT_PROTOTYPES = YES;
				CLANG_WARN_SUSPICIOUS_MOVE = YES;
				CLANG_WARN_UNGUARDED_AVAILABILITY = YES_AGGRESSIVE;
				CLANG_WARN_UNREACHABLE_CODE = YES;
				CLANG_WARN__DUPLICATE_METHOD_MATCH = YES;
				COPY_PHASE_STRIP = NO;
				DEBUG_INFORMATION_FORMAT = dwarf;
				ENABLE_STRICT_OBJC_MSGSEND = YES;
				ENABLE_TESTABILITY = YES;
				GCC_C_LANGUAGE_STANDARD = gnu11;
				GCC_DYNAMIC_NO_PIC = NO;
				GCC_NO_COMMON_BLOCKS = YES;
				GCC_OPTIMIZATION_LEVEL = 0;
				GCC_PREPROCESSOR_DEFINITIONS = (
					"DEBUG=1",
					"$(inherited)",
				);
				GCC_WARN_64_TO_32_BIT_CONVERSION = YES;
				GCC_WARN_ABOUT_RETURN_TYPE = YES_ERROR;
				GCC_WARN_UNDECLARED_SELECTOR = YES;
				GCC_WARN_UNINITIALIZED_AUTOS = YES_AGGRESSIVE;
				GCC_WARN_UNUSED_FUNCTION = YES;
				GCC_WARN_UNUSED_VARIABLE = YES;
				IPHONEOS_DEPLOYMENT_TARGET = 13.2;
				MTL_ENABLE_DEBUG_INFO = INCLUDE_SOURCE;
				MTL_FAST_MATH = YES;
				ONLY_ACTIVE_ARCH = YES;
				SDKROOT = iphoneos;
				SWIFT_ACTIVE_COMPILATION_CONDITIONS = DEBUG;
				SWIFT_OPTIMIZATION_LEVEL = "-Onone";
			};
			name = Debug;
		};
		B7B74887239F828E00C908B8 /* Release */ = {
			isa = XCBuildConfiguration;
			buildSettings = {
				ALWAYS_SEARCH_USER_PATHS = NO;
				CLANG_ANALYZER_NONNULL = YES;
				CLANG_ANALYZER_NUMBER_OBJECT_CONVERSION = YES_AGGRESSIVE;
				CLANG_CXX_LANGUAGE_STANDARD = "gnu++14";
				CLANG_CXX_LIBRARY = "libc++";
				CLANG_ENABLE_MODULES = YES;
				CLANG_ENABLE_OBJC_ARC = YES;
				CLANG_ENABLE_OBJC_WEAK = YES;
				CLANG_WARN_BLOCK_CAPTURE_AUTORELEASING = YES;
				CLANG_WARN_BOOL_CONVERSION = YES;
				CLANG_WARN_COMMA = YES;
				CLANG_WARN_CONSTANT_CONVERSION = YES;
				CLANG_WARN_DEPRECATED_OBJC_IMPLEMENTATIONS = YES;
				CLANG_WARN_DIRECT_OBJC_ISA_USAGE = YES_ERROR;
				CLANG_WARN_DOCUMENTATION_COMMENTS = YES;
				CLANG_WARN_EMPTY_BODY = YES;
				CLANG_WARN_ENUM_CONVERSION = YES;
				CLANG_WARN_INFINITE_RECURSION = YES;
				CLANG_WARN_INT_CONVERSION = YES;
				CLANG_WARN_NON_LITERAL_NULL_CONVERSION = YES;
				CLANG_WARN_OBJC_IMPLICIT_RETAIN_SELF = YES;
				CLANG_WARN_OBJC_LITERAL_CONVERSION = YES;
				CLANG_WARN_OBJC_ROOT_CLASS = YES_ERROR;
				CLANG_WARN_RANGE_LOOP_ANALYSIS = YES;
				CLANG_WARN_STRICT_PROTOTYPES = YES;
				CLANG_WARN_SUSPICIOUS_MOVE = YES;
				CLANG_WARN_UNGUARDED_AVAILABILITY = YES_AGGRESSIVE;
				CLANG_WARN_UNREACHABLE_CODE = YES;
				CLANG_WARN__DUPLICATE_METHOD_MATCH = YES;
				COPY_PHASE_STRIP = NO;
				DEBUG_INFORMATION_FORMAT = "dwarf-with-dsym";
				ENABLE_NS_ASSERTIONS = NO;
				ENABLE_STRICT_OBJC_MSGSEND = YES;
				GCC_C_LANGUAGE_STANDARD = gnu11;
				GCC_NO_COMMON_BLOCKS = YES;
				GCC_WARN_64_TO_32_BIT_CONVERSION = YES;
				GCC_WARN_ABOUT_RETURN_TYPE = YES_ERROR;
				GCC_WARN_UNDECLARED_SELECTOR = YES;
				GCC_WARN_UNINITIALIZED_AUTOS = YES_AGGRESSIVE;
				GCC_WARN_UNUSED_FUNCTION = YES;
				GCC_WARN_UNUSED_VARIABLE = YES;
				IPHONEOS_DEPLOYMENT_TARGET = 13.2;
				MTL_ENABLE_DEBUG_INFO = NO;
				MTL_FAST_MATH = YES;
				SDKROOT = iphoneos;
				SWIFT_COMPILATION_MODE = wholemodule;
				SWIFT_OPTIMIZATION_LEVEL = "-O";
				VALIDATE_PRODUCT = YES;
			};
			name = Release;
		};
		B7B74889239F828E00C908B8 /* Debug */ = {
			isa = XCBuildConfiguration;
			buildSettings = {
				ASSETCATALOG_COMPILER_APPICON_NAME = AppIcon;
				CODE_SIGN_STYLE = Automatic;
				DEVELOPMENT_ASSET_PATHS = "\"L001-List/Preview Content\"";
				ENABLE_PREVIEWS = YES;
				INFOPLIST_FILE = "L001-List/Info.plist";
				LD_RUNPATH_SEARCH_PATHS = (
					"$(inherited)",
					"@executable_path/Frameworks",
				);
				PRODUCT_BUNDLE_IDENTIFIER = "com.smartech.learn.swiftui.L001-List";
				PRODUCT_NAME = "$(TARGET_NAME)";
				SWIFT_VERSION = 5.0;
				TARGETED_DEVICE_FAMILY = "1,2";
			};
			name = Debug;
		};
		B7B7488A239F828E00C908B8 /* Release */ = {
			isa = XCBuildConfiguration;
			buildSettings = {
				ASSETCATALOG_COMPILER_APPICON_NAME = AppIcon;
				CODE_SIGN_STYLE = Automatic;
				DEVELOPMENT_ASSET_PATHS = "\"L001-List/Preview Content\"";
				ENABLE_PREVIEWS = YES;
				INFOPLIST_FILE = "L001-List/Info.plist";
				LD_RUNPATH_SEARCH_PATHS = (
					"$(inherited)",
					"@executable_path/Frameworks",
				);
				PRODUCT_BUNDLE_IDENTIFIER = "com.smartech.learn.swiftui.L001-List";
				PRODUCT_NAME = "$(TARGET_NAME)";
				SWIFT_VERSION = 5.0;
				TARGETED_DEVICE_FAMILY = "1,2";
			};
			name = Release;
		};
		B7B7488C239F828E00C908B8 /* Debug */ = {
			isa = XCBuildConfiguration;
			buildSettings = {
				ALWAYS_EMBED_SWIFT_STANDARD_LIBRARIES = YES;
				BUNDLE_LOADER = "$(TEST_HOST)";
				CODE_SIGN_STYLE = Automatic;
				INFOPLIST_FILE = "L001-ListTests/Info.plist";
				IPHONEOS_DEPLOYMENT_TARGET = 13.2;
				LD_RUNPATH_SEARCH_PATHS = (
					"$(inherited)",
					"@executable_path/Frameworks",
					"@loader_path/Frameworks",
				);
				PRODUCT_BUNDLE_IDENTIFIER = "com.smartech.learn.swiftui.L001-ListTests";
				PRODUCT_NAME = "$(TARGET_NAME)";
				SWIFT_VERSION = 5.0;
				TARGETED_DEVICE_FAMILY = "1,2";
				TEST_HOST = "$(BUILT_PRODUCTS_DIR)/L001-List.app/L001-List";
			};
			name = Debug;
		};
		B7B7488D239F828E00C908B8 /* Release */ = {
			isa = XCBuildConfiguration;
			buildSettings = {
				ALWAYS_EMBED_SWIFT_STANDARD_LIBRARIES = YES;
				BUNDLE_LOADER = "$(TEST_HOST)";
				CODE_SIGN_STYLE = Automatic;
				INFOPLIST_FILE = "L001-ListTests/Info.plist";
				IPHONEOS_DEPLOYMENT_TARGET = 13.2;
				LD_RUNPATH_SEARCH_PATHS = (
					"$(inherited)",
					"@executable_path/Frameworks",
					"@loader_path/Frameworks",
				);
				PRODUCT_BUNDLE_IDENTIFIER = "com.smartech.learn.swiftui.L001-ListTests";
				PRODUCT_NAME = "$(TARGET_NAME)";
				SWIFT_VERSION = 5.0;
				TARGETED_DEVICE_FAMILY = "1,2";
				TEST_HOST = "$(BUILT_PRODUCTS_DIR)/L001-List.app/L001-List";
			};
			name = Release;
		};
		B7B7488F239F828E00C908B8 /* Debug */ = {
			isa = XCBuildConfiguration;
			buildSettings = {
				ALWAYS_EMBED_SWIFT_STANDARD_LIBRARIES = YES;
				CODE_SIGN_STYLE = Automatic;
				INFOPLIST_FILE = "L001-ListUITests/Info.plist";
				LD_RUNPATH_SEARCH_PATHS = (
					"$(inherited)",
					"@executable_path/Frameworks",
					"@loader_path/Frameworks",
				);
				PRODUCT_BUNDLE_IDENTIFIER = "com.smartech.learn.swiftui.L001-ListUITests";
				PRODUCT_NAME = "$(TARGET_NAME)";
				SWIFT_VERSION = 5.0;
				TARGETED_DEVICE_FAMILY = "1,2";
				TEST_TARGET_NAME = "L001-List";
			};
			name = Debug;
		};
		B7B74890239F828E00C908B8 /* Release */ = {
			isa = XCBuildConfiguration;
			buildSettings = {
				ALWAYS_EMBED_SWIFT_STANDARD_LIBRARIES = YES;
				CODE_SIGN_STYLE = Automatic;
				INFOPLIST_FILE = "L001-ListUITests/Info.plist";
				LD_RUNPATH_SEARCH_PATHS = (
					"$(inherited)",
					"@executable_path/Frameworks",
					"@loader_path/Frameworks",
				);
				PRODUCT_BUNDLE_IDENTIFIER = "com.smartech.learn.swiftui.L001-ListUITests";
				PRODUCT_NAME = "$(TARGET_NAME)";
				SWIFT_VERSION = 5.0;
				TARGETED_DEVICE_FAMILY = "1,2";
				TEST_TARGET_NAME = "L001-List";
			};
			name = Release;
		};
/* End XCBuildConfiguration section */

/* Begin XCConfigurationList section */
		B7B74859239F828C00C908B8 /* Build configuration list for PBXProject "L001-List" */ = {
			isa = XCConfigurationList;
			buildConfigurations = (
				B7B74886239F828E00C908B8 /* Debug */,
				B7B74887239F828E00C908B8 /* Release */,
			);
			defaultConfigurationIsVisible = 0;
			defaultConfigurationName = Release;
		};
		B7B74888239F828E00C908B8 /* Build configuration list for PBXNativeTarget "L001-List" */ = {
			isa = XCConfigurationList;
			buildConfigurations = (
				B7B74889239F828E00C908B8 /* Debug */,
				B7B7488A239F828E00C908B8 /* Release */,
			);
			defaultConfigurationIsVisible = 0;
			defaultConfigurationName = Release;
		};
		B7B7488B239F828E00C908B8 /* Build configuration list for PBXNativeTarget "L001-ListTests" */ = {
			isa = XCConfigurationList;
			buildConfigurations = (
				B7B7488C239F828E00C908B8 /* Debug */,
				B7B7488D239F828E00C908B8 /* Release */,
			);
			defaultConfigurationIsVisible = 0;
			defaultConfigurationName = Release;
		};
		B7B7488E239F828E00C908B8 /* Build configuration list for PBXNativeTarget "L001-ListUITests" */ = {
			isa = XCConfigurationList;
			buildConfigurations = (
				B7B7488F239F828E00C908B8 /* Debug */,
				B7B74890239F828E00C908B8 /* Release */,
			);
			defaultConfigurationIsVisible = 0;
			defaultConfigurationName = Release;
		};
/* End XCConfigurationList section */
	};
	rootObject = B7B74856239F828C00C908B8 /* Project object */;
}
